{
  "object": {
    "pins": [
      {
        "package": "Alamofire",
        "repositoryURL": "https://github.com/Alamofire/Alamofire.git",
        "state": {
          "branch": null,
          "revision": "c244d3275ab5d88c3355c907acd9be687feccb50",
          "version": null
        }
      },
      {
        "package": "LexickonApi",
        "repositoryURL": "https://github.com/Sergey231/LexickonApi.git",
        "state": {
          "branch": null,
          "revision": "dba8170fc8c6f40fda2f4ae51e66a1fe96c561a2",
          "version": "0.7.5"
        }
      },
      {
        "package": "Lottie",
        "repositoryURL": "https://github.com/airbnb/lottie-ios.git",
        "state": {
          "branch": null,
          "revision": "79a0b70547f7c40ea54c67487f935fa2f2eaaadc",
          "version": "3.2.3"
        }
      },
      {
        "package": "Resolver",
        "repositoryURL": "https://github.com/hmlongco/Resolver.git",
        "state": {
          "branch": null,
          "revision": "e0bcbc721818328c192a1eb22c6a6ca48029e550",
          "version": "1.4.1"
        }
      },
      {
        "package": "RxDataSources",
        "repositoryURL": "https://github.com/RxSwiftCommunity/RxDataSources.git",
        "state": {
          "branch": null,
          "revision": "e4627ac4f5a8dc10719030561801825c443acfec",
          "version": "5.0.1"
        }
      },
      {
        "package": "RxFlow",
        "repositoryURL": "https://github.com/RxSwiftCommunity/RxFlow.git",
        "state": {
          "branch": null,
          "revision": "0a96fa20f3bace4010d22d84c6fb498cf86f0e96",
          "version": "2.12.1"
        }
      },
      {
        "package": "RxSwift",
        "repositoryURL": "https://github.com/ReactiveX/RxSwift",
        "state": {
          "branch": null,
          "revision": "7c17a6ccca06b5c107cfa4284e634562ddaf5951",
          "version": "6.2.0"
        }
      },
      {
        "package": "SnapKit",
        "repositoryURL": "https://github.com/SnapKit/SnapKit.git",
        "state": {
          "branch": null,
          "revision": "d458564516e5676af9c70b4f4b2a9178294f1bc6",
          "version": "5.0.1"
        }
      },
      {
        "package": "SwiftKeychainWrapper",
        "repositoryURL": "https://github.com/jrendel/SwiftKeychainWrapper.git",
        "state": {
          "branch": null,
          "revision": "185a3165346a03767101c4f62e9a545a0fe0530f",
          "version": "4.0.1"
        }
      },
      {
        "package": "Validator",
        "repositoryURL": "https://github.com/Sergey231/Validator.git",
        "state": {
          "branch": null,
          "revision": "0f683614328e887d71ac6c57222d1fc369cbd7aa",
          "version": "0.0.9"
        }
      }
    ]
  },
  "version": 1
}
