{
  "object": {
    "pins": [
      {
        "package": "Alamofire",
        "repositoryURL": "https://github.com/Alamofire/Alamofire.git",
        "state": {
          "branch": null,
          "revision": "c244d3275ab5d88c3355c907acd9be687feccb50",
          "version": null
        }
      },
      {
        "package": "LexickonApi",
        "repositoryURL": "https://github.com/Sergey231/LexickonApi.git",
        "state": {
          "branch": null,
          "revision": "852d4f667a9eb362c24c939633cfde49e44d75fe",
          "version": "0.7.0"
        }
      },
      {
        "package": "Lottie",
        "repositoryURL": "https://github.com/airbnb/lottie-ios.git",
        "state": {
          "branch": null,
          "revision": "180f56688839e7ff37dd7279e770e85125e7d16e",
          "version": "3.2.0"
        }
      },
      {
        "package": "Resolver",
        "repositoryURL": "https://github.com/hmlongco/Resolver.git",
        "state": {
          "branch": null,
          "revision": "2d15bf5b33b3c95704e84a5b2a43485606bdd5c4",
          "version": "1.4.0"
        }
      },
      {
        "package": "RxDataSources",
        "repositoryURL": "https://github.com/RxSwiftCommunity/RxDataSources.git",
        "state": {
          "branch": null,
          "revision": "241c62e7b578b2346c8b60efdf31b4eb2eab2966",
          "version": "5.0.0"
        }
      },
      {
        "package": "RxFlow",
        "repositoryURL": "https://github.com/RxSwiftCommunity/RxFlow.git",
        "state": {
          "branch": null,
          "revision": "b0883bcaa504b37d6b94bd13c4f2e9a90f7777fc",
          "version": "2.12.0"
        }
      },
      {
        "package": "RxSwift",
        "repositoryURL": "https://github.com/ReactiveX/RxSwift",
        "state": {
          "branch": null,
          "revision": "7e01c05f25c025143073eaa3be3532f9375c614b",
          "version": "6.1.0"
        }
      },
      {
        "package": "SnapKit",
        "repositoryURL": "https://github.com/SnapKit/SnapKit.git",
        "state": {
          "branch": null,
          "revision": "d458564516e5676af9c70b4f4b2a9178294f1bc6",
          "version": "5.0.1"
        }
      },
      {
        "package": "SwiftKeychainWrapper",
        "repositoryURL": "https://github.com/jrendel/SwiftKeychainWrapper.git",
        "state": {
          "branch": null,
          "revision": "185a3165346a03767101c4f62e9a545a0fe0530f",
          "version": "4.0.1"
        }
      },
      {
        "package": "Validator",
        "repositoryURL": "https://github.com/Sergey231/Validator.git",
        "state": {
          "branch": null,
          "revision": "0f683614328e887d71ac6c57222d1fc369cbd7aa",
          "version": "0.0.9"
        }
      }
    ]
  },
  "version": 1
}
