// !$*UTF8*$!
{
	archiveVersion = 1;
	classes = {
	};
	objectVersion = 52;
	objects = {

/* Begin PBXBuildFile section */
		EC0B20C62671E23600881DDD /* WordCordFlow.swift in Sources */ = {isa = PBXBuildFile; fileRef = EC0B20C52671E23600881DDD /* WordCordFlow.swift */; };
		EC0B20C92671E3FE00881DDD /* WordCardViewController.swift in Sources */ = {isa = PBXBuildFile; fileRef = EC0B20C82671E3FE00881DDD /* WordCardViewController.swift */; };
		EC0B20CB2671E55A00881DDD /* WordCardPresenter.swift in Sources */ = {isa = PBXBuildFile; fileRef = EC0B20CA2671E55A00881DDD /* WordCardPresenter.swift */; };
		EC0DBEC225F0B92500CBED4D /* NewWordFlow.swift in Sources */ = {isa = PBXBuildFile; fileRef = EC0DBE3825F0B92400CBED4D /* NewWordFlow.swift */; };
		EC0DBED625F0B92500CBED4D /* NewWordInteractorProtocol.swift in Sources */ = {isa = PBXBuildFile; fileRef = EC0DBE5C25F0B92400CBED4D /* NewWordInteractorProtocol.swift */; };
		EC0DBED725F0B92500CBED4D /* NewWordInteractor.swift in Sources */ = {isa = PBXBuildFile; fileRef = EC0DBE5D25F0B92400CBED4D /* NewWordInteractor.swift */; };
		EC0DBED825F0B92500CBED4D /* AddSearchWordPresenter.swift in Sources */ = {isa = PBXBuildFile; fileRef = EC0DBE6025F0B92400CBED4D /* AddSearchWordPresenter.swift */; };
		EC0DBED925F0B92500CBED4D /* AddSearchWordViewController.swift in Sources */ = {isa = PBXBuildFile; fileRef = EC0DBE6125F0B92400CBED4D /* AddSearchWordViewController.swift */; };
		EC0DBEFD25F0B92500CBED4D /* ProfileFlow.swift in Sources */ = {isa = PBXBuildFile; fileRef = EC0DBE9825F0B92400CBED4D /* ProfileFlow.swift */; };
		EC0DBEFE25F0B92500CBED4D /* ProfileInteractorProtocol.swift in Sources */ = {isa = PBXBuildFile; fileRef = EC0DBE9A25F0B92400CBED4D /* ProfileInteractorProtocol.swift */; };
		EC0DBEFF25F0B92500CBED4D /* ProfileInteractor.swift in Sources */ = {isa = PBXBuildFile; fileRef = EC0DBE9B25F0B92400CBED4D /* ProfileInteractor.swift */; };
		EC0DBF0025F0B92500CBED4D /* ProfileMainScreenViewController.swift in Sources */ = {isa = PBXBuildFile; fileRef = EC0DBE9E25F0B92400CBED4D /* ProfileMainScreenViewController.swift */; };
		EC0DBF0125F0B92500CBED4D /* ProfileMainScreenPresenter.swift in Sources */ = {isa = PBXBuildFile; fileRef = EC0DBE9F25F0B92400CBED4D /* ProfileMainScreenPresenter.swift */; };
		EC0DBF0225F0B92500CBED4D /* AuthorizationFlow.swift in Sources */ = {isa = PBXBuildFile; fileRef = EC0DBEA125F0B92400CBED4D /* AuthorizationFlow.swift */; };
		EC0DBF0725F0B92500CBED4D /* AuthorizationInteractor.swift in Sources */ = {isa = PBXBuildFile; fileRef = EC0DBEAA25F0B92400CBED4D /* AuthorizationInteractor.swift */; };
		EC0DBF0825F0B92500CBED4D /* AuthorizationInteractorProtocol.swift in Sources */ = {isa = PBXBuildFile; fileRef = EC0DBEAB25F0B92400CBED4D /* AuthorizationInteractorProtocol.swift */; };
		EC0DBF0925F0B92500CBED4D /* RegistrationPresenter.swift in Sources */ = {isa = PBXBuildFile; fileRef = EC0DBEAE25F0B92400CBED4D /* RegistrationPresenter.swift */; };
		EC0DBF0A25F0B92500CBED4D /* RegistrationViewController.swift in Sources */ = {isa = PBXBuildFile; fileRef = EC0DBEAF25F0B92400CBED4D /* RegistrationViewController.swift */; };
		EC0DBF0B25F0B92500CBED4D /* StartViewController.swift in Sources */ = {isa = PBXBuildFile; fileRef = EC0DBEB125F0B92400CBED4D /* StartViewController.swift */; };
		EC0DBF0C25F0B92500CBED4D /* StartPresenter.swift in Sources */ = {isa = PBXBuildFile; fileRef = EC0DBEB225F0B92400CBED4D /* StartPresenter.swift */; };
		EC0DBF0D25F0B92500CBED4D /* LoginViewController.swift in Sources */ = {isa = PBXBuildFile; fileRef = EC0DBEB425F0B92400CBED4D /* LoginViewController.swift */; };
		EC0DBF0E25F0B92500CBED4D /* LoginPresenter.swift in Sources */ = {isa = PBXBuildFile; fileRef = EC0DBEB525F0B92400CBED4D /* LoginPresenter.swift */; };
		EC0DBF0F25F0B92500CBED4D /* MainFlow.swift in Sources */ = {isa = PBXBuildFile; fileRef = EC0DBEB725F0B92400CBED4D /* MainFlow.swift */; };
		EC0DBF1125F0B92500CBED4D /* LexickonStateInteractor.swift in Sources */ = {isa = PBXBuildFile; fileRef = EC0DBEBC25F0B92400CBED4D /* LexickonStateInteractor.swift */; };
		EC0DBF1225F0B92500CBED4D /* LexickonStateInteractorProtocol.swift in Sources */ = {isa = PBXBuildFile; fileRef = EC0DBEBD25F0B92400CBED4D /* LexickonStateInteractorProtocol.swift */; };
		EC0DBF1325F0B92500CBED4D /* HomeViewController.swift in Sources */ = {isa = PBXBuildFile; fileRef = EC0DBEC025F0B92400CBED4D /* HomeViewController.swift */; };
		EC0DBF1425F0B92500CBED4D /* HomePresenter.swift in Sources */ = {isa = PBXBuildFile; fileRef = EC0DBEC125F0B92400CBED4D /* HomePresenter.swift */; };
		EC1F9E2323E3478B0044EF9D /* UIExtensions in Frameworks */ = {isa = PBXBuildFile; productRef = EC1F9E2223E3478B0044EF9D /* UIExtensions */; };
		EC31385B2535D4D4007FFCB0 /* RxExtensions in Frameworks */ = {isa = PBXBuildFile; productRef = EC31385A2535D4D4007FFCB0 /* RxExtensions */; };
		EC35C2AB22DB506500785B3A /* LaunchScreen.storyboard in Resources */ = {isa = PBXBuildFile; fileRef = EC35C2AA22DB506500785B3A /* LaunchScreen.storyboard */; };
		EC3750EA25B18E320090F95F /* AppIcon.xcassets in Resources */ = {isa = PBXBuildFile; fileRef = EC3750E925B18E320090F95F /* AppIcon.xcassets */; };
		EC3750F225B195030090F95F /* Assets in Frameworks */ = {isa = PBXBuildFile; productRef = EC3750F125B195030090F95F /* Assets */; };
		EC3C385A254FED4D008D1D3C /* RxDataSources in Frameworks */ = {isa = PBXBuildFile; productRef = EC3C3859254FED4D008D1D3C /* RxDataSources */; };
		EC3C385C254FED4D008D1D3C /* Differentiator in Frameworks */ = {isa = PBXBuildFile; productRef = EC3C385B254FED4D008D1D3C /* Differentiator */; };
		EC3F44532520BF26004706DC /* RxSwift in Frameworks */ = {isa = PBXBuildFile; productRef = EC3F44522520BF26004706DC /* RxSwift */; };
		EC3F44552520BF26004706DC /* RxRelay in Frameworks */ = {isa = PBXBuildFile; productRef = EC3F44542520BF26004706DC /* RxRelay */; };
		EC3F44572520BF26004706DC /* RxCocoa in Frameworks */ = {isa = PBXBuildFile; productRef = EC3F44562520BF26004706DC /* RxCocoa */; };
		EC3F44592520BF26004706DC /* RxBlocking in Frameworks */ = {isa = PBXBuildFile; productRef = EC3F44582520BF26004706DC /* RxBlocking */; };
		EC407EDF237C3B8400A3FD42 /* Validator in Frameworks */ = {isa = PBXBuildFile; productRef = EC407EDE237C3B8400A3FD42 /* Validator */; };
		EC443D3A26A2A6BA0004E854 /* LXUIKit in Frameworks */ = {isa = PBXBuildFile; productRef = EC443D3926A2A6BA0004E854 /* LXUIKit */; };
		EC4CB13022D2418800CB826E /* AppResolder.swift in Sources */ = {isa = PBXBuildFile; fileRef = EC4CB12F22D2418800CB826E /* AppResolder.swift */; };
		EC7B6FA425861A1500EB1D28 /* SnapKit in Frameworks */ = {isa = PBXBuildFile; productRef = EC7B6FA325861A1500EB1D28 /* SnapKit */; };
		EC8880A526AA7FDB00C2294F /* UserEntity.swift in Sources */ = {isa = PBXBuildFile; fileRef = EC8880A426AA7FDB00C2294F /* UserEntity.swift */; };
		ECA1695B25B038F100F2F19B /* KeychainRepository in Frameworks */ = {isa = PBXBuildFile; productRef = ECA1695A25B038F100F2F19B /* KeychainRepository */; };
		ECA61E3422D07798003DD5B1 /* SceneDelegate.swift in Sources */ = {isa = PBXBuildFile; fileRef = ECA61E3222D07798003DD5B1 /* SceneDelegate.swift */; };
		ECA61E3522D07798003DD5B1 /* AppDelegate.swift in Sources */ = {isa = PBXBuildFile; fileRef = ECA61E3322D07798003DD5B1 /* AppDelegate.swift */; };
		ECA97C6F22D0819B00918828 /* lexickon_iosTests.swift in Sources */ = {isa = PBXBuildFile; fileRef = ECA97C6C22D0814400918828 /* lexickon_iosTests.swift */; };
		ECAC1D61255A848D008B0ECC /* LexickonApi in Frameworks */ = {isa = PBXBuildFile; productRef = ECAC1D60255A848D008B0ECC /* LexickonApi */; };
		ECAF5063257E663300F021EA /* Utils in Frameworks */ = {isa = PBXBuildFile; productRef = ECAF5062257E663300F021EA /* Utils */; };
		ECB50D3B259075B9003B9A68 /* Resolver in Frameworks */ = {isa = PBXBuildFile; productRef = ECB50D3A259075B9003B9A68 /* Resolver */; };
		ECBEB5072439C0DE0017855E /* RxFlow in Frameworks */ = {isa = PBXBuildFile; productRef = ECBEB5062439C0DE0017855E /* RxFlow */; };
		ECBEB5092439C2190017855E /* AppFlow.swift in Sources */ = {isa = PBXBuildFile; fileRef = ECBEB5082439C2190017855E /* AppFlow.swift */; };
		ECC15EEC2416220F00149AC9 /* (null) in Frameworks */ = {isa = PBXBuildFile; };
		ECDA693A25CEA19E005E07D5 /* WordsRepository in Frameworks */ = {isa = PBXBuildFile; productRef = ECDA693925CEA19E005E07D5 /* WordsRepository */; };
		ECDCE5EB25B323890018110F /* TranslationRepository in Frameworks */ = {isa = PBXBuildFile; productRef = ECDCE5EA25B323890018110F /* TranslationRepository */; };
		ECDCE5F825B41BE60018110F /* ApiRepository in Frameworks */ = {isa = PBXBuildFile; productRef = ECDCE5F725B41BE60018110F /* ApiRepository */; };
		ECDEECF326CE2A3100EB2F53 /* ExercisesFlow.swift in Sources */ = {isa = PBXBuildFile; fileRef = ECDEECF226CE2A3100EB2F53 /* ExercisesFlow.swift */; };
		ECE626B92650F0AA005573C6 /* UserRepository in Frameworks */ = {isa = PBXBuildFile; productRef = ECE626B82650F0AA005573C6 /* UserRepository */; };
		ECEA376A25C2FF8A00D6C6DC /* Lottie in Frameworks */ = {isa = PBXBuildFile; productRef = ECEA376925C2FF8A00D6C6DC /* Lottie */; };
		ECEA376E25C3000200D6C6DC /* linesLoading.json in Resources */ = {isa = PBXBuildFile; fileRef = ECEA376D25C3000200D6C6DC /* linesLoading.json */; };
		ECEF16E625B01B6D00A7ABC9 /* ConfigsRepository in Frameworks */ = {isa = PBXBuildFile; productRef = ECEF16E525B01B6D00A7ABC9 /* ConfigsRepository */; };
		ECEF16EA25B01B6D00A7ABC9 /* KeyValueRepository in Frameworks */ = {isa = PBXBuildFile; productRef = ECEF16E925B01B6D00A7ABC9 /* KeyValueRepository */; };
		ECF20D61236D942500DA8715 /* README.md in Resources */ = {isa = PBXBuildFile; fileRef = ECF20D5F236D942500DA8715 /* README.md */; };
		ECF20D62236D942500DA8715 /* logo.png in Resources */ = {isa = PBXBuildFile; fileRef = ECF20D60236D942500DA8715 /* logo.png */; };
		ECFB46BA267E3148004B5A6F /* LexickonStateEntity in Frameworks */ = {isa = PBXBuildFile; productRef = ECFB46B9267E3148004B5A6F /* LexickonStateEntity */; };
		ECFE3F402650F42D00C1440A /* AuthTokenRepository in Frameworks */ = {isa = PBXBuildFile; productRef = ECFE3F3F2650F42D00C1440A /* AuthTokenRepository */; };
/* End PBXBuildFile section */

/* Begin PBXContainerItemProxy section */
		EC4278EC22D070E7001218AB /* PBXContainerItemProxy */ = {
			isa = PBXContainerItemProxy;
			containerPortal = EC4278CD22D070E5001218AB /* Project object */;
			proxyType = 1;
			remoteGlobalIDString = EC4278D422D070E5001218AB;
			remoteInfo = lexickon_ios;
		};
/* End PBXContainerItemProxy section */

/* Begin PBXFileReference section */
		EC057D4C265CC60900056566 /* WordsStateRepository */ = {isa = PBXFileReference; lastKnownFileType = folder; path = WordsStateRepository; sourceTree = "<group>"; };
		EC0B20C52671E23600881DDD /* WordCordFlow.swift */ = {isa = PBXFileReference; lastKnownFileType = sourcecode.swift; path = WordCordFlow.swift; sourceTree = "<group>"; };
		EC0B20C82671E3FE00881DDD /* WordCardViewController.swift */ = {isa = PBXFileReference; lastKnownFileType = sourcecode.swift; path = WordCardViewController.swift; sourceTree = "<group>"; };
		EC0B20CA2671E55A00881DDD /* WordCardPresenter.swift */ = {isa = PBXFileReference; lastKnownFileType = sourcecode.swift; path = WordCardPresenter.swift; sourceTree = "<group>"; };
		EC0DBE3825F0B92400CBED4D /* NewWordFlow.swift */ = {isa = PBXFileReference; fileEncoding = 4; lastKnownFileType = sourcecode.swift; path = NewWordFlow.swift; sourceTree = "<group>"; };
		EC0DBE5C25F0B92400CBED4D /* NewWordInteractorProtocol.swift */ = {isa = PBXFileReference; fileEncoding = 4; lastKnownFileType = sourcecode.swift; path = NewWordInteractorProtocol.swift; sourceTree = "<group>"; };
		EC0DBE5D25F0B92400CBED4D /* NewWordInteractor.swift */ = {isa = PBXFileReference; fileEncoding = 4; lastKnownFileType = sourcecode.swift; path = NewWordInteractor.swift; sourceTree = "<group>"; };
		EC0DBE6025F0B92400CBED4D /* AddSearchWordPresenter.swift */ = {isa = PBXFileReference; fileEncoding = 4; lastKnownFileType = sourcecode.swift; path = AddSearchWordPresenter.swift; sourceTree = "<group>"; };
		EC0DBE6125F0B92400CBED4D /* AddSearchWordViewController.swift */ = {isa = PBXFileReference; fileEncoding = 4; lastKnownFileType = sourcecode.swift; path = AddSearchWordViewController.swift; sourceTree = "<group>"; };
		EC0DBE9825F0B92400CBED4D /* ProfileFlow.swift */ = {isa = PBXFileReference; fileEncoding = 4; lastKnownFileType = sourcecode.swift; path = ProfileFlow.swift; sourceTree = "<group>"; };
		EC0DBE9A25F0B92400CBED4D /* ProfileInteractorProtocol.swift */ = {isa = PBXFileReference; fileEncoding = 4; lastKnownFileType = sourcecode.swift; path = ProfileInteractorProtocol.swift; sourceTree = "<group>"; };
		EC0DBE9B25F0B92400CBED4D /* ProfileInteractor.swift */ = {isa = PBXFileReference; fileEncoding = 4; lastKnownFileType = sourcecode.swift; path = ProfileInteractor.swift; sourceTree = "<group>"; };
		EC0DBE9E25F0B92400CBED4D /* ProfileMainScreenViewController.swift */ = {isa = PBXFileReference; fileEncoding = 4; lastKnownFileType = sourcecode.swift; path = ProfileMainScreenViewController.swift; sourceTree = "<group>"; };
		EC0DBE9F25F0B92400CBED4D /* ProfileMainScreenPresenter.swift */ = {isa = PBXFileReference; fileEncoding = 4; lastKnownFileType = sourcecode.swift; path = ProfileMainScreenPresenter.swift; sourceTree = "<group>"; };
		EC0DBEA125F0B92400CBED4D /* AuthorizationFlow.swift */ = {isa = PBXFileReference; fileEncoding = 4; lastKnownFileType = sourcecode.swift; path = AuthorizationFlow.swift; sourceTree = "<group>"; };
		EC0DBEAA25F0B92400CBED4D /* AuthorizationInteractor.swift */ = {isa = PBXFileReference; fileEncoding = 4; lastKnownFileType = sourcecode.swift; path = AuthorizationInteractor.swift; sourceTree = "<group>"; };
		EC0DBEAB25F0B92400CBED4D /* AuthorizationInteractorProtocol.swift */ = {isa = PBXFileReference; fileEncoding = 4; lastKnownFileType = sourcecode.swift; path = AuthorizationInteractorProtocol.swift; sourceTree = "<group>"; };
		EC0DBEAE25F0B92400CBED4D /* RegistrationPresenter.swift */ = {isa = PBXFileReference; fileEncoding = 4; lastKnownFileType = sourcecode.swift; path = RegistrationPresenter.swift; sourceTree = "<group>"; };
		EC0DBEAF25F0B92400CBED4D /* RegistrationViewController.swift */ = {isa = PBXFileReference; fileEncoding = 4; lastKnownFileType = sourcecode.swift; path = RegistrationViewController.swift; sourceTree = "<group>"; };
		EC0DBEB125F0B92400CBED4D /* StartViewController.swift */ = {isa = PBXFileReference; fileEncoding = 4; lastKnownFileType = sourcecode.swift; path = StartViewController.swift; sourceTree = "<group>"; };
		EC0DBEB225F0B92400CBED4D /* StartPresenter.swift */ = {isa = PBXFileReference; fileEncoding = 4; lastKnownFileType = sourcecode.swift; path = StartPresenter.swift; sourceTree = "<group>"; };
		EC0DBEB425F0B92400CBED4D /* LoginViewController.swift */ = {isa = PBXFileReference; fileEncoding = 4; lastKnownFileType = sourcecode.swift; path = LoginViewController.swift; sourceTree = "<group>"; };
		EC0DBEB525F0B92400CBED4D /* LoginPresenter.swift */ = {isa = PBXFileReference; fileEncoding = 4; lastKnownFileType = sourcecode.swift; path = LoginPresenter.swift; sourceTree = "<group>"; };
		EC0DBEB725F0B92400CBED4D /* MainFlow.swift */ = {isa = PBXFileReference; fileEncoding = 4; lastKnownFileType = sourcecode.swift; path = MainFlow.swift; sourceTree = "<group>"; };
		EC0DBEBC25F0B92400CBED4D /* LexickonStateInteractor.swift */ = {isa = PBXFileReference; fileEncoding = 4; lastKnownFileType = sourcecode.swift; path = LexickonStateInteractor.swift; sourceTree = "<group>"; };
		EC0DBEBD25F0B92400CBED4D /* LexickonStateInteractorProtocol.swift */ = {isa = PBXFileReference; fileEncoding = 4; lastKnownFileType = sourcecode.swift; path = LexickonStateInteractorProtocol.swift; sourceTree = "<group>"; };
		EC0DBEC025F0B92400CBED4D /* HomeViewController.swift */ = {isa = PBXFileReference; fileEncoding = 4; lastKnownFileType = sourcecode.swift; path = HomeViewController.swift; sourceTree = "<group>"; };
		EC0DBEC125F0B92400CBED4D /* HomePresenter.swift */ = {isa = PBXFileReference; fileEncoding = 4; lastKnownFileType = sourcecode.swift; path = HomePresenter.swift; sourceTree = "<group>"; };
		EC0DBF3425F0BB4700CBED4D /* TranslationRepository */ = {isa = PBXFileReference; lastKnownFileType = folder; path = TranslationRepository; sourceTree = "<group>"; };
		EC35C2AA22DB506500785B3A /* LaunchScreen.storyboard */ = {isa = PBXFileReference; lastKnownFileType = file.storyboard; path = LaunchScreen.storyboard; sourceTree = "<group>"; };
		EC3750B625B085540090F95F /* Assets */ = {isa = PBXFileReference; lastKnownFileType = folder; path = Assets; sourceTree = "<group>"; };
		EC3750E925B18E320090F95F /* AppIcon.xcassets */ = {isa = PBXFileReference; lastKnownFileType = folder.assetcatalog; path = AppIcon.xcassets; sourceTree = "<group>"; };
		EC4278D522D070E5001218AB /* lexickon_ios.app */ = {isa = PBXFileReference; explicitFileType = wrapper.application; includeInIndex = 0; path = lexickon_ios.app; sourceTree = BUILT_PRODUCTS_DIR; };
		EC4278EB22D070E7001218AB /* lexickon_iosTests.xctest */ = {isa = PBXFileReference; explicitFileType = wrapper.cfbundle; includeInIndex = 0; path = lexickon_iosTests.xctest; sourceTree = BUILT_PRODUCTS_DIR; };
		EC443D3826A2A6470004E854 /* LXUIKit */ = {isa = PBXFileReference; lastKnownFileType = folder; path = LXUIKit; sourceTree = "<group>"; };
		EC4CB12F22D2418800CB826E /* AppResolder.swift */ = {isa = PBXFileReference; fileEncoding = 4; lastKnownFileType = sourcecode.swift; path = AppResolder.swift; sourceTree = "<group>"; };
		EC7BF18C2650EF3C00E8B583 /* UserRepository */ = {isa = PBXFileReference; lastKnownFileType = folder; path = UserRepository; sourceTree = "<group>"; };
		EC8880A426AA7FDB00C2294F /* UserEntity.swift */ = {isa = PBXFileReference; lastKnownFileType = sourcecode.swift; path = UserEntity.swift; sourceTree = "<group>"; };
		ECA61E3222D07798003DD5B1 /* SceneDelegate.swift */ = {isa = PBXFileReference; fileEncoding = 4; lastKnownFileType = sourcecode.swift; path = SceneDelegate.swift; sourceTree = SOURCE_ROOT; };
		ECA61E3322D07798003DD5B1 /* AppDelegate.swift */ = {isa = PBXFileReference; fileEncoding = 4; lastKnownFileType = sourcecode.swift; path = AppDelegate.swift; sourceTree = SOURCE_ROOT; };
		ECA97C6922D0808500918828 /* Info.plist */ = {isa = PBXFileReference; fileEncoding = 4; lastKnownFileType = text.plist.xml; path = Info.plist; sourceTree = "<group>"; };
		ECA97C6B22D0814400918828 /* Info.plist */ = {isa = PBXFileReference; fileEncoding = 4; lastKnownFileType = text.plist.xml; path = Info.plist; sourceTree = "<group>"; };
		ECA97C6C22D0814400918828 /* lexickon_iosTests.swift */ = {isa = PBXFileReference; fileEncoding = 4; lastKnownFileType = sourcecode.swift; path = lexickon_iosTests.swift; sourceTree = "<group>"; };
		ECB50D2D258F45FB003B9A68 /* Utils */ = {isa = PBXFileReference; lastKnownFileType = folder; path = Utils; sourceTree = "<group>"; };
		ECB50D2E258F4608003B9A68 /* UIExtensions */ = {isa = PBXFileReference; lastKnownFileType = folder; path = UIExtensions; sourceTree = "<group>"; };
		ECB50D2F258F460B003B9A68 /* RxExtensions */ = {isa = PBXFileReference; lastKnownFileType = folder; path = RxExtensions; sourceTree = "<group>"; };
		ECBEB5082439C2190017855E /* AppFlow.swift */ = {isa = PBXFileReference; lastKnownFileType = sourcecode.swift; path = AppFlow.swift; sourceTree = "<group>"; };
		ECDA692E25CE9EC8005E07D5 /* KeychainRepository */ = {isa = PBXFileReference; lastKnownFileType = folder; path = KeychainRepository; sourceTree = "<group>"; };
		ECDA692F25CE9EC8005E07D5 /* ApiRepository */ = {isa = PBXFileReference; lastKnownFileType = folder; path = ApiRepository; sourceTree = "<group>"; };
		ECDA693025CE9EC8005E07D5 /* ConfigsRepository */ = {isa = PBXFileReference; lastKnownFileType = folder; path = ConfigsRepository; sourceTree = "<group>"; };
		ECDA693125CE9EC9005E07D5 /* KeyValueRepository */ = {isa = PBXFileReference; lastKnownFileType = folder; path = KeyValueRepository; sourceTree = "<group>"; };
		ECDA693425CEA050005E07D5 /* WordsRepository */ = {isa = PBXFileReference; lastKnownFileType = folder; path = WordsRepository; sourceTree = "<group>"; };
		ECDEECF226CE2A3100EB2F53 /* ExercisesFlow.swift */ = {isa = PBXFileReference; lastKnownFileType = sourcecode.swift; path = ExercisesFlow.swift; sourceTree = "<group>"; };
		ECE626BA2650F387005573C6 /* AuthTokenRepository */ = {isa = PBXFileReference; lastKnownFileType = folder; path = AuthTokenRepository; sourceTree = "<group>"; };
		ECEA376D25C3000200D6C6DC /* linesLoading.json */ = {isa = PBXFileReference; fileEncoding = 4; lastKnownFileType = text.json; path = linesLoading.json; sourceTree = "<group>"; };
		ECF20D5F236D942500DA8715 /* README.md */ = {isa = PBXFileReference; fileEncoding = 4; lastKnownFileType = net.daringfireball.markdown; name = README.md; path = lexickon_ios/Resources/README.md; sourceTree = SOURCE_ROOT; };
		ECF20D60236D942500DA8715 /* logo.png */ = {isa = PBXFileReference; lastKnownFileType = image.png; name = logo.png; path = lexickon_ios/Resources/logo.png; sourceTree = SOURCE_ROOT; };
		ECFE3F462654DBEC00C1440A /* LexickonStateEntity */ = {isa = PBXFileReference; lastKnownFileType = folder; path = LexickonStateEntity; sourceTree = "<group>"; };
/* End PBXFileReference section */

/* Begin PBXFrameworksBuildPhase section */
		EC4278D222D070E5001218AB /* Frameworks */ = {
			isa = PBXFrameworksBuildPhase;
			buildActionMask = 2147483647;
			files = (
				ECFE3F402650F42D00C1440A /* AuthTokenRepository in Frameworks */,
				ECDCE5EB25B323890018110F /* TranslationRepository in Frameworks */,
				ECBEB5072439C0DE0017855E /* RxFlow in Frameworks */,
				ECB50D3B259075B9003B9A68 /* Resolver in Frameworks */,
				EC3F44552520BF26004706DC /* RxRelay in Frameworks */,
				ECC15EEC2416220F00149AC9 /* (null) in Frameworks */,
				ECEA376A25C2FF8A00D6C6DC /* Lottie in Frameworks */,
				ECDA693A25CEA19E005E07D5 /* WordsRepository in Frameworks */,
				ECEF16E625B01B6D00A7ABC9 /* ConfigsRepository in Frameworks */,
				EC1F9E2323E3478B0044EF9D /* UIExtensions in Frameworks */,
				EC3F44532520BF26004706DC /* RxSwift in Frameworks */,
				EC407EDF237C3B8400A3FD42 /* Validator in Frameworks */,
				ECAF5063257E663300F021EA /* Utils in Frameworks */,
				ECE626B92650F0AA005573C6 /* UserRepository in Frameworks */,
				ECDCE5F825B41BE60018110F /* ApiRepository in Frameworks */,
				EC443D3A26A2A6BA0004E854 /* LXUIKit in Frameworks */,
				ECEF16EA25B01B6D00A7ABC9 /* KeyValueRepository in Frameworks */,
				EC31385B2535D4D4007FFCB0 /* RxExtensions in Frameworks */,
				ECFB46BA267E3148004B5A6F /* LexickonStateEntity in Frameworks */,
				EC3750F225B195030090F95F /* Assets in Frameworks */,
				ECAC1D61255A848D008B0ECC /* LexickonApi in Frameworks */,
				EC3F44572520BF26004706DC /* RxCocoa in Frameworks */,
				EC3F44592520BF26004706DC /* RxBlocking in Frameworks */,
				ECA1695B25B038F100F2F19B /* KeychainRepository in Frameworks */,
				EC3C385C254FED4D008D1D3C /* Differentiator in Frameworks */,
				EC3C385A254FED4D008D1D3C /* RxDataSources in Frameworks */,
				EC7B6FA425861A1500EB1D28 /* SnapKit in Frameworks */,
			);
			runOnlyForDeploymentPostprocessing = 0;
		};
		EC4278E822D070E7001218AB /* Frameworks */ = {
			isa = PBXFrameworksBuildPhase;
			buildActionMask = 2147483647;
			files = (
			);
			runOnlyForDeploymentPostprocessing = 0;
		};
/* End PBXFrameworksBuildPhase section */

/* Begin PBXGroup section */
		EC0B20C42671E1C900881DDD /* WordCardFlow */ = {
			isa = PBXGroup;
			children = (
				EC0B20C52671E23600881DDD /* WordCordFlow.swift */,
				EC0B20C72671E3E900881DDD /* WordCard */,
			);
			path = WordCardFlow;
			sourceTree = "<group>";
		};
		EC0B20C72671E3E900881DDD /* WordCard */ = {
			isa = PBXGroup;
			children = (
				EC0B20C82671E3FE00881DDD /* WordCardViewController.swift */,
				EC0B20CA2671E55A00881DDD /* WordCardPresenter.swift */,
			);
			path = WordCard;
			sourceTree = "<group>";
		};
		EC0DBE3625F0B92400CBED4D /* Presentation */ = {
			isa = PBXGroup;
			children = (
				ECBEB5082439C2190017855E /* AppFlow.swift */,
				EC443D3826A2A6470004E854 /* LXUIKit */,
				EC0DBEA025F0B92400CBED4D /* AuthorizationFlow */,
				EC0DBEB625F0B92400CBED4D /* MainFlow */,
			);
			path = Presentation;
			sourceTree = "<group>";
		};
		EC0DBE3725F0B92400CBED4D /* NewWordFlow */ = {
			isa = PBXGroup;
			children = (
				EC0DBE3825F0B92400CBED4D /* NewWordFlow.swift */,
				EC0DBE5F25F0B92400CBED4D /* AddSearchWord */,
			);
			path = NewWordFlow;
			sourceTree = "<group>";
		};
		EC0DBE5F25F0B92400CBED4D /* AddSearchWord */ = {
			isa = PBXGroup;
			children = (
				EC0DBE6025F0B92400CBED4D /* AddSearchWordPresenter.swift */,
				EC0DBE6125F0B92400CBED4D /* AddSearchWordViewController.swift */,
			);
			path = AddSearchWord;
			sourceTree = "<group>";
		};
		EC0DBE9725F0B92400CBED4D /* ProfileFlow */ = {
			isa = PBXGroup;
			children = (
				EC0DBE9825F0B92400CBED4D /* ProfileFlow.swift */,
				EC0DBE9D25F0B92400CBED4D /* ProfileMainScreen */,
			);
			path = ProfileFlow;
			sourceTree = "<group>";
		};
		EC0DBE9D25F0B92400CBED4D /* ProfileMainScreen */ = {
			isa = PBXGroup;
			children = (
				EC0DBE9E25F0B92400CBED4D /* ProfileMainScreenViewController.swift */,
				EC0DBE9F25F0B92400CBED4D /* ProfileMainScreenPresenter.swift */,
			);
			path = ProfileMainScreen;
			sourceTree = "<group>";
		};
		EC0DBEA025F0B92400CBED4D /* AuthorizationFlow */ = {
			isa = PBXGroup;
			children = (
				EC0DBEA125F0B92400CBED4D /* AuthorizationFlow.swift */,
				EC0DBEAD25F0B92400CBED4D /* Registration */,
				EC0DBEB025F0B92400CBED4D /* Start */,
				EC0DBEB325F0B92400CBED4D /* Login */,
			);
			path = AuthorizationFlow;
			sourceTree = "<group>";
		};
		EC0DBEAD25F0B92400CBED4D /* Registration */ = {
			isa = PBXGroup;
			children = (
				EC0DBEAE25F0B92400CBED4D /* RegistrationPresenter.swift */,
				EC0DBEAF25F0B92400CBED4D /* RegistrationViewController.swift */,
			);
			path = Registration;
			sourceTree = "<group>";
		};
		EC0DBEB025F0B92400CBED4D /* Start */ = {
			isa = PBXGroup;
			children = (
				EC0DBEB125F0B92400CBED4D /* StartViewController.swift */,
				EC0DBEB225F0B92400CBED4D /* StartPresenter.swift */,
			);
			path = Start;
			sourceTree = "<group>";
		};
		EC0DBEB325F0B92400CBED4D /* Login */ = {
			isa = PBXGroup;
			children = (
				EC0DBEB425F0B92400CBED4D /* LoginViewController.swift */,
				EC0DBEB525F0B92400CBED4D /* LoginPresenter.swift */,
			);
			path = Login;
			sourceTree = "<group>";
		};
		EC0DBEB625F0B92400CBED4D /* MainFlow */ = {
			isa = PBXGroup;
			children = (
				EC0DBEB725F0B92400CBED4D /* MainFlow.swift */,
				ECDEECF126CE29B600EB2F53 /* ExercisesFlow */,
				EC0DBEBF25F0B92400CBED4D /* Home */,
				EC0DBE3725F0B92400CBED4D /* NewWordFlow */,
				EC0B20C42671E1C900881DDD /* WordCardFlow */,
				EC0DBE9725F0B92400CBED4D /* ProfileFlow */,
			);
			path = MainFlow;
			sourceTree = "<group>";
		};
		EC0DBEBF25F0B92400CBED4D /* Home */ = {
			isa = PBXGroup;
			children = (
				EC0DBEC025F0B92400CBED4D /* HomeViewController.swift */,
				EC0DBEC125F0B92400CBED4D /* HomePresenter.swift */,
			);
			name = Home;
			path = Presentation/Home;
			sourceTree = "<group>";
		};
		EC0DBF1C25F0B94400CBED4D /* NewWordInteractor */ = {
			isa = PBXGroup;
			children = (
				EC0DBE5C25F0B92400CBED4D /* NewWordInteractorProtocol.swift */,
				EC0DBE5D25F0B92400CBED4D /* NewWordInteractor.swift */,
			);
			path = NewWordInteractor;
			sourceTree = "<group>";
		};
		EC0DBF1F25F0B96600CBED4D /* Data */ = {
			isa = PBXGroup;
			children = (
				EC057D4C265CC60900056566 /* WordsStateRepository */,
				ECE626BA2650F387005573C6 /* AuthTokenRepository */,
				EC7BF18C2650EF3C00E8B583 /* UserRepository */,
				EC0DBF3425F0BB4700CBED4D /* TranslationRepository */,
				ECDA693425CEA050005E07D5 /* WordsRepository */,
				ECDA692F25CE9EC8005E07D5 /* ApiRepository */,
				ECDA693025CE9EC8005E07D5 /* ConfigsRepository */,
				ECDA692E25CE9EC8005E07D5 /* KeychainRepository */,
				ECDA693125CE9EC9005E07D5 /* KeyValueRepository */,
			);
			path = Data;
			sourceTree = "<group>";
		};
		EC0DBF2225F0B98C00CBED4D /* Domain */ = {
			isa = PBXGroup;
			children = (
				EC8880A326AA7FB100C2294F /* Entities */,
				EC0DBF2F25F0BA8600CBED4D /* LexickoonStateInteractor */,
				EC0DBF2A25F0BA3400CBED4D /* AuthorizationInteractor */,
				EC0DBF2725F0B9D700CBED4D /* ProfileInteractor */,
				EC0DBF1C25F0B94400CBED4D /* NewWordInteractor */,
			);
			path = Domain;
			sourceTree = "<group>";
		};
		EC0DBF2725F0B9D700CBED4D /* ProfileInteractor */ = {
			isa = PBXGroup;
			children = (
				EC0DBE9A25F0B92400CBED4D /* ProfileInteractorProtocol.swift */,
				EC0DBE9B25F0B92400CBED4D /* ProfileInteractor.swift */,
			);
			path = ProfileInteractor;
			sourceTree = "<group>";
		};
		EC0DBF2A25F0BA3400CBED4D /* AuthorizationInteractor */ = {
			isa = PBXGroup;
			children = (
				EC0DBEAA25F0B92400CBED4D /* AuthorizationInteractor.swift */,
				EC0DBEAB25F0B92400CBED4D /* AuthorizationInteractorProtocol.swift */,
			);
			path = AuthorizationInteractor;
			sourceTree = "<group>";
		};
		EC0DBF2F25F0BA8600CBED4D /* LexickoonStateInteractor */ = {
			isa = PBXGroup;
			children = (
				EC0DBEBC25F0B92400CBED4D /* LexickonStateInteractor.swift */,
				EC0DBEBD25F0B92400CBED4D /* LexickonStateInteractorProtocol.swift */,
			);
			path = LexickoonStateInteractor;
			sourceTree = "<group>";
		};
		EC1F9E2123E3478B0044EF9D /* Frameworks */ = {
			isa = PBXGroup;
			children = (
			);
			name = Frameworks;
			sourceTree = "<group>";
		};
		EC4278CC22D070E5001218AB = {
			isa = PBXGroup;
			children = (
				EC4278D722D070E5001218AB /* lexickon_ios */,
				EC4278EE22D070E7001218AB /* lexickon_iosTests */,
				EC4278D622D070E5001218AB /* Products */,
				EC1F9E2123E3478B0044EF9D /* Frameworks */,
			);
			sourceTree = "<group>";
		};
		EC4278D622D070E5001218AB /* Products */ = {
			isa = PBXGroup;
			children = (
				EC4278D522D070E5001218AB /* lexickon_ios.app */,
				EC4278EB22D070E7001218AB /* lexickon_iosTests.xctest */,
			);
			name = Products;
			sourceTree = "<group>";
		};
		EC4278D722D070E5001218AB /* lexickon_ios */ = {
			isa = PBXGroup;
			children = (
				EC4CB12F22D2418800CB826E /* AppResolder.swift */,
				ECA61E3322D07798003DD5B1 /* AppDelegate.swift */,
				ECA61E3222D07798003DD5B1 /* SceneDelegate.swift */,
				EC0DBE3625F0B92400CBED4D /* Presentation */,
				EC0DBF2225F0B98C00CBED4D /* Domain */,
				EC0DBF1F25F0B96600CBED4D /* Data */,
				ECB50CB6258F45E3003B9A68 /* Helpers */,
				EC4278FF22D071F4001218AB /* Resources */,
			);
			path = lexickon_ios;
			sourceTree = "<group>";
		};
		EC4278EE22D070E7001218AB /* lexickon_iosTests */ = {
			isa = PBXGroup;
			children = (
				ECA97C6B22D0814400918828 /* Info.plist */,
				ECA97C6C22D0814400918828 /* lexickon_iosTests.swift */,
			);
			path = lexickon_iosTests;
			sourceTree = "<group>";
		};
		EC4278FF22D071F4001218AB /* Resources */ = {
			isa = PBXGroup;
			children = (
				ECA97C6922D0808500918828 /* Info.plist */,
				ECF20D60236D942500DA8715 /* logo.png */,
				ECF20D5F236D942500DA8715 /* README.md */,
				EC3750B625B085540090F95F /* Assets */,
				EC75A1E625C551160053F88E /* LottieJSONAnimations */,
				EC3750E925B18E320090F95F /* AppIcon.xcassets */,
				EC35C2AA22DB506500785B3A /* LaunchScreen.storyboard */,
			);
			path = Resources;
			sourceTree = "<group>";
		};
		EC75A1E625C551160053F88E /* LottieJSONAnimations */ = {
			isa = PBXGroup;
			children = (
				ECEA376D25C3000200D6C6DC /* linesLoading.json */,
			);
			path = LottieJSONAnimations;
			sourceTree = "<group>";
		};
		EC8880A326AA7FB100C2294F /* Entities */ = {
			isa = PBXGroup;
			children = (
				ECFE3F462654DBEC00C1440A /* LexickonStateEntity */,
				EC8880A426AA7FDB00C2294F /* UserEntity.swift */,
			);
			path = Entities;
			sourceTree = "<group>";
		};
		ECB50CB6258F45E3003B9A68 /* Helpers */ = {
			isa = PBXGroup;
			children = (
				ECB50D2F258F460B003B9A68 /* RxExtensions */,
				ECB50D2E258F4608003B9A68 /* UIExtensions */,
				ECB50D2D258F45FB003B9A68 /* Utils */,
			);
			path = Helpers;
			sourceTree = "<group>";
		};
		ECDEECF126CE29B600EB2F53 /* ExercisesFlow */ = {
			isa = PBXGroup;
			children = (
				ECDEECF226CE2A3100EB2F53 /* ExercisesFlow.swift */,
			);
			path = ExercisesFlow;
			sourceTree = "<group>";
		};
/* End PBXGroup section */

/* Begin PBXNativeTarget section */
		EC4278D422D070E5001218AB /* lexickon_ios */ = {
			isa = PBXNativeTarget;
			buildConfigurationList = EC4278F422D070E7001218AB /* Build configuration list for PBXNativeTarget "lexickon_ios" */;
			buildPhases = (
				EC4278D122D070E5001218AB /* Sources */,
				EC4278D222D070E5001218AB /* Frameworks */,
				EC4278D322D070E5001218AB /* Resources */,
			);
			buildRules = (
			);
			dependencies = (
			);
			name = lexickon_ios;
			packageProductDependencies = (
				EC407EDE237C3B8400A3FD42 /* Validator */,
				EC1F9E2223E3478B0044EF9D /* UIExtensions */,
				ECBEB5062439C0DE0017855E /* RxFlow */,
				EC3F44522520BF26004706DC /* RxSwift */,
				EC3F44542520BF26004706DC /* RxRelay */,
				EC3F44562520BF26004706DC /* RxCocoa */,
				EC3F44582520BF26004706DC /* RxBlocking */,
				EC31385A2535D4D4007FFCB0 /* RxExtensions */,
				EC3C3859254FED4D008D1D3C /* RxDataSources */,
				EC3C385B254FED4D008D1D3C /* Differentiator */,
				ECAC1D60255A848D008B0ECC /* LexickonApi */,
				ECAF5062257E663300F021EA /* Utils */,
				EC7B6FA325861A1500EB1D28 /* SnapKit */,
				ECB50D3A259075B9003B9A68 /* Resolver */,
				ECEF16E525B01B6D00A7ABC9 /* ConfigsRepository */,
				ECEF16E925B01B6D00A7ABC9 /* KeyValueRepository */,
				ECA1695A25B038F100F2F19B /* KeychainRepository */,
				EC3750F125B195030090F95F /* Assets */,
				ECDCE5EA25B323890018110F /* TranslationRepository */,
				ECDCE5F725B41BE60018110F /* ApiRepository */,
				ECEA376925C2FF8A00D6C6DC /* Lottie */,
				ECDA693925CEA19E005E07D5 /* WordsRepository */,
				ECE626B82650F0AA005573C6 /* UserRepository */,
				ECFE3F3F2650F42D00C1440A /* AuthTokenRepository */,
				ECFB46B9267E3148004B5A6F /* LexickonStateEntity */,
				EC443D3926A2A6BA0004E854 /* LXUIKit */,
			);
			productName = lexickon_ios;
			productReference = EC4278D522D070E5001218AB /* lexickon_ios.app */;
			productType = "com.apple.product-type.application";
		};
		EC4278EA22D070E7001218AB /* lexickon_iosTests */ = {
			isa = PBXNativeTarget;
			buildConfigurationList = EC4278F722D070E7001218AB /* Build configuration list for PBXNativeTarget "lexickon_iosTests" */;
			buildPhases = (
				EC4278E722D070E7001218AB /* Sources */,
				EC4278E822D070E7001218AB /* Frameworks */,
				EC4278E922D070E7001218AB /* Resources */,
			);
			buildRules = (
			);
			dependencies = (
				EC4278ED22D070E7001218AB /* PBXTargetDependency */,
			);
			name = lexickon_iosTests;
			productName = lexickon_iosTests;
			productReference = EC4278EB22D070E7001218AB /* lexickon_iosTests.xctest */;
			productType = "com.apple.product-type.bundle.unit-test";
		};
/* End PBXNativeTarget section */

/* Begin PBXProject section */
		EC4278CD22D070E5001218AB /* Project object */ = {
			isa = PBXProject;
			attributes = {
				LastSwiftUpdateCheck = 1100;
				LastUpgradeCheck = 1200;
				ORGANIZATIONNAME = "Sergey Borovikov";
				TargetAttributes = {
					EC4278D422D070E5001218AB = {
						CreatedOnToolsVersion = 11.0;
					};
					EC4278EA22D070E7001218AB = {
						CreatedOnToolsVersion = 11.0;
						TestTargetID = EC4278D422D070E5001218AB;
					};
				};
			};
			buildConfigurationList = EC4278D022D070E5001218AB /* Build configuration list for PBXProject "lexickon_ios" */;
			compatibilityVersion = "Xcode 9.3";
			developmentRegion = en;
			hasScannedForEncodings = 0;
			knownRegions = (
				en,
				Base,
			);
			mainGroup = EC4278CC22D070E5001218AB;
			packageReferences = (
				EC407EDD237C3B8400A3FD42 /* XCRemoteSwiftPackageReference "Validator" */,
				ECBEB5052439C0DE0017855E /* XCRemoteSwiftPackageReference "RxFlow" */,
				EC3F44512520BF26004706DC /* XCRemoteSwiftPackageReference "RxSwift" */,
				EC7330DD2541D9AC000B1EDD /* XCRemoteSwiftPackageReference "SwiftKeychainWrapper" */,
				EC3C3858254FED4D008D1D3C /* XCRemoteSwiftPackageReference "RxDataSources" */,
				ECAC1D5F255A848D008B0ECC /* XCRemoteSwiftPackageReference "LexickonApi" */,
				EC7B6FA225861A1500EB1D28 /* XCRemoteSwiftPackageReference "SnapKit" */,
				ECB50D39259075B9003B9A68 /* XCRemoteSwiftPackageReference "Resolver" */,
				ECEA376825C2FF8A00D6C6DC /* XCRemoteSwiftPackageReference "lottie-ios" */,
			);
			productRefGroup = EC4278D622D070E5001218AB /* Products */;
			projectDirPath = "";
			projectRoot = "";
			targets = (
				EC4278D422D070E5001218AB /* lexickon_ios */,
				EC4278EA22D070E7001218AB /* lexickon_iosTests */,
			);
		};
/* End PBXProject section */

/* Begin PBXResourcesBuildPhase section */
		EC4278D322D070E5001218AB /* Resources */ = {
			isa = PBXResourcesBuildPhase;
			buildActionMask = 2147483647;
			files = (
				EC35C2AB22DB506500785B3A /* LaunchScreen.storyboard in Resources */,
				ECEA376E25C3000200D6C6DC /* linesLoading.json in Resources */,
				ECF20D61236D942500DA8715 /* README.md in Resources */,
				ECF20D62236D942500DA8715 /* logo.png in Resources */,
				EC3750EA25B18E320090F95F /* AppIcon.xcassets in Resources */,
			);
			runOnlyForDeploymentPostprocessing = 0;
		};
		EC4278E922D070E7001218AB /* Resources */ = {
			isa = PBXResourcesBuildPhase;
			buildActionMask = 2147483647;
			files = (
			);
			runOnlyForDeploymentPostprocessing = 0;
		};
/* End PBXResourcesBuildPhase section */

/* Begin PBXSourcesBuildPhase section */
		EC4278D122D070E5001218AB /* Sources */ = {
			isa = PBXSourcesBuildPhase;
			buildActionMask = 2147483647;
			files = (
				EC0DBEFE25F0B92500CBED4D /* ProfileInteractorProtocol.swift in Sources */,
				EC0DBF0925F0B92500CBED4D /* RegistrationPresenter.swift in Sources */,
				EC0DBED925F0B92500CBED4D /* AddSearchWordViewController.swift in Sources */,
				EC0DBED625F0B92500CBED4D /* NewWordInteractorProtocol.swift in Sources */,
				EC0B20C92671E3FE00881DDD /* WordCardViewController.swift in Sources */,
				EC0DBF1325F0B92500CBED4D /* HomeViewController.swift in Sources */,
				EC0DBF0E25F0B92500CBED4D /* LoginPresenter.swift in Sources */,
				EC8880A526AA7FDB00C2294F /* UserEntity.swift in Sources */,
				ECBEB5092439C2190017855E /* AppFlow.swift in Sources */,
				EC0DBF0B25F0B92500CBED4D /* StartViewController.swift in Sources */,
				EC0DBEFD25F0B92500CBED4D /* ProfileFlow.swift in Sources */,
				EC4CB13022D2418800CB826E /* AppResolder.swift in Sources */,
				ECA61E3522D07798003DD5B1 /* AppDelegate.swift in Sources */,
				EC0DBF0A25F0B92500CBED4D /* RegistrationViewController.swift in Sources */,
				EC0DBED725F0B92500CBED4D /* NewWordInteractor.swift in Sources */,
				EC0DBF0C25F0B92500CBED4D /* StartPresenter.swift in Sources */,
				EC0DBF0125F0B92500CBED4D /* ProfileMainScreenPresenter.swift in Sources */,
				EC0DBF0D25F0B92500CBED4D /* LoginViewController.swift in Sources */,
				EC0DBF0725F0B92500CBED4D /* AuthorizationInteractor.swift in Sources */,
				EC0DBED825F0B92500CBED4D /* AddSearchWordPresenter.swift in Sources */,
				EC0B20C62671E23600881DDD /* WordCordFlow.swift in Sources */,
				EC0DBF1125F0B92500CBED4D /* LexickonStateInteractor.swift in Sources */,
				EC0DBF0825F0B92500CBED4D /* AuthorizationInteractorProtocol.swift in Sources */,
				EC0DBF0225F0B92500CBED4D /* AuthorizationFlow.swift in Sources */,
				EC0DBF0025F0B92500CBED4D /* ProfileMainScreenViewController.swift in Sources */,
				EC0DBF1225F0B92500CBED4D /* LexickonStateInteractorProtocol.swift in Sources */,
				EC0B20CB2671E55A00881DDD /* WordCardPresenter.swift in Sources */,
				EC0DBEFF25F0B92500CBED4D /* ProfileInteractor.swift in Sources */,
				ECA61E3422D07798003DD5B1 /* SceneDelegate.swift in Sources */,
				EC0DBF1425F0B92500CBED4D /* HomePresenter.swift in Sources */,
				EC0DBF0F25F0B92500CBED4D /* MainFlow.swift in Sources */,
				ECDEECF326CE2A3100EB2F53 /* ExercisesFlow.swift in Sources */,
				EC0DBEC225F0B92500CBED4D /* NewWordFlow.swift in Sources */,
			);
			runOnlyForDeploymentPostprocessing = 0;
		};
		EC4278E722D070E7001218AB /* Sources */ = {
			isa = PBXSourcesBuildPhase;
			buildActionMask = 2147483647;
			files = (
				ECA97C6F22D0819B00918828 /* lexickon_iosTests.swift in Sources */,
			);
			runOnlyForDeploymentPostprocessing = 0;
		};
/* End PBXSourcesBuildPhase section */

/* Begin PBXTargetDependency section */
		EC4278ED22D070E7001218AB /* PBXTargetDependency */ = {
			isa = PBXTargetDependency;
			target = EC4278D422D070E5001218AB /* lexickon_ios */;
			targetProxy = EC4278EC22D070E7001218AB /* PBXContainerItemProxy */;
		};
/* End PBXTargetDependency section */

/* Begin XCBuildConfiguration section */
		EC4278F222D070E7001218AB /* Debug */ = {
			isa = XCBuildConfiguration;
			buildSettings = {
				ALWAYS_SEARCH_USER_PATHS = NO;
				CLANG_ANALYZER_NONNULL = YES;
				CLANG_ANALYZER_NUMBER_OBJECT_CONVERSION = YES_AGGRESSIVE;
				CLANG_CXX_LANGUAGE_STANDARD = "gnu++14";
				CLANG_CXX_LIBRARY = "libc++";
				CLANG_ENABLE_MODULES = YES;
				CLANG_ENABLE_OBJC_ARC = YES;
				CLANG_ENABLE_OBJC_WEAK = YES;
				CLANG_WARN_BLOCK_CAPTURE_AUTORELEASING = YES;
				CLANG_WARN_BOOL_CONVERSION = YES;
				CLANG_WARN_COMMA = YES;
				CLANG_WARN_CONSTANT_CONVERSION = YES;
				CLANG_WARN_DEPRECATED_OBJC_IMPLEMENTATIONS = YES;
				CLANG_WARN_DIRECT_OBJC_ISA_USAGE = YES_ERROR;
				CLANG_WARN_DOCUMENTATION_COMMENTS = YES;
				CLANG_WARN_EMPTY_BODY = YES;
				CLANG_WARN_ENUM_CONVERSION = YES;
				CLANG_WARN_INFINITE_RECURSION = YES;
				CLANG_WARN_INT_CONVERSION = YES;
				CLANG_WARN_NON_LITERAL_NULL_CONVERSION = YES;
				CLANG_WARN_OBJC_IMPLICIT_RETAIN_SELF = YES;
				CLANG_WARN_OBJC_LITERAL_CONVERSION = YES;
				CLANG_WARN_OBJC_ROOT_CLASS = YES_ERROR;
				CLANG_WARN_QUOTED_INCLUDE_IN_FRAMEWORK_HEADER = YES;
				CLANG_WARN_RANGE_LOOP_ANALYSIS = YES;
				CLANG_WARN_STRICT_PROTOTYPES = YES;
				CLANG_WARN_SUSPICIOUS_MOVE = YES;
				CLANG_WARN_UNGUARDED_AVAILABILITY = YES_AGGRESSIVE;
				CLANG_WARN_UNREACHABLE_CODE = YES;
				CLANG_WARN__DUPLICATE_METHOD_MATCH = YES;
				COPY_PHASE_STRIP = NO;
				DEBUG_INFORMATION_FORMAT = dwarf;
				ENABLE_STRICT_OBJC_MSGSEND = YES;
				ENABLE_TESTABILITY = YES;
				GCC_C_LANGUAGE_STANDARD = gnu11;
				GCC_DYNAMIC_NO_PIC = NO;
				GCC_NO_COMMON_BLOCKS = YES;
				GCC_OPTIMIZATION_LEVEL = 0;
				GCC_PREPROCESSOR_DEFINITIONS = (
					"DEBUG=1",
					"$(inherited)",
				);
				GCC_WARN_64_TO_32_BIT_CONVERSION = YES;
				GCC_WARN_ABOUT_RETURN_TYPE = YES_ERROR;
				GCC_WARN_UNDECLARED_SELECTOR = YES;
				GCC_WARN_UNINITIALIZED_AUTOS = YES_AGGRESSIVE;
				GCC_WARN_UNUSED_FUNCTION = YES;
				GCC_WARN_UNUSED_VARIABLE = YES;
				IPHONEOS_DEPLOYMENT_TARGET = 13.0;
				MTL_ENABLE_DEBUG_INFO = INCLUDE_SOURCE;
				MTL_FAST_MATH = YES;
				ONLY_ACTIVE_ARCH = YES;
				SDKROOT = iphoneos;
				SWIFT_ACTIVE_COMPILATION_CONDITIONS = DEBUG;
				SWIFT_OPTIMIZATION_LEVEL = "-Onone";
			};
			name = Debug;
		};
		EC4278F322D070E7001218AB /* Release */ = {
			isa = XCBuildConfiguration;
			buildSettings = {
				ALWAYS_SEARCH_USER_PATHS = NO;
				CLANG_ANALYZER_NONNULL = YES;
				CLANG_ANALYZER_NUMBER_OBJECT_CONVERSION = YES_AGGRESSIVE;
				CLANG_CXX_LANGUAGE_STANDARD = "gnu++14";
				CLANG_CXX_LIBRARY = "libc++";
				CLANG_ENABLE_MODULES = YES;
				CLANG_ENABLE_OBJC_ARC = YES;
				CLANG_ENABLE_OBJC_WEAK = YES;
				CLANG_WARN_BLOCK_CAPTURE_AUTORELEASING = YES;
				CLANG_WARN_BOOL_CONVERSION = YES;
				CLANG_WARN_COMMA = YES;
				CLANG_WARN_CONSTANT_CONVERSION = YES;
				CLANG_WARN_DEPRECATED_OBJC_IMPLEMENTATIONS = YES;
				CLANG_WARN_DIRECT_OBJC_ISA_USAGE = YES_ERROR;
				CLANG_WARN_DOCUMENTATION_COMMENTS = YES;
				CLANG_WARN_EMPTY_BODY = YES;
				CLANG_WARN_ENUM_CONVERSION = YES;
				CLANG_WARN_INFINITE_RECURSION = YES;
				CLANG_WARN_INT_CONVERSION = YES;
				CLANG_WARN_NON_LITERAL_NULL_CONVERSION = YES;
				CLANG_WARN_OBJC_IMPLICIT_RETAIN_SELF = YES;
				CLANG_WARN_OBJC_LITERAL_CONVERSION = YES;
				CLANG_WARN_OBJC_ROOT_CLASS = YES_ERROR;
				CLANG_WARN_QUOTED_INCLUDE_IN_FRAMEWORK_HEADER = YES;
				CLANG_WARN_RANGE_LOOP_ANALYSIS = YES;
				CLANG_WARN_STRICT_PROTOTYPES = YES;
				CLANG_WARN_SUSPICIOUS_MOVE = YES;
				CLANG_WARN_UNGUARDED_AVAILABILITY = YES_AGGRESSIVE;
				CLANG_WARN_UNREACHABLE_CODE = YES;
				CLANG_WARN__DUPLICATE_METHOD_MATCH = YES;
				COPY_PHASE_STRIP = NO;
				DEBUG_INFORMATION_FORMAT = "dwarf-with-dsym";
				ENABLE_NS_ASSERTIONS = NO;
				ENABLE_STRICT_OBJC_MSGSEND = YES;
				GCC_C_LANGUAGE_STANDARD = gnu11;
				GCC_NO_COMMON_BLOCKS = YES;
				GCC_WARN_64_TO_32_BIT_CONVERSION = YES;
				GCC_WARN_ABOUT_RETURN_TYPE = YES_ERROR;
				GCC_WARN_UNDECLARED_SELECTOR = YES;
				GCC_WARN_UNINITIALIZED_AUTOS = YES_AGGRESSIVE;
				GCC_WARN_UNUSED_FUNCTION = YES;
				GCC_WARN_UNUSED_VARIABLE = YES;
				IPHONEOS_DEPLOYMENT_TARGET = 13.0;
				MTL_ENABLE_DEBUG_INFO = NO;
				MTL_FAST_MATH = YES;
				SDKROOT = iphoneos;
				SWIFT_COMPILATION_MODE = wholemodule;
				SWIFT_OPTIMIZATION_LEVEL = "-O";
				VALIDATE_PRODUCT = YES;
			};
			name = Release;
		};
		EC4278F522D070E7001218AB /* Debug */ = {
			isa = XCBuildConfiguration;
			buildSettings = {
				ASSETCATALOG_COMPILER_APPICON_NAME = AppIcon;
				CODE_SIGN_STYLE = Automatic;
				DEVELOPMENT_ASSET_PATHS = lexickon_ios/Resources;
				DEVELOPMENT_TEAM = 6R8JR72J6T;
				ENABLE_PREVIEWS = YES;
				INFOPLIST_FILE = lexickon_ios/Resources/Info.plist;
				IPHONEOS_DEPLOYMENT_TARGET = 14.0;
				LD_RUNPATH_SEARCH_PATHS = (
					"$(inherited)",
					"@executable_path/Frameworks",
				);
				PRODUCT_BUNDLE_IDENTIFIER = "sergey.lexickon-ios";
				PRODUCT_NAME = "$(TARGET_NAME)";
				SWIFT_VERSION = 5.0;
				TARGETED_DEVICE_FAMILY = "1,2";
			};
			name = Debug;
		};
		EC4278F622D070E7001218AB /* Release */ = {
			isa = XCBuildConfiguration;
			buildSettings = {
				ASSETCATALOG_COMPILER_APPICON_NAME = AppIcon;
				CODE_SIGN_STYLE = Automatic;
				DEVELOPMENT_ASSET_PATHS = lexickon_ios/Resources;
				DEVELOPMENT_TEAM = 6R8JR72J6T;
				ENABLE_PREVIEWS = YES;
				INFOPLIST_FILE = lexickon_ios/Resources/Info.plist;
				IPHONEOS_DEPLOYMENT_TARGET = 14.0;
				LD_RUNPATH_SEARCH_PATHS = (
					"$(inherited)",
					"@executable_path/Frameworks",
				);
				PRODUCT_BUNDLE_IDENTIFIER = "sergey.lexickon-ios";
				PRODUCT_NAME = "$(TARGET_NAME)";
				SWIFT_VERSION = 5.0;
				TARGETED_DEVICE_FAMILY = "1,2";
			};
			name = Release;
		};
		EC4278F822D070E7001218AB /* Debug */ = {
			isa = XCBuildConfiguration;
			buildSettings = {
				ALWAYS_EMBED_SWIFT_STANDARD_LIBRARIES = YES;
				BUNDLE_LOADER = "$(TEST_HOST)";
				CODE_SIGN_STYLE = Automatic;
				INFOPLIST_FILE = lexickon_iosTests/Info.plist;
				LD_RUNPATH_SEARCH_PATHS = (
					"$(inherited)",
					"@executable_path/Frameworks",
					"@loader_path/Frameworks",
				);
				PRODUCT_BUNDLE_IDENTIFIER = "sergey.lexickon-iosTests";
				PRODUCT_NAME = "$(TARGET_NAME)";
				SWIFT_VERSION = 5.0;
				TARGETED_DEVICE_FAMILY = "1,2";
				TEST_HOST = "$(BUILT_PRODUCTS_DIR)/lexickon_ios.app/lexickon_ios";
			};
			name = Debug;
		};
		EC4278F922D070E7001218AB /* Release */ = {
			isa = XCBuildConfiguration;
			buildSettings = {
				ALWAYS_EMBED_SWIFT_STANDARD_LIBRARIES = YES;
				BUNDLE_LOADER = "$(TEST_HOST)";
				CODE_SIGN_STYLE = Automatic;
				INFOPLIST_FILE = lexickon_iosTests/Info.plist;
				LD_RUNPATH_SEARCH_PATHS = (
					"$(inherited)",
					"@executable_path/Frameworks",
					"@loader_path/Frameworks",
				);
				PRODUCT_BUNDLE_IDENTIFIER = "sergey.lexickon-iosTests";
				PRODUCT_NAME = "$(TARGET_NAME)";
				SWIFT_VERSION = 5.0;
				TARGETED_DEVICE_FAMILY = "1,2";
				TEST_HOST = "$(BUILT_PRODUCTS_DIR)/lexickon_ios.app/lexickon_ios";
			};
			name = Release;
		};
/* End XCBuildConfiguration section */

/* Begin XCConfigurationList section */
		EC4278D022D070E5001218AB /* Build configuration list for PBXProject "lexickon_ios" */ = {
			isa = XCConfigurationList;
			buildConfigurations = (
				EC4278F222D070E7001218AB /* Debug */,
				EC4278F322D070E7001218AB /* Release */,
			);
			defaultConfigurationIsVisible = 0;
			defaultConfigurationName = Release;
		};
		EC4278F422D070E7001218AB /* Build configuration list for PBXNativeTarget "lexickon_ios" */ = {
			isa = XCConfigurationList;
			buildConfigurations = (
				EC4278F522D070E7001218AB /* Debug */,
				EC4278F622D070E7001218AB /* Release */,
			);
			defaultConfigurationIsVisible = 0;
			defaultConfigurationName = Release;
		};
		EC4278F722D070E7001218AB /* Build configuration list for PBXNativeTarget "lexickon_iosTests" */ = {
			isa = XCConfigurationList;
			buildConfigurations = (
				EC4278F822D070E7001218AB /* Debug */,
				EC4278F922D070E7001218AB /* Release */,
			);
			defaultConfigurationIsVisible = 0;
			defaultConfigurationName = Release;
		};
/* End XCConfigurationList section */

/* Begin XCRemoteSwiftPackageReference section */
		EC3C3858254FED4D008D1D3C /* XCRemoteSwiftPackageReference "RxDataSources" */ = {
			isa = XCRemoteSwiftPackageReference;
			repositoryURL = "https://github.com/RxSwiftCommunity/RxDataSources.git";
			requirement = {
				kind = upToNextMajorVersion;
				minimumVersion = 5.0.0;
			};
		};
		EC3F44512520BF26004706DC /* XCRemoteSwiftPackageReference "RxSwift" */ = {
			isa = XCRemoteSwiftPackageReference;
			repositoryURL = "https://github.com/ReactiveX/RxSwift";
			requirement = {
				kind = upToNextMajorVersion;
				minimumVersion = 6.1.0;
			};
		};
		EC407EDD237C3B8400A3FD42 /* XCRemoteSwiftPackageReference "Validator" */ = {
			isa = XCRemoteSwiftPackageReference;
			repositoryURL = "https://github.com/Sergey231/Validator.git";
			requirement = {
				kind = upToNextMajorVersion;
				minimumVersion = 0.0.9;
			};
		};
		EC7330DD2541D9AC000B1EDD /* XCRemoteSwiftPackageReference "SwiftKeychainWrapper" */ = {
			isa = XCRemoteSwiftPackageReference;
			repositoryURL = "https://github.com/jrendel/SwiftKeychainWrapper.git";
			requirement = {
				kind = upToNextMajorVersion;
				minimumVersion = 4.0.1;
			};
		};
		EC7B6FA225861A1500EB1D28 /* XCRemoteSwiftPackageReference "SnapKit" */ = {
			isa = XCRemoteSwiftPackageReference;
			repositoryURL = "https://github.com/SnapKit/SnapKit.git";
			requirement = {
				kind = upToNextMajorVersion;
				minimumVersion = 5.0.1;
			};
		};
		ECAC1D5F255A848D008B0ECC /* XCRemoteSwiftPackageReference "LexickonApi" */ = {
			isa = XCRemoteSwiftPackageReference;
			repositoryURL = "https://github.com/Sergey231/LexickonApi.git";
			requirement = {
				kind = upToNextMajorVersion;
				minimumVersion = 0.8.5;
			};
		};
		ECB50D39259075B9003B9A68 /* XCRemoteSwiftPackageReference "Resolver" */ = {
			isa = XCRemoteSwiftPackageReference;
			repositoryURL = "https://github.com/hmlongco/Resolver.git";
			requirement = {
				kind = upToNextMajorVersion;
				minimumVersion = 1.2.1;
			};
		};
		ECBEB5052439C0DE0017855E /* XCRemoteSwiftPackageReference "RxFlow" */ = {
			isa = XCRemoteSwiftPackageReference;
			repositoryURL = "https://github.com/RxSwiftCommunity/RxFlow.git";
			requirement = {
				kind = upToNextMajorVersion;
				minimumVersion = 2.12.1;
			};
		};
		ECEA376825C2FF8A00D6C6DC /* XCRemoteSwiftPackageReference "lottie-ios" */ = {
			isa = XCRemoteSwiftPackageReference;
			repositoryURL = "https://github.com/airbnb/lottie-ios.git";
			requirement = {
				kind = upToNextMajorVersion;
				minimumVersion = 3.1.9;
			};
		};
/* End XCRemoteSwiftPackageReference section */

/* Begin XCSwiftPackageProductDependency section */
		EC1F9E2223E3478B0044EF9D /* UIExtensions */ = {
			isa = XCSwiftPackageProductDependency;
			productName = UIExtensions;
		};
		EC31385A2535D4D4007FFCB0 /* RxExtensions */ = {
			isa = XCSwiftPackageProductDependency;
			productName = RxExtensions;
		};
		EC3750F125B195030090F95F /* Assets */ = {
			isa = XCSwiftPackageProductDependency;
			productName = Assets;
		};
		EC3C3859254FED4D008D1D3C /* RxDataSources */ = {
			isa = XCSwiftPackageProductDependency;
			package = EC3C3858254FED4D008D1D3C /* XCRemoteSwiftPackageReference "RxDataSources" */;
			productName = RxDataSources;
		};
		EC3C385B254FED4D008D1D3C /* Differentiator */ = {
			isa = XCSwiftPackageProductDependency;
			package = EC3C3858254FED4D008D1D3C /* XCRemoteSwiftPackageReference "RxDataSources" */;
			productName = Differentiator;
		};
		EC3F44522520BF26004706DC /* RxSwift */ = {
			isa = XCSwiftPackageProductDependency;
			package = EC3F44512520BF26004706DC /* XCRemoteSwiftPackageReference "RxSwift" */;
			productName = RxSwift;
		};
		EC3F44542520BF26004706DC /* RxRelay */ = {
			isa = XCSwiftPackageProductDependency;
			package = EC3F44512520BF26004706DC /* XCRemoteSwiftPackageReference "RxSwift" */;
			productName = RxRelay;
		};
		EC3F44562520BF26004706DC /* RxCocoa */ = {
			isa = XCSwiftPackageProductDependency;
			package = EC3F44512520BF26004706DC /* XCRemoteSwiftPackageReference "RxSwift" */;
			productName = RxCocoa;
		};
		EC3F44582520BF26004706DC /* RxBlocking */ = {
			isa = XCSwiftPackageProductDependency;
			package = EC3F44512520BF26004706DC /* XCRemoteSwiftPackageReference "RxSwift" */;
			productName = RxBlocking;
		};
		EC407EDE237C3B8400A3FD42 /* Validator */ = {
			isa = XCSwiftPackageProductDependency;
			package = EC407EDD237C3B8400A3FD42 /* XCRemoteSwiftPackageReference "Validator" */;
			productName = Validator;
		};
		EC443D3926A2A6BA0004E854 /* LXUIKit */ = {
			isa = XCSwiftPackageProductDependency;
			productName = LXUIKit;
		};
		EC7B6FA325861A1500EB1D28 /* SnapKit */ = {
			isa = XCSwiftPackageProductDependency;
			package = EC7B6FA225861A1500EB1D28 /* XCRemoteSwiftPackageReference "SnapKit" */;
			productName = SnapKit;
		};
		ECA1695A25B038F100F2F19B /* KeychainRepository */ = {
			isa = XCSwiftPackageProductDependency;
			productName = KeychainRepository;
		};
		ECAC1D60255A848D008B0ECC /* LexickonApi */ = {
			isa = XCSwiftPackageProductDependency;
			package = ECAC1D5F255A848D008B0ECC /* XCRemoteSwiftPackageReference "LexickonApi" */;
			productName = LexickonApi;
		};
		ECAF5062257E663300F021EA /* Utils */ = {
			isa = XCSwiftPackageProductDependency;
			productName = Utils;
		};
		ECB50D3A259075B9003B9A68 /* Resolver */ = {
			isa = XCSwiftPackageProductDependency;
			package = ECB50D39259075B9003B9A68 /* XCRemoteSwiftPackageReference "Resolver" */;
			productName = Resolver;
		};
		ECBEB5062439C0DE0017855E /* RxFlow */ = {
			isa = XCSwiftPackageProductDependency;
			package = ECBEB5052439C0DE0017855E /* XCRemoteSwiftPackageReference "RxFlow" */;
			productName = RxFlow;
		};
		ECDA693925CEA19E005E07D5 /* WordsRepository */ = {
			isa = XCSwiftPackageProductDependency;
			productName = WordsRepository;
		};
		ECDCE5EA25B323890018110F /* TranslationRepository */ = {
			isa = XCSwiftPackageProductDependency;
			productName = TranslationRepository;
		};
		ECDCE5F725B41BE60018110F /* ApiRepository */ = {
			isa = XCSwiftPackageProductDependency;
			productName = ApiRepository;
		};
		ECE626B82650F0AA005573C6 /* UserRepository */ = {
			isa = XCSwiftPackageProductDependency;
			productName = UserRepository;
		};
		ECEA376925C2FF8A00D6C6DC /* Lottie */ = {
			isa = XCSwiftPackageProductDependency;
			package = ECEA376825C2FF8A00D6C6DC /* XCRemoteSwiftPackageReference "lottie-ios" */;
			productName = Lottie;
		};
		ECEF16E525B01B6D00A7ABC9 /* ConfigsRepository */ = {
			isa = XCSwiftPackageProductDependency;
			productName = ConfigsRepository;
		};
		ECEF16E925B01B6D00A7ABC9 /* KeyValueRepository */ = {
			isa = XCSwiftPackageProductDependency;
			productName = KeyValueRepository;
		};
		ECFB46B9267E3148004B5A6F /* LexickonStateEntity */ = {
			isa = XCSwiftPackageProductDependency;
			productName = LexickonStateEntity;
		};
		ECFE3F3F2650F42D00C1440A /* AuthTokenRepository */ = {
			isa = XCSwiftPackageProductDependency;
			productName = AuthTokenRepository;
		};
/* End XCSwiftPackageProductDependency section */
	};
	rootObject = EC4278CD22D070E5001218AB /* Project object */;
}
