// !$*UTF8*$!
{
	archiveVersion = 1;
	classes = {
	};
	objectVersion = 46;
	objects = {

/* Begin PBXBuildFile section */
		EC18DA8F2276BB9600FB40CE /* StartPresenter.swift in Sources */ = {isa = PBXBuildFile; fileRef = EC18DA8E2276BB9600FB40CE /* StartPresenter.swift */; };
		EC18DA912276BCC100FB40CE /* StartViewController.swift in Sources */ = {isa = PBXBuildFile; fileRef = EC18DA902276BCC100FB40CE /* StartViewController.swift */; };
		EC18DA932276BFCA00FB40CE /* AppAssembler.swift in Sources */ = {isa = PBXBuildFile; fileRef = EC18DA922276BFCA00FB40CE /* AppAssembler.swift */; };
		EC18DA97227808BF00FB40CE /* PresentationAssembler.swift in Sources */ = {isa = PBXBuildFile; fileRef = EC18DA96227808BF00FB40CE /* PresentationAssembler.swift */; };
		EC317D63227CA505002927D9 /* DomainAssembler.swift in Sources */ = {isa = PBXBuildFile; fileRef = EC317D62227CA505002927D9 /* DomainAssembler.swift */; };
		EC317D65227CB0E9002927D9 /* UserInteracter.swift in Sources */ = {isa = PBXBuildFile; fileRef = EC317D64227CB0E9002927D9 /* UserInteracter.swift */; };
		EC317D67227D523A002927D9 /* UserRepository.swift in Sources */ = {isa = PBXBuildFile; fileRef = EC317D66227D523A002927D9 /* UserRepository.swift */; };
		EC317D69227D99ED002927D9 /* DataAssembler.swift in Sources */ = {isa = PBXBuildFile; fileRef = EC317D68227D99ED002927D9 /* DataAssembler.swift */; };
		EC317D6B227D9C0E002927D9 /* Colors.xcassets in Resources */ = {isa = PBXBuildFile; fileRef = EC317D6A227D9C0E002927D9 /* Colors.xcassets */; };
		EC317D6C227DA580002927D9 /* PinLayout.framework in Frameworks */ = {isa = PBXBuildFile; fileRef = EC18DA942276C01B00FB40CE /* PinLayout.framework */; };
		EC317D6D227DA580002927D9 /* PinLayout.framework in Embed Frameworks */ = {isa = PBXBuildFile; fileRef = EC18DA942276C01B00FB40CE /* PinLayout.framework */; settings = {ATTRIBUTES = (CodeSignOnCopy, RemoveHeadersOnCopy, ); }; };
		EC317D6F227DA5AC002927D9 /* RxSwift.framework in Frameworks */ = {isa = PBXBuildFile; fileRef = ECDD70FA2261AC5300B1FB44 /* RxSwift.framework */; };
		EC317D70227DA5AC002927D9 /* RxSwift.framework in Embed Frameworks */ = {isa = PBXBuildFile; fileRef = ECDD70FA2261AC5300B1FB44 /* RxSwift.framework */; settings = {ATTRIBUTES = (CodeSignOnCopy, RemoveHeadersOnCopy, ); }; };
		EC317D71227DA5B4002927D9 /* RxCocoa.framework in Frameworks */ = {isa = PBXBuildFile; fileRef = ECDD70FB2261AC5300B1FB44 /* RxCocoa.framework */; };
		EC317D72227DA5B4002927D9 /* RxCocoa.framework in Embed Frameworks */ = {isa = PBXBuildFile; fileRef = ECDD70FB2261AC5300B1FB44 /* RxCocoa.framework */; settings = {ATTRIBUTES = (CodeSignOnCopy, RemoveHeadersOnCopy, ); }; };
		EC317D73227DA5BF002927D9 /* Swinject.framework in Frameworks */ = {isa = PBXBuildFile; fileRef = ECDD73DA2265A5ED00B1FB44 /* Swinject.framework */; };
		EC317D74227DA5BF002927D9 /* Swinject.framework in Embed Frameworks */ = {isa = PBXBuildFile; fileRef = ECDD73DA2265A5ED00B1FB44 /* Swinject.framework */; settings = {ATTRIBUTES = (CodeSignOnCopy, RemoveHeadersOnCopy, ); }; };
		EC8560B7229CE1D700ACF60E /* ButtonControl.swift in Sources */ = {isa = PBXBuildFile; fileRef = EC8560B6229CE1D700ACF60E /* ButtonControl.swift */; };
		EC9BFF15228EFF21001C5CB4 /* Colors.swift in Sources */ = {isa = PBXBuildFile; fileRef = EC9BFF14228EFF21001C5CB4 /* Colors.swift */; };
		EC9BFF18228F06F5001C5CB4 /* Localizable.strings in Resources */ = {isa = PBXBuildFile; fileRef = EC9BFF17228F06F5001C5CB4 /* Localizable.strings */; };
		EC9BFF1A228F0764001C5CB4 /* Strings.swift in Sources */ = {isa = PBXBuildFile; fileRef = EC9BFF19228F0764001C5CB4 /* Strings.swift */; };
		EC9BFF1E2291836D001C5CB4 /* StartLogoView.swift in Sources */ = {isa = PBXBuildFile; fileRef = EC9BFF1D2291836D001C5CB4 /* StartLogoView.swift */; };
		EC9BFF2A22945EA7001C5CB4 /* UIViewExtensions.swift in Sources */ = {isa = PBXBuildFile; fileRef = EC9BFF2922945EA7001C5CB4 /* UIViewExtensions.swift */; };
		ECDD70CA2261A6CC00B1FB44 /* AppDelegate.swift in Sources */ = {isa = PBXBuildFile; fileRef = ECDD70C92261A6CC00B1FB44 /* AppDelegate.swift */; };
		ECDD70D12261A6CE00B1FB44 /* Images.xcassets in Resources */ = {isa = PBXBuildFile; fileRef = ECDD70D02261A6CE00B1FB44 /* Images.xcassets */; };
		ECDD70D42261A6CE00B1FB44 /* LaunchScreen.storyboard in Resources */ = {isa = PBXBuildFile; fileRef = ECDD70D22261A6CE00B1FB44 /* LaunchScreen.storyboard */; };
		ECDD70DF2261A6CE00B1FB44 /* lexickon_iosTests.swift in Sources */ = {isa = PBXBuildFile; fileRef = ECDD70DE2261A6CE00B1FB44 /* lexickon_iosTests.swift */; };
		ECDD70EA2261A6CE00B1FB44 /* lexickon_iosUITests.swift in Sources */ = {isa = PBXBuildFile; fileRef = ECDD70E92261A6CE00B1FB44 /* lexickon_iosUITests.swift */; };
		ECDD70F82261A89000B1FB44 /* Cartfile in Resources */ = {isa = PBXBuildFile; fileRef = ECDD70F72261A88F00B1FB44 /* Cartfile */; };
/* End PBXBuildFile section */

/* Begin PBXContainerItemProxy section */
		ECDD70DB2261A6CE00B1FB44 /* PBXContainerItemProxy */ = {
			isa = PBXContainerItemProxy;
			containerPortal = ECDD70BE2261A6CC00B1FB44 /* Project object */;
			proxyType = 1;
			remoteGlobalIDString = ECDD70C52261A6CC00B1FB44;
			remoteInfo = lexickon_ios;
		};
		ECDD70E62261A6CE00B1FB44 /* PBXContainerItemProxy */ = {
			isa = PBXContainerItemProxy;
			containerPortal = ECDD70BE2261A6CC00B1FB44 /* Project object */;
			proxyType = 1;
			remoteGlobalIDString = ECDD70C52261A6CC00B1FB44;
			remoteInfo = lexickon_ios;
		};
/* End PBXContainerItemProxy section */

/* Begin PBXCopyFilesBuildPhase section */
		EC317D6E227DA580002927D9 /* Embed Frameworks */ = {
			isa = PBXCopyFilesBuildPhase;
			buildActionMask = 2147483647;
			dstPath = "";
			dstSubfolderSpec = 10;
			files = (
				EC317D72227DA5B4002927D9 /* RxCocoa.framework in Embed Frameworks */,
				EC317D74227DA5BF002927D9 /* Swinject.framework in Embed Frameworks */,
				EC317D70227DA5AC002927D9 /* RxSwift.framework in Embed Frameworks */,
				EC317D6D227DA580002927D9 /* PinLayout.framework in Embed Frameworks */,
			);
			name = "Embed Frameworks";
			runOnlyForDeploymentPostprocessing = 0;
		};
/* End PBXCopyFilesBuildPhase section */

/* Begin PBXFileReference section */
		EC18DA862273579B00FB40CE /* README.md */ = {isa = PBXFileReference; lastKnownFileType = net.daringfireball.markdown; path = README.md; sourceTree = "<group>"; };
		EC18DA8E2276BB9600FB40CE /* StartPresenter.swift */ = {isa = PBXFileReference; lastKnownFileType = sourcecode.swift; path = StartPresenter.swift; sourceTree = "<group>"; };
		EC18DA902276BCC100FB40CE /* StartViewController.swift */ = {isa = PBXFileReference; lastKnownFileType = sourcecode.swift; path = StartViewController.swift; sourceTree = "<group>"; };
		EC18DA922276BFCA00FB40CE /* AppAssembler.swift */ = {isa = PBXFileReference; lastKnownFileType = sourcecode.swift; path = AppAssembler.swift; sourceTree = "<group>"; };
		EC18DA942276C01B00FB40CE /* PinLayout.framework */ = {isa = PBXFileReference; lastKnownFileType = wrapper.framework; name = PinLayout.framework; path = Carthage/Build/iOS/PinLayout.framework; sourceTree = "<group>"; };
		EC18DA96227808BF00FB40CE /* PresentationAssembler.swift */ = {isa = PBXFileReference; lastKnownFileType = sourcecode.swift; path = PresentationAssembler.swift; sourceTree = "<group>"; };
		EC317D62227CA505002927D9 /* DomainAssembler.swift */ = {isa = PBXFileReference; lastKnownFileType = sourcecode.swift; path = DomainAssembler.swift; sourceTree = "<group>"; };
		EC317D64227CB0E9002927D9 /* UserInteracter.swift */ = {isa = PBXFileReference; lastKnownFileType = sourcecode.swift; path = UserInteracter.swift; sourceTree = "<group>"; };
		EC317D66227D523A002927D9 /* UserRepository.swift */ = {isa = PBXFileReference; lastKnownFileType = sourcecode.swift; path = UserRepository.swift; sourceTree = "<group>"; };
		EC317D68227D99ED002927D9 /* DataAssembler.swift */ = {isa = PBXFileReference; lastKnownFileType = sourcecode.swift; path = DataAssembler.swift; sourceTree = "<group>"; };
		EC317D6A227D9C0E002927D9 /* Colors.xcassets */ = {isa = PBXFileReference; lastKnownFileType = folder.assetcatalog; path = Colors.xcassets; sourceTree = "<group>"; };
		EC8560B6229CE1D700ACF60E /* ButtonControl.swift */ = {isa = PBXFileReference; lastKnownFileType = sourcecode.swift; path = ButtonControl.swift; sourceTree = "<group>"; };
		EC9BFF14228EFF21001C5CB4 /* Colors.swift */ = {isa = PBXFileReference; lastKnownFileType = sourcecode.swift; path = Colors.swift; sourceTree = "<group>"; };
		EC9BFF16228F01FC001C5CB4 /* swiftgen.yml */ = {isa = PBXFileReference; lastKnownFileType = text; path = swiftgen.yml; sourceTree = SOURCE_ROOT; };
		EC9BFF17228F06F5001C5CB4 /* Localizable.strings */ = {isa = PBXFileReference; lastKnownFileType = text.plist.strings; path = Localizable.strings; sourceTree = "<group>"; };
		EC9BFF19228F0764001C5CB4 /* Strings.swift */ = {isa = PBXFileReference; lastKnownFileType = sourcecode.swift; path = Strings.swift; sourceTree = "<group>"; };
		EC9BFF1D2291836D001C5CB4 /* StartLogoView.swift */ = {isa = PBXFileReference; lastKnownFileType = sourcecode.swift; path = StartLogoView.swift; sourceTree = "<group>"; };
		EC9BFF2922945EA7001C5CB4 /* UIViewExtensions.swift */ = {isa = PBXFileReference; lastKnownFileType = sourcecode.swift; path = UIViewExtensions.swift; sourceTree = "<group>"; };
		ECDD70C62261A6CC00B1FB44 /* lexickon_ios.app */ = {isa = PBXFileReference; explicitFileType = wrapper.application; includeInIndex = 0; path = lexickon_ios.app; sourceTree = BUILT_PRODUCTS_DIR; };
		ECDD70C92261A6CC00B1FB44 /* AppDelegate.swift */ = {isa = PBXFileReference; lastKnownFileType = sourcecode.swift; path = AppDelegate.swift; sourceTree = "<group>"; };
		ECDD70D02261A6CE00B1FB44 /* Images.xcassets */ = {isa = PBXFileReference; lastKnownFileType = folder.assetcatalog; path = Images.xcassets; sourceTree = "<group>"; };
		ECDD70D32261A6CE00B1FB44 /* Base */ = {isa = PBXFileReference; lastKnownFileType = file.storyboard; name = Base; path = Base.lproj/LaunchScreen.storyboard; sourceTree = "<group>"; };
		ECDD70D52261A6CE00B1FB44 /* Info.plist */ = {isa = PBXFileReference; lastKnownFileType = text.plist.xml; path = Info.plist; sourceTree = "<group>"; };
		ECDD70DA2261A6CE00B1FB44 /* lexickon_iosTests.xctest */ = {isa = PBXFileReference; explicitFileType = wrapper.cfbundle; includeInIndex = 0; path = lexickon_iosTests.xctest; sourceTree = BUILT_PRODUCTS_DIR; };
		ECDD70DE2261A6CE00B1FB44 /* lexickon_iosTests.swift */ = {isa = PBXFileReference; lastKnownFileType = sourcecode.swift; path = lexickon_iosTests.swift; sourceTree = "<group>"; };
		ECDD70E02261A6CE00B1FB44 /* Info.plist */ = {isa = PBXFileReference; lastKnownFileType = text.plist.xml; path = Info.plist; sourceTree = "<group>"; };
		ECDD70E52261A6CE00B1FB44 /* lexickon_iosUITests.xctest */ = {isa = PBXFileReference; explicitFileType = wrapper.cfbundle; includeInIndex = 0; path = lexickon_iosUITests.xctest; sourceTree = BUILT_PRODUCTS_DIR; };
		ECDD70E92261A6CE00B1FB44 /* lexickon_iosUITests.swift */ = {isa = PBXFileReference; lastKnownFileType = sourcecode.swift; path = lexickon_iosUITests.swift; sourceTree = "<group>"; };
		ECDD70EB2261A6CE00B1FB44 /* Info.plist */ = {isa = PBXFileReference; lastKnownFileType = text.plist.xml; path = Info.plist; sourceTree = "<group>"; };
		ECDD70F72261A88F00B1FB44 /* Cartfile */ = {isa = PBXFileReference; fileEncoding = 4; lastKnownFileType = text; name = Cartfile; path = Resources/Cartfile; sourceTree = SOURCE_ROOT; };
		ECDD70FA2261AC5300B1FB44 /* RxSwift.framework */ = {isa = PBXFileReference; lastKnownFileType = wrapper.framework; name = RxSwift.framework; path = Carthage/Build/iOS/RxSwift.framework; sourceTree = "<group>"; };
		ECDD70FB2261AC5300B1FB44 /* RxCocoa.framework */ = {isa = PBXFileReference; lastKnownFileType = wrapper.framework; name = RxCocoa.framework; path = Carthage/Build/iOS/RxCocoa.framework; sourceTree = "<group>"; };
		ECDD73DA2265A5ED00B1FB44 /* Swinject.framework */ = {isa = PBXFileReference; lastKnownFileType = wrapper.framework; name = Swinject.framework; path = Carthage/Build/iOS/Swinject.framework; sourceTree = "<group>"; };
/* End PBXFileReference section */

/* Begin PBXFrameworksBuildPhase section */
		ECDD70C32261A6CC00B1FB44 /* Frameworks */ = {
			isa = PBXFrameworksBuildPhase;
			buildActionMask = 2147483647;
			files = (
				EC317D6F227DA5AC002927D9 /* RxSwift.framework in Frameworks */,
				EC317D71227DA5B4002927D9 /* RxCocoa.framework in Frameworks */,
				EC317D73227DA5BF002927D9 /* Swinject.framework in Frameworks */,
				EC317D6C227DA580002927D9 /* PinLayout.framework in Frameworks */,
			);
			runOnlyForDeploymentPostprocessing = 0;
		};
		ECDD70D72261A6CE00B1FB44 /* Frameworks */ = {
			isa = PBXFrameworksBuildPhase;
			buildActionMask = 2147483647;
			files = (
			);
			runOnlyForDeploymentPostprocessing = 0;
		};
		ECDD70E22261A6CE00B1FB44 /* Frameworks */ = {
			isa = PBXFrameworksBuildPhase;
			buildActionMask = 2147483647;
			files = (
			);
			runOnlyForDeploymentPostprocessing = 0;
		};
/* End PBXFrameworksBuildPhase section */

/* Begin PBXGroup section */
		EC18DA872276B68C00FB40CE /* Presentation Layer */ = {
			isa = PBXGroup;
			children = (
				EC9BFF2822945E82001C5CB4 /* UIExtensions */,
				EC9BFF1C229182C8001C5CB4 /* Views */,
				EC18DA96227808BF00FB40CE /* PresentationAssembler.swift */,
				EC9BFF1B22904306001C5CB4 /* Start */,
			);
			path = "Presentation Layer";
			sourceTree = "<group>";
		};
		EC18DA882276B6B400FB40CE /* Domain Layer */ = {
			isa = PBXGroup;
			children = (
				EC317D62227CA505002927D9 /* DomainAssembler.swift */,
				EC18DA8B2276BA4200FB40CE /* Interactors */,
				EC18DA8C2276BA6300FB40CE /* Entities */,
			);
			path = "Domain Layer";
			sourceTree = "<group>";
		};
		EC18DA892276B77200FB40CE /* Data Layer */ = {
			isa = PBXGroup;
			children = (
				EC317D68227D99ED002927D9 /* DataAssembler.swift */,
				EC18DA8A2276BA1600FB40CE /* Repositories */,
			);
			path = "Data Layer";
			sourceTree = "<group>";
		};
		EC18DA8A2276BA1600FB40CE /* Repositories */ = {
			isa = PBXGroup;
			children = (
				EC317D66227D523A002927D9 /* UserRepository.swift */,
			);
			path = Repositories;
			sourceTree = "<group>";
		};
		EC18DA8B2276BA4200FB40CE /* Interactors */ = {
			isa = PBXGroup;
			children = (
				EC317D64227CB0E9002927D9 /* UserInteracter.swift */,
			);
			path = Interactors;
			sourceTree = "<group>";
		};
		EC18DA8C2276BA6300FB40CE /* Entities */ = {
			isa = PBXGroup;
			children = (
			);
			path = Entities;
			sourceTree = "<group>";
		};
		EC3DE45C228EFCA600F9AB86 /* Resources */ = {
			isa = PBXGroup;
			children = (
				EC9BFF13228EFEC9001C5CB4 /* Generated */,
				ECDD70D02261A6CE00B1FB44 /* Images.xcassets */,
				EC317D6A227D9C0E002927D9 /* Colors.xcassets */,
				ECDD70D22261A6CE00B1FB44 /* LaunchScreen.storyboard */,
				ECDD70D52261A6CE00B1FB44 /* Info.plist */,
				ECDD70F72261A88F00B1FB44 /* Cartfile */,
				EC9BFF16228F01FC001C5CB4 /* swiftgen.yml */,
				EC9BFF17228F06F5001C5CB4 /* Localizable.strings */,
			);
			path = Resources;
			sourceTree = "<group>";
		};
		EC9BFF13228EFEC9001C5CB4 /* Generated */ = {
			isa = PBXGroup;
			children = (
				EC9BFF14228EFF21001C5CB4 /* Colors.swift */,
				EC9BFF19228F0764001C5CB4 /* Strings.swift */,
			);
			path = Generated;
			sourceTree = "<group>";
		};
		EC9BFF1B22904306001C5CB4 /* Start */ = {
			isa = PBXGroup;
			children = (
				EC18DA8E2276BB9600FB40CE /* StartPresenter.swift */,
				EC18DA902276BCC100FB40CE /* StartViewController.swift */,
			);
			path = Start;
			sourceTree = "<group>";
		};
		EC9BFF1C229182C8001C5CB4 /* Views */ = {
			isa = PBXGroup;
			children = (
				EC9BFF1D2291836D001C5CB4 /* StartLogoView.swift */,
				EC8560B6229CE1D700ACF60E /* ButtonControl.swift */,
			);
			path = Views;
			sourceTree = "<group>";
		};
		EC9BFF2822945E82001C5CB4 /* UIExtensions */ = {
			isa = PBXGroup;
			children = (
				EC9BFF2922945EA7001C5CB4 /* UIViewExtensions.swift */,
			);
			path = UIExtensions;
			sourceTree = "<group>";
		};
		ECDD70BD2261A6CC00B1FB44 = {
			isa = PBXGroup;
			children = (
				EC18DA862273579B00FB40CE /* README.md */,
				ECDD70C82261A6CC00B1FB44 /* lexickon_ios */,
				ECDD70DD2261A6CE00B1FB44 /* lexickon_iosTests */,
				ECDD70E82261A6CE00B1FB44 /* lexickon_iosUITests */,
				EC3DE45C228EFCA600F9AB86 /* Resources */,
				ECDD70C72261A6CC00B1FB44 /* Products */,
				ECDD70F92261AC5300B1FB44 /* Frameworks */,
			);
			sourceTree = "<group>";
		};
		ECDD70C72261A6CC00B1FB44 /* Products */ = {
			isa = PBXGroup;
			children = (
				ECDD70C62261A6CC00B1FB44 /* lexickon_ios.app */,
				ECDD70DA2261A6CE00B1FB44 /* lexickon_iosTests.xctest */,
				ECDD70E52261A6CE00B1FB44 /* lexickon_iosUITests.xctest */,
			);
			name = Products;
			sourceTree = "<group>";
		};
		ECDD70C82261A6CC00B1FB44 /* lexickon_ios */ = {
			isa = PBXGroup;
			children = (
				ECDD70C92261A6CC00B1FB44 /* AppDelegate.swift */,
				EC18DA922276BFCA00FB40CE /* AppAssembler.swift */,
				EC18DA872276B68C00FB40CE /* Presentation Layer */,
				EC18DA882276B6B400FB40CE /* Domain Layer */,
				EC18DA892276B77200FB40CE /* Data Layer */,
			);
			path = lexickon_ios;
			sourceTree = "<group>";
		};
		ECDD70DD2261A6CE00B1FB44 /* lexickon_iosTests */ = {
			isa = PBXGroup;
			children = (
				ECDD70DE2261A6CE00B1FB44 /* lexickon_iosTests.swift */,
				ECDD70E02261A6CE00B1FB44 /* Info.plist */,
			);
			path = lexickon_iosTests;
			sourceTree = "<group>";
		};
		ECDD70E82261A6CE00B1FB44 /* lexickon_iosUITests */ = {
			isa = PBXGroup;
			children = (
				ECDD70E92261A6CE00B1FB44 /* lexickon_iosUITests.swift */,
				ECDD70EB2261A6CE00B1FB44 /* Info.plist */,
			);
			path = lexickon_iosUITests;
			sourceTree = "<group>";
		};
		ECDD70F92261AC5300B1FB44 /* Frameworks */ = {
			isa = PBXGroup;
			children = (
				EC18DA942276C01B00FB40CE /* PinLayout.framework */,
				ECDD73DA2265A5ED00B1FB44 /* Swinject.framework */,
				ECDD70FB2261AC5300B1FB44 /* RxCocoa.framework */,
				ECDD70FA2261AC5300B1FB44 /* RxSwift.framework */,
			);
			name = Frameworks;
			sourceTree = "<group>";
		};
/* End PBXGroup section */

/* Begin PBXNativeTarget section */
		ECDD70C52261A6CC00B1FB44 /* lexickon_ios */ = {
			isa = PBXNativeTarget;
			buildConfigurationList = ECDD70EE2261A6CE00B1FB44 /* Build configuration list for PBXNativeTarget "lexickon_ios" */;
			buildPhases = (
				EC1F8081228089AA00339CB6 /* ShellScript */,
				ECDD70C22261A6CC00B1FB44 /* Sources */,
				ECDD70C32261A6CC00B1FB44 /* Frameworks */,
				ECDD70C42261A6CC00B1FB44 /* Resources */,
				EC317D6E227DA580002927D9 /* Embed Frameworks */,
			);
			buildRules = (
			);
			dependencies = (
			);
			name = lexickon_ios;
			productName = lexickon_ios;
			productReference = ECDD70C62261A6CC00B1FB44 /* lexickon_ios.app */;
			productType = "com.apple.product-type.application";
		};
		ECDD70D92261A6CE00B1FB44 /* lexickon_iosTests */ = {
			isa = PBXNativeTarget;
			buildConfigurationList = ECDD70F12261A6CE00B1FB44 /* Build configuration list for PBXNativeTarget "lexickon_iosTests" */;
			buildPhases = (
				ECDD70D62261A6CE00B1FB44 /* Sources */,
				ECDD70D72261A6CE00B1FB44 /* Frameworks */,
				ECDD70D82261A6CE00B1FB44 /* Resources */,
			);
			buildRules = (
			);
			dependencies = (
				ECDD70DC2261A6CE00B1FB44 /* PBXTargetDependency */,
			);
			name = lexickon_iosTests;
			productName = lexickon_iosTests;
			productReference = ECDD70DA2261A6CE00B1FB44 /* lexickon_iosTests.xctest */;
			productType = "com.apple.product-type.bundle.unit-test";
		};
		ECDD70E42261A6CE00B1FB44 /* lexickon_iosUITests */ = {
			isa = PBXNativeTarget;
			buildConfigurationList = ECDD70F42261A6CE00B1FB44 /* Build configuration list for PBXNativeTarget "lexickon_iosUITests" */;
			buildPhases = (
				ECDD70E12261A6CE00B1FB44 /* Sources */,
				ECDD70E22261A6CE00B1FB44 /* Frameworks */,
				ECDD70E32261A6CE00B1FB44 /* Resources */,
			);
			buildRules = (
			);
			dependencies = (
				ECDD70E72261A6CE00B1FB44 /* PBXTargetDependency */,
			);
			name = lexickon_iosUITests;
			productName = lexickon_iosUITests;
			productReference = ECDD70E52261A6CE00B1FB44 /* lexickon_iosUITests.xctest */;
			productType = "com.apple.product-type.bundle.ui-testing";
		};
/* End PBXNativeTarget section */

/* Begin PBXProject section */
		ECDD70BE2261A6CC00B1FB44 /* Project object */ = {
			isa = PBXProject;
			attributes = {
				LastSwiftUpdateCheck = 1020;
				LastUpgradeCheck = 1020;
				ORGANIZATIONNAME = "Sergey Borovikov";
				TargetAttributes = {
					ECDD70C52261A6CC00B1FB44 = {
						CreatedOnToolsVersion = 10.2;
						DevelopmentTeam = 6R8JR72J6T;
						ProvisioningStyle = Automatic;
					};
					ECDD70D92261A6CE00B1FB44 = {
						CreatedOnToolsVersion = 10.2;
						DevelopmentTeam = 6R8JR72J6T;
						ProvisioningStyle = Automatic;
						TestTargetID = ECDD70C52261A6CC00B1FB44;
					};
					ECDD70E42261A6CE00B1FB44 = {
						CreatedOnToolsVersion = 10.2;
						DevelopmentTeam = 6R8JR72J6T;
						ProvisioningStyle = Automatic;
						TestTargetID = ECDD70C52261A6CC00B1FB44;
					};
				};
			};
			buildConfigurationList = ECDD70C12261A6CC00B1FB44 /* Build configuration list for PBXProject "lexickon_ios" */;
			compatibilityVersion = "Xcode 3.2";
			developmentRegion = en;
			hasScannedForEncodings = 0;
			knownRegions = (
				en,
				Base,
			);
			mainGroup = ECDD70BD2261A6CC00B1FB44;
			productRefGroup = ECDD70C72261A6CC00B1FB44 /* Products */;
			projectDirPath = "";
			projectRoot = "";
			targets = (
				ECDD70C52261A6CC00B1FB44 /* lexickon_ios */,
				ECDD70D92261A6CE00B1FB44 /* lexickon_iosTests */,
				ECDD70E42261A6CE00B1FB44 /* lexickon_iosUITests */,
			);
		};
/* End PBXProject section */

/* Begin PBXResourcesBuildPhase section */
		ECDD70C42261A6CC00B1FB44 /* Resources */ = {
			isa = PBXResourcesBuildPhase;
			buildActionMask = 2147483647;
			files = (
				EC9BFF18228F06F5001C5CB4 /* Localizable.strings in Resources */,
				ECDD70D42261A6CE00B1FB44 /* LaunchScreen.storyboard in Resources */,
				EC317D6B227D9C0E002927D9 /* Colors.xcassets in Resources */,
				ECDD70D12261A6CE00B1FB44 /* Images.xcassets in Resources */,
				ECDD70F82261A89000B1FB44 /* Cartfile in Resources */,
			);
			runOnlyForDeploymentPostprocessing = 0;
		};
		ECDD70D82261A6CE00B1FB44 /* Resources */ = {
			isa = PBXResourcesBuildPhase;
			buildActionMask = 2147483647;
			files = (
			);
			runOnlyForDeploymentPostprocessing = 0;
		};
		ECDD70E32261A6CE00B1FB44 /* Resources */ = {
			isa = PBXResourcesBuildPhase;
			buildActionMask = 2147483647;
			files = (
			);
			runOnlyForDeploymentPostprocessing = 0;
		};
/* End PBXResourcesBuildPhase section */

/* Begin PBXShellScriptBuildPhase section */
		EC1F8081228089AA00339CB6 /* ShellScript */ = {
			isa = PBXShellScriptBuildPhase;
			buildActionMask = 2147483647;
			files = (
			);
			inputFileListPaths = (
			);
			inputPaths = (
				"$TEMP_DIR/rswift-lastrun",
			);
			outputFileListPaths = (
			);
			outputPaths = (
				$SRCROOT/R.generated.swift,
			);
			runOnlyForDeploymentPostprocessing = 0;
			shellPath = /bin/sh;
			shellScript = "# Type a script or drag a script file from your workspace to insert its path.\n\"swiftgen\"\n";
		};
/* End PBXShellScriptBuildPhase section */

/* Begin PBXSourcesBuildPhase section */
		ECDD70C22261A6CC00B1FB44 /* Sources */ = {
			isa = PBXSourcesBuildPhase;
			buildActionMask = 2147483647;
			files = (
				EC18DA97227808BF00FB40CE /* PresentationAssembler.swift in Sources */,
				EC9BFF1A228F0764001C5CB4 /* Strings.swift in Sources */,
				EC9BFF15228EFF21001C5CB4 /* Colors.swift in Sources */,
				EC9BFF2A22945EA7001C5CB4 /* UIViewExtensions.swift in Sources */,
				EC317D65227CB0E9002927D9 /* UserInteracter.swift in Sources */,
				EC317D69227D99ED002927D9 /* DataAssembler.swift in Sources */,
				EC9BFF1E2291836D001C5CB4 /* StartLogoView.swift in Sources */,
				EC18DA932276BFCA00FB40CE /* AppAssembler.swift in Sources */,
				EC18DA912276BCC100FB40CE /* StartViewController.swift in Sources */,
				EC8560B7229CE1D700ACF60E /* ButtonControl.swift in Sources */,
				ECDD70CA2261A6CC00B1FB44 /* AppDelegate.swift in Sources */,
				EC317D63227CA505002927D9 /* DomainAssembler.swift in Sources */,
				EC317D67227D523A002927D9 /* UserRepository.swift in Sources */,
				EC18DA8F2276BB9600FB40CE /* StartPresenter.swift in Sources */,
			);
			runOnlyForDeploymentPostprocessing = 0;
		};
		ECDD70D62261A6CE00B1FB44 /* Sources */ = {
			isa = PBXSourcesBuildPhase;
			buildActionMask = 2147483647;
			files = (
				ECDD70DF2261A6CE00B1FB44 /* lexickon_iosTests.swift in Sources */,
			);
			runOnlyForDeploymentPostprocessing = 0;
		};
		ECDD70E12261A6CE00B1FB44 /* Sources */ = {
			isa = PBXSourcesBuildPhase;
			buildActionMask = 2147483647;
			files = (
				ECDD70EA2261A6CE00B1FB44 /* lexickon_iosUITests.swift in Sources */,
			);
			runOnlyForDeploymentPostprocessing = 0;
		};
/* End PBXSourcesBuildPhase section */

/* Begin PBXTargetDependency section */
		ECDD70DC2261A6CE00B1FB44 /* PBXTargetDependency */ = {
			isa = PBXTargetDependency;
			target = ECDD70C52261A6CC00B1FB44 /* lexickon_ios */;
			targetProxy = ECDD70DB2261A6CE00B1FB44 /* PBXContainerItemProxy */;
		};
		ECDD70E72261A6CE00B1FB44 /* PBXTargetDependency */ = {
			isa = PBXTargetDependency;
			target = ECDD70C52261A6CC00B1FB44 /* lexickon_ios */;
			targetProxy = ECDD70E62261A6CE00B1FB44 /* PBXContainerItemProxy */;
		};
/* End PBXTargetDependency section */

/* Begin PBXVariantGroup section */
		ECDD70D22261A6CE00B1FB44 /* LaunchScreen.storyboard */ = {
			isa = PBXVariantGroup;
			children = (
				ECDD70D32261A6CE00B1FB44 /* Base */,
			);
			name = LaunchScreen.storyboard;
			sourceTree = "<group>";
		};
/* End PBXVariantGroup section */

/* Begin XCBuildConfiguration section */
		ECDD70EC2261A6CE00B1FB44 /* Debug */ = {
			isa = XCBuildConfiguration;
			buildSettings = {
				ALWAYS_SEARCH_USER_PATHS = NO;
				CLANG_ANALYZER_NONNULL = YES;
				CLANG_ANALYZER_NUMBER_OBJECT_CONVERSION = YES_AGGRESSIVE;
				CLANG_CXX_LANGUAGE_STANDARD = "gnu++14";
				CLANG_CXX_LIBRARY = "libc++";
				CLANG_ENABLE_MODULES = YES;
				CLANG_ENABLE_OBJC_ARC = YES;
				CLANG_ENABLE_OBJC_WEAK = YES;
				CLANG_WARN_BLOCK_CAPTURE_AUTORELEASING = YES;
				CLANG_WARN_BOOL_CONVERSION = YES;
				CLANG_WARN_COMMA = YES;
				CLANG_WARN_CONSTANT_CONVERSION = YES;
				CLANG_WARN_DEPRECATED_OBJC_IMPLEMENTATIONS = YES;
				CLANG_WARN_DIRECT_OBJC_ISA_USAGE = YES_ERROR;
				CLANG_WARN_DOCUMENTATION_COMMENTS = YES;
				CLANG_WARN_EMPTY_BODY = YES;
				CLANG_WARN_ENUM_CONVERSION = YES;
				CLANG_WARN_INFINITE_RECURSION = YES;
				CLANG_WARN_INT_CONVERSION = YES;
				CLANG_WARN_NON_LITERAL_NULL_CONVERSION = YES;
				CLANG_WARN_OBJC_IMPLICIT_RETAIN_SELF = YES;
				CLANG_WARN_OBJC_LITERAL_CONVERSION = YES;
				CLANG_WARN_OBJC_ROOT_CLASS = YES_ERROR;
				CLANG_WARN_RANGE_LOOP_ANALYSIS = YES;
				CLANG_WARN_STRICT_PROTOTYPES = YES;
				CLANG_WARN_SUSPICIOUS_MOVE = YES;
				CLANG_WARN_UNGUARDED_AVAILABILITY = YES_AGGRESSIVE;
				CLANG_WARN_UNREACHABLE_CODE = YES;
				CLANG_WARN__DUPLICATE_METHOD_MATCH = YES;
				CODE_SIGN_IDENTITY = "iPhone Developer";
				COPY_PHASE_STRIP = NO;
				DEBUG_INFORMATION_FORMAT = dwarf;
				ENABLE_STRICT_OBJC_MSGSEND = YES;
				ENABLE_TESTABILITY = YES;
				GCC_C_LANGUAGE_STANDARD = gnu11;
				GCC_DYNAMIC_NO_PIC = NO;
				GCC_NO_COMMON_BLOCKS = YES;
				GCC_OPTIMIZATION_LEVEL = 0;
				GCC_PREPROCESSOR_DEFINITIONS = (
					"DEBUG=1",
					"$(inherited)",
				);
				GCC_WARN_64_TO_32_BIT_CONVERSION = YES;
				GCC_WARN_ABOUT_RETURN_TYPE = YES_ERROR;
				GCC_WARN_UNDECLARED_SELECTOR = YES;
				GCC_WARN_UNINITIALIZED_AUTOS = YES_AGGRESSIVE;
				GCC_WARN_UNUSED_FUNCTION = YES;
				GCC_WARN_UNUSED_VARIABLE = YES;
				IPHONEOS_DEPLOYMENT_TARGET = 12.2;
				MTL_ENABLE_DEBUG_INFO = INCLUDE_SOURCE;
				MTL_FAST_MATH = YES;
				ONLY_ACTIVE_ARCH = YES;
				SDKROOT = iphoneos;
				SWIFT_ACTIVE_COMPILATION_CONDITIONS = DEBUG;
				SWIFT_OPTIMIZATION_LEVEL = "-Onone";
			};
			name = Debug;
		};
		ECDD70ED2261A6CE00B1FB44 /* Release */ = {
			isa = XCBuildConfiguration;
			buildSettings = {
				ALWAYS_SEARCH_USER_PATHS = NO;
				CLANG_ANALYZER_NONNULL = YES;
				CLANG_ANALYZER_NUMBER_OBJECT_CONVERSION = YES_AGGRESSIVE;
				CLANG_CXX_LANGUAGE_STANDARD = "gnu++14";
				CLANG_CXX_LIBRARY = "libc++";
				CLANG_ENABLE_MODULES = YES;
				CLANG_ENABLE_OBJC_ARC = YES;
				CLANG_ENABLE_OBJC_WEAK = YES;
				CLANG_WARN_BLOCK_CAPTURE_AUTORELEASING = YES;
				CLANG_WARN_BOOL_CONVERSION = YES;
				CLANG_WARN_COMMA = YES;
				CLANG_WARN_CONSTANT_CONVERSION = YES;
				CLANG_WARN_DEPRECATED_OBJC_IMPLEMENTATIONS = YES;
				CLANG_WARN_DIRECT_OBJC_ISA_USAGE = YES_ERROR;
				CLANG_WARN_DOCUMENTATION_COMMENTS = YES;
				CLANG_WARN_EMPTY_BODY = YES;
				CLANG_WARN_ENUM_CONVERSION = YES;
				CLANG_WARN_INFINITE_RECURSION = YES;
				CLANG_WARN_INT_CONVERSION = YES;
				CLANG_WARN_NON_LITERAL_NULL_CONVERSION = YES;
				CLANG_WARN_OBJC_IMPLICIT_RETAIN_SELF = YES;
				CLANG_WARN_OBJC_LITERAL_CONVERSION = YES;
				CLANG_WARN_OBJC_ROOT_CLASS = YES_ERROR;
				CLANG_WARN_RANGE_LOOP_ANALYSIS = YES;
				CLANG_WARN_STRICT_PROTOTYPES = YES;
				CLANG_WARN_SUSPICIOUS_MOVE = YES;
				CLANG_WARN_UNGUARDED_AVAILABILITY = YES_AGGRESSIVE;
				CLANG_WARN_UNREACHABLE_CODE = YES;
				CLANG_WARN__DUPLICATE_METHOD_MATCH = YES;
				CODE_SIGN_IDENTITY = "iPhone Developer";
				COPY_PHASE_STRIP = NO;
				DEBUG_INFORMATION_FORMAT = "dwarf-with-dsym";
				ENABLE_NS_ASSERTIONS = NO;
				ENABLE_STRICT_OBJC_MSGSEND = YES;
				GCC_C_LANGUAGE_STANDARD = gnu11;
				GCC_NO_COMMON_BLOCKS = YES;
				GCC_WARN_64_TO_32_BIT_CONVERSION = YES;
				GCC_WARN_ABOUT_RETURN_TYPE = YES_ERROR;
				GCC_WARN_UNDECLARED_SELECTOR = YES;
				GCC_WARN_UNINITIALIZED_AUTOS = YES_AGGRESSIVE;
				GCC_WARN_UNUSED_FUNCTION = YES;
				GCC_WARN_UNUSED_VARIABLE = YES;
				IPHONEOS_DEPLOYMENT_TARGET = 12.2;
				MTL_ENABLE_DEBUG_INFO = NO;
				MTL_FAST_MATH = YES;
				SDKROOT = iphoneos;
				SWIFT_OPTIMIZATION_LEVEL = "-Owholemodule";
				VALIDATE_PRODUCT = YES;
			};
			name = Release;
		};
		ECDD70EF2261A6CE00B1FB44 /* Debug */ = {
			isa = XCBuildConfiguration;
			buildSettings = {
				ASSETCATALOG_COMPILER_APPICON_NAME = AppIcon;
				CODE_SIGN_STYLE = Automatic;
				DEVELOPMENT_TEAM = 6R8JR72J6T;
				FRAMEWORK_SEARCH_PATHS = (
					"$(inherited)",
					"$(PROJECT_DIR)/Carthage/Build/iOS",
				);
				INFOPLIST_FILE = Resources/Info.plist;
				IPHONEOS_DEPLOYMENT_TARGET = 12.0;
				LD_RUNPATH_SEARCH_PATHS = "$(inherited) @executable_path/Frameworks";
				PRODUCT_BUNDLE_IDENTIFIER = com.lexickon;
				PRODUCT_NAME = "$(TARGET_NAME)";
				SWIFT_VERSION = 5.0;
				TARGETED_DEVICE_FAMILY = 1;
			};
			name = Debug;
		};
		ECDD70F02261A6CE00B1FB44 /* Release */ = {
			isa = XCBuildConfiguration;
			buildSettings = {
				ASSETCATALOG_COMPILER_APPICON_NAME = AppIcon;
				CODE_SIGN_STYLE = Automatic;
				DEVELOPMENT_TEAM = 6R8JR72J6T;
				FRAMEWORK_SEARCH_PATHS = (
					"$(inherited)",
					"$(PROJECT_DIR)/Carthage/Build/iOS",
				);
				INFOPLIST_FILE = Resources/Info.plist;
				IPHONEOS_DEPLOYMENT_TARGET = 12.0;
				LD_RUNPATH_SEARCH_PATHS = "$(inherited) @executable_path/Frameworks";
				PRODUCT_BUNDLE_IDENTIFIER = com.lexickon;
				PRODUCT_NAME = "$(TARGET_NAME)";
				SWIFT_VERSION = 5.0;
				TARGETED_DEVICE_FAMILY = 1;
			};
			name = Release;
		};
		ECDD70F22261A6CE00B1FB44 /* Debug */ = {
			isa = XCBuildConfiguration;
			buildSettings = {
				ALWAYS_EMBED_SWIFT_STANDARD_LIBRARIES = YES;
				BUNDLE_LOADER = "$(TEST_HOST)";
				CODE_SIGN_STYLE = Automatic;
				DEVELOPMENT_TEAM = 6R8JR72J6T;
				INFOPLIST_FILE = lexickon_iosTests/Info.plist;
				LD_RUNPATH_SEARCH_PATHS = "$(inherited) @executable_path/Frameworks @loader_path/Frameworks";
				PRODUCT_BUNDLE_IDENTIFIER = "com.wakeapper.lexickon-iosTests";
				PRODUCT_NAME = "$(TARGET_NAME)";
				SWIFT_VERSION = 5.0;
				TARGETED_DEVICE_FAMILY = "1,2";
				TEST_HOST = "$(BUILT_PRODUCTS_DIR)/lexickon_ios.app/lexickon_ios";
			};
			name = Debug;
		};
		ECDD70F32261A6CE00B1FB44 /* Release */ = {
			isa = XCBuildConfiguration;
			buildSettings = {
				ALWAYS_EMBED_SWIFT_STANDARD_LIBRARIES = YES;
				BUNDLE_LOADER = "$(TEST_HOST)";
				CODE_SIGN_STYLE = Automatic;
				DEVELOPMENT_TEAM = 6R8JR72J6T;
				INFOPLIST_FILE = lexickon_iosTests/Info.plist;
				LD_RUNPATH_SEARCH_PATHS = "$(inherited) @executable_path/Frameworks @loader_path/Frameworks";
				PRODUCT_BUNDLE_IDENTIFIER = "com.wakeapper.lexickon-iosTests";
				PRODUCT_NAME = "$(TARGET_NAME)";
				SWIFT_VERSION = 5.0;
				TARGETED_DEVICE_FAMILY = "1,2";
				TEST_HOST = "$(BUILT_PRODUCTS_DIR)/lexickon_ios.app/lexickon_ios";
			};
			name = Release;
		};
		ECDD70F52261A6CE00B1FB44 /* Debug */ = {
			isa = XCBuildConfiguration;
			buildSettings = {
				ALWAYS_EMBED_SWIFT_STANDARD_LIBRARIES = YES;
				CODE_SIGN_STYLE = Automatic;
				DEVELOPMENT_TEAM = 6R8JR72J6T;
				INFOPLIST_FILE = lexickon_iosUITests/Info.plist;
				LD_RUNPATH_SEARCH_PATHS = "$(inherited) @executable_path/Frameworks @loader_path/Frameworks";
				PRODUCT_BUNDLE_IDENTIFIER = "com.wakeapper.lexickon-iosUITests";
				PRODUCT_NAME = "$(TARGET_NAME)";
				SWIFT_VERSION = 5.0;
				TARGETED_DEVICE_FAMILY = "1,2";
				TEST_TARGET_NAME = lexickon_ios;
			};
			name = Debug;
		};
		ECDD70F62261A6CE00B1FB44 /* Release */ = {
			isa = XCBuildConfiguration;
			buildSettings = {
				ALWAYS_EMBED_SWIFT_STANDARD_LIBRARIES = YES;
				CODE_SIGN_STYLE = Automatic;
				DEVELOPMENT_TEAM = 6R8JR72J6T;
				INFOPLIST_FILE = lexickon_iosUITests/Info.plist;
				LD_RUNPATH_SEARCH_PATHS = "$(inherited) @executable_path/Frameworks @loader_path/Frameworks";
				PRODUCT_BUNDLE_IDENTIFIER = "com.wakeapper.lexickon-iosUITests";
				PRODUCT_NAME = "$(TARGET_NAME)";
				SWIFT_VERSION = 5.0;
				TARGETED_DEVICE_FAMILY = "1,2";
				TEST_TARGET_NAME = lexickon_ios;
			};
			name = Release;
		};
/* End XCBuildConfiguration section */

/* Begin XCConfigurationList section */
		ECDD70C12261A6CC00B1FB44 /* Build configuration list for PBXProject "lexickon_ios" */ = {
			isa = XCConfigurationList;
			buildConfigurations = (
				ECDD70EC2261A6CE00B1FB44 /* Debug */,
				ECDD70ED2261A6CE00B1FB44 /* Release */,
			);
			defaultConfigurationIsVisible = 0;
			defaultConfigurationName = Release;
		};
		ECDD70EE2261A6CE00B1FB44 /* Build configuration list for PBXNativeTarget "lexickon_ios" */ = {
			isa = XCConfigurationList;
			buildConfigurations = (
				ECDD70EF2261A6CE00B1FB44 /* Debug */,
				ECDD70F02261A6CE00B1FB44 /* Release */,
			);
			defaultConfigurationIsVisible = 0;
			defaultConfigurationName = Release;
		};
		ECDD70F12261A6CE00B1FB44 /* Build configuration list for PBXNativeTarget "lexickon_iosTests" */ = {
			isa = XCConfigurationList;
			buildConfigurations = (
				ECDD70F22261A6CE00B1FB44 /* Debug */,
				ECDD70F32261A6CE00B1FB44 /* Release */,
			);
			defaultConfigurationIsVisible = 0;
			defaultConfigurationName = Release;
		};
		ECDD70F42261A6CE00B1FB44 /* Build configuration list for PBXNativeTarget "lexickon_iosUITests" */ = {
			isa = XCConfigurationList;
			buildConfigurations = (
				ECDD70F52261A6CE00B1FB44 /* Debug */,
				ECDD70F62261A6CE00B1FB44 /* Release */,
			);
			defaultConfigurationIsVisible = 0;
			defaultConfigurationName = Release;
		};
/* End XCConfigurationList section */
	};
	rootObject = ECDD70BE2261A6CC00B1FB44 /* Project object */;
}
