{
  "object": {
    "pins": [
      {
        "package": "LexickonApi",
        "repositoryURL": "https://github.com/Sergey231/LexickonApi.git",
        "state": {
          "branch": null,
          "revision": "a7f7bb6ffac428332fa1ebe7a4358b11d55b4002",
          "version": "0.5.9"
        }
      }
    ]
  },
  "version": 1
}
