// !$*UTF8*$!
{
	archiveVersion = 1;
	classes = {
	};
	objectVersion = 52;
	objects = {

/* Begin PBXBuildFile section */
		EC1505F622D4C9D6007E2B3B /* Swinject in Frameworks */ = {isa = PBXBuildFile; productRef = EC1505F522D4C9D6007E2B3B /* Swinject */; };
		EC1C3E452352E68D00C82DFF /* Assets.swift in Sources */ = {isa = PBXBuildFile; fileRef = EC1C3E442352E68C00C82DFF /* Assets.swift */; };
		EC1C3E472352E95E00C82DFF /* Strings.swift in Sources */ = {isa = PBXBuildFile; fileRef = EC1C3E462352E95E00C82DFF /* Strings.swift */; };
		EC1C3E5423534FB400C82DFF /* PresenterType.swift in Sources */ = {isa = PBXBuildFile; fileRef = EC1C3E5323534FB400C82DFF /* PresenterType.swift */; };
		EC1F9E2323E3478B0044EF9D /* UIExtensions in Frameworks */ = {isa = PBXBuildFile; productRef = EC1F9E2223E3478B0044EF9D /* UIExtensions */; };
		EC1F9E2723E5C54F0044EF9D /* StartLogo.swift in Sources */ = {isa = PBXBuildFile; fileRef = EC1F9E2623E5C54E0044EF9D /* StartLogo.swift */; };
		EC236620257BAB620085D6B0 /* AddSearchWordPlaceholderView.swift in Sources */ = {isa = PBXBuildFile; fileRef = EC23661F257BAB610085D6B0 /* AddSearchWordPlaceholderView.swift */; };
		EC236627257CEA950085D6B0 /* AddSerachWordTextField.swift in Sources */ = {isa = PBXBuildFile; fileRef = EC236626257CEA950085D6B0 /* AddSerachWordTextField.swift */; };
		EC31385B2535D4D4007FFCB0 /* RxExtensions in Frameworks */ = {isa = PBXBuildFile; productRef = EC31385A2535D4D4007FFCB0 /* RxExtensions */; };
		EC3138AB2536E985007FFCB0 /* Rx+UIButton.swift in Sources */ = {isa = PBXBuildFile; fileRef = EC3138AA2536E985007FFCB0 /* Rx+UIButton.swift */; };
		EC3138BA25382595007FFCB0 /* Rx+UIViewController.swift in Sources */ = {isa = PBXBuildFile; fileRef = EC3138B925382595007FFCB0 /* Rx+UIViewController.swift */; };
		EC3138C725382B25007FFCB0 /* Rx+UILabel.swift in Sources */ = {isa = PBXBuildFile; fileRef = EC3138C625382B25007FFCB0 /* Rx+UILabel.swift */; };
		EC3138D025385E50007FFCB0 /* Rx+UIView.swift in Sources */ = {isa = PBXBuildFile; fileRef = EC3138CF25385E50007FFCB0 /* Rx+UIView.swift */; };
		EC3139D6253B305B007FFCB0 /* UIButton+TapAnimations.swift in Sources */ = {isa = PBXBuildFile; fileRef = EC3139D5253B305B007FFCB0 /* UIButton+TapAnimations.swift */; };
		EC3139DA253C2E95007FFCB0 /* SwitchIconButton.swift in Sources */ = {isa = PBXBuildFile; fileRef = EC3139D9253C2E95007FFCB0 /* SwitchIconButton.swift */; };
		EC3139DF253C328B007FFCB0 /* Rx+UIImageView.swift in Sources */ = {isa = PBXBuildFile; fileRef = EC3139DE253C328B007FFCB0 /* Rx+UIImageView.swift */; };
		EC35C2AB22DB506500785B3A /* LaunchScreen.storyboard in Resources */ = {isa = PBXBuildFile; fileRef = EC35C2AA22DB506500785B3A /* LaunchScreen.storyboard */; };
		EC3C385A254FED4D008D1D3C /* RxDataSources in Frameworks */ = {isa = PBXBuildFile; productRef = EC3C3859254FED4D008D1D3C /* RxDataSources */; };
		EC3C385C254FED4D008D1D3C /* Differentiator in Frameworks */ = {isa = PBXBuildFile; productRef = EC3C385B254FED4D008D1D3C /* Differentiator */; };
		EC3C3882255032F5008D1D3C /* HomeHeaderView.swift in Sources */ = {isa = PBXBuildFile; fileRef = EC3C3881255032F5008D1D3C /* HomeHeaderView.swift */; };
		EC3C394925519FA4008D1D3C /* HomeWordCell.swift in Sources */ = {isa = PBXBuildFile; fileRef = EC3C394825519FA4008D1D3C /* HomeWordCell.swift */; };
		EC3F444A2520B510004706DC /* RxAlamofire in Frameworks */ = {isa = PBXBuildFile; productRef = EC3F44492520B510004706DC /* RxAlamofire */; };
		EC3F44532520BF26004706DC /* RxSwift in Frameworks */ = {isa = PBXBuildFile; productRef = EC3F44522520BF26004706DC /* RxSwift */; };
		EC3F44552520BF26004706DC /* RxRelay in Frameworks */ = {isa = PBXBuildFile; productRef = EC3F44542520BF26004706DC /* RxRelay */; };
		EC3F44572520BF26004706DC /* RxCocoa in Frameworks */ = {isa = PBXBuildFile; productRef = EC3F44562520BF26004706DC /* RxCocoa */; };
		EC3F44592520BF26004706DC /* RxBlocking in Frameworks */ = {isa = PBXBuildFile; productRef = EC3F44582520BF26004706DC /* RxBlocking */; };
		EC407EDF237C3B8400A3FD42 /* Validator in Frameworks */ = {isa = PBXBuildFile; productRef = EC407EDE237C3B8400A3FD42 /* Validator */; };
		EC47965023923E5100C9BDD3 /* LoginPresenter.swift in Sources */ = {isa = PBXBuildFile; fileRef = EC47964F23923E5100C9BDD3 /* LoginPresenter.swift */; };
		EC47965223923E6400C9BDD3 /* LoginViewController.swift in Sources */ = {isa = PBXBuildFile; fileRef = EC47965123923E6400C9BDD3 /* LoginViewController.swift */; };
		EC48727522DA0ECD00F20D59 /* Images.xcassets in Resources */ = {isa = PBXBuildFile; fileRef = EC48727422DA0ECD00F20D59 /* Images.xcassets */; };
		EC48727722DA0F0A00F20D59 /* Assets.xcassets in Resources */ = {isa = PBXBuildFile; fileRef = EC48727622DA0F0A00F20D59 /* Assets.xcassets */; };
		EC48727922DA0F3D00F20D59 /* Colors.xcassets in Resources */ = {isa = PBXBuildFile; fileRef = EC48727822DA0F3D00F20D59 /* Colors.xcassets */; };
		EC4CB13022D2418800CB826E /* AppAssembler.swift in Sources */ = {isa = PBXBuildFile; fileRef = EC4CB12F22D2418800CB826E /* AppAssembler.swift */; };
		EC52C75D22DA0C1F000C88C5 /* Localizable.strings in Resources */ = {isa = PBXBuildFile; fileRef = EC52C75A22DA0C1F000C88C5 /* Localizable.strings */; };
		EC67163323D2106F003B28E3 /* LoginAssembler.swift in Sources */ = {isa = PBXBuildFile; fileRef = EC67163223D2106F003B28E3 /* LoginAssembler.swift */; };
		EC6CDEEE22D08EE900012079 /* StartPresenter.swift in Sources */ = {isa = PBXBuildFile; fileRef = EC6CDEED22D08EE900012079 /* StartPresenter.swift */; };
		EC6CDEF222D08F3800012079 /* StartViewController.swift in Sources */ = {isa = PBXBuildFile; fileRef = EC6CDEF122D08F3800012079 /* StartViewController.swift */; };
		EC7330DF2541D9AC000B1EDD /* SwiftKeychainWrapper in Frameworks */ = {isa = PBXBuildFile; productRef = EC7330DE2541D9AC000B1EDD /* SwiftKeychainWrapper */; };
		EC7AD82B256A656B00BBD059 /* WideWordProgressView.swift in Sources */ = {isa = PBXBuildFile; fileRef = EC7AD82A256A656B00BBD059 /* WideWordProgressView.swift */; };
		EC7B6F9F2583ABF200EB1D28 /* TextView.swift in Sources */ = {isa = PBXBuildFile; fileRef = EC7B6F9E2583ABF200EB1D28 /* TextView.swift */; };
		EC7B6FA425861A1500EB1D28 /* SnapKit in Frameworks */ = {isa = PBXBuildFile; productRef = EC7B6FA325861A1500EB1D28 /* SnapKit */; };
		EC7D6F5822EDC15E00DE4B18 /* RegistrationPresenter.swift in Sources */ = {isa = PBXBuildFile; fileRef = EC7D6F5722EDC15E00DE4B18 /* RegistrationPresenter.swift */; };
		EC7D6F5A22EDC1E000DE4B18 /* RegistrationViewController.swift in Sources */ = {isa = PBXBuildFile; fileRef = EC7D6F5922EDC1E000DE4B18 /* RegistrationViewController.swift */; };
		EC82BBEB2546CA8F00037DA0 /* ProfileInteractor.swift in Sources */ = {isa = PBXBuildFile; fileRef = EC82BBEA2546CA8F00037DA0 /* ProfileInteractor.swift */; };
		EC82BBF12546CB0100037DA0 /* ProfileInteractorProtocol.swift in Sources */ = {isa = PBXBuildFile; fileRef = EC82BBF02546CB0100037DA0 /* ProfileInteractorProtocol.swift */; };
		EC82BE1B25485E8400037DA0 /* FromHomeToProfileAnimator.swift in Sources */ = {isa = PBXBuildFile; fileRef = EC82BE1A25485E8400037DA0 /* FromHomeToProfileAnimator.swift */; };
		EC835EF723F1B17700E3288B /* Logo.swift in Sources */ = {isa = PBXBuildFile; fileRef = EC835EF623F1B17700E3288B /* Logo.swift */; };
		EC870953254E8F4800553B87 /* FromProfileToHomeAnimator.swift in Sources */ = {isa = PBXBuildFile; fileRef = EC870952254E8F4800553B87 /* FromProfileToHomeAnimator.swift */; };
		EC873D6A23DD5AFC00787E51 /* IntroAssemly.swift in Sources */ = {isa = PBXBuildFile; fileRef = EC873D6923DD5AFC00787E51 /* IntroAssemly.swift */; };
		EC873D7223DD60D100787E51 /* IntroViewController.swift in Sources */ = {isa = PBXBuildFile; fileRef = EC873D7123DD60D100787E51 /* IntroViewController.swift */; };
		EC873D7A23DD754D00787E51 /* HomeAssembler.swift in Sources */ = {isa = PBXBuildFile; fileRef = EC873D7923DD754D00787E51 /* HomeAssembler.swift */; };
		EC873D7C23DD755E00787E51 /* HomePresenter.swift in Sources */ = {isa = PBXBuildFile; fileRef = EC873D7B23DD755E00787E51 /* HomePresenter.swift */; };
		EC873D7E23DD756F00787E51 /* HomeViewController.swift in Sources */ = {isa = PBXBuildFile; fileRef = EC873D7D23DD756F00787E51 /* HomeViewController.swift */; };
		EC93A28325164A860058F779 /* UserTokenRepository.swift in Sources */ = {isa = PBXBuildFile; fileRef = EC93A28125164A860058F779 /* UserTokenRepository.swift */; };
		EC93A28425164A860058F779 /* UserTokenRepositoryProtocol.swift in Sources */ = {isa = PBXBuildFile; fileRef = EC93A28225164A860058F779 /* UserTokenRepositoryProtocol.swift */; };
		EC93A28825174E340058F779 /* ApiRepository.swift in Sources */ = {isa = PBXBuildFile; fileRef = EC93A28725174E340058F779 /* ApiRepository.swift */; };
		EC99BD6523F29AAA00A500A9 /* TextField.swift in Sources */ = {isa = PBXBuildFile; fileRef = EC99BD6423F29AAA00A500A9 /* TextField.swift */; };
		ECA1448A257288BD00352868 /* NewWordAssembler.swift in Sources */ = {isa = PBXBuildFile; fileRef = ECA14489257288BD00352868 /* NewWordAssembler.swift */; };
		ECA1448E2572890A00352868 /* AddSearchWordAssembler.swift in Sources */ = {isa = PBXBuildFile; fileRef = ECA1448D2572890A00352868 /* AddSearchWordAssembler.swift */; };
		ECA1449425728A5300352868 /* AddSearchWordPresenter.swift in Sources */ = {isa = PBXBuildFile; fileRef = ECA1449325728A5300352868 /* AddSearchWordPresenter.swift */; };
		ECA1450125728DB500352868 /* AddSearchWordViewController.swift in Sources */ = {isa = PBXBuildFile; fileRef = ECA1450025728DB500352868 /* AddSearchWordViewController.swift */; };
		ECA1454B257296F600352868 /* NewWordFlow.swift in Sources */ = {isa = PBXBuildFile; fileRef = ECA1454A257296F600352868 /* NewWordFlow.swift */; };
		ECA1454F25739BC700352868 /* AddWordHeaderView.swift in Sources */ = {isa = PBXBuildFile; fileRef = ECA1454E25739BC700352868 /* AddWordHeaderView.swift */; };
		ECA145FD257506F000352868 /* FromHomeToNewWordAnimator.swift in Sources */ = {isa = PBXBuildFile; fileRef = ECA145FC257506F000352868 /* FromHomeToNewWordAnimator.swift */; };
		ECA14796257A474C00352868 /* FromNewWordToHomeAnimator.swift in Sources */ = {isa = PBXBuildFile; fileRef = ECA14795257A474C00352868 /* FromNewWordToHomeAnimator.swift */; };
		ECA61E3422D07798003DD5B1 /* SceneDelegate.swift in Sources */ = {isa = PBXBuildFile; fileRef = ECA61E3222D07798003DD5B1 /* SceneDelegate.swift */; };
		ECA61E3522D07798003DD5B1 /* AppDelegate.swift in Sources */ = {isa = PBXBuildFile; fileRef = ECA61E3322D07798003DD5B1 /* AppDelegate.swift */; };
		ECA66A2D23D47BDC00B39E68 /* RegistrationAssembler.swift in Sources */ = {isa = PBXBuildFile; fileRef = ECA66A2C23D47BDC00B39E68 /* RegistrationAssembler.swift */; };
		ECA66A3023D47CD600B39E68 /* StartAssembler.swift in Sources */ = {isa = PBXBuildFile; fileRef = ECA66A2F23D47CD600B39E68 /* StartAssembler.swift */; };
		ECA66A3C23DA01BF00B39E68 /* PinLayout in Frameworks */ = {isa = PBXBuildFile; productRef = ECA66A3B23DA01BF00B39E68 /* PinLayout */; };
		ECA95B7A256E8B1B006332A5 /* HomeWordsSectionHeaderView.swift in Sources */ = {isa = PBXBuildFile; fileRef = ECA95B79256E8B1B006332A5 /* HomeWordsSectionHeaderView.swift */; };
		ECA95B84256F8908006332A5 /* AddWordButtonView.swift in Sources */ = {isa = PBXBuildFile; fileRef = ECA95B83256F8908006332A5 /* AddWordButtonView.swift */; };
		ECA97C6F22D0819B00918828 /* lexickon_iosTests.swift in Sources */ = {isa = PBXBuildFile; fileRef = ECA97C6C22D0814400918828 /* lexickon_iosTests.swift */; };
		ECAC1D61255A848D008B0ECC /* LexickonApi in Frameworks */ = {isa = PBXBuildFile; productRef = ECAC1D60255A848D008B0ECC /* LexickonApi */; };
		ECAC6BFE2446EAAC00D86417 /* MainFlow.swift in Sources */ = {isa = PBXBuildFile; fileRef = ECAC6BFD2446EAAC00D86417 /* MainFlow.swift */; };
		ECAC6C012448261000D86417 /* IntroFlow.swift in Sources */ = {isa = PBXBuildFile; fileRef = ECAC6C002448261000D86417 /* IntroFlow.swift */; };
		ECAF5063257E663300F021EA /* Utils in Frameworks */ = {isa = PBXBuildFile; productRef = ECAF5062257E663300F021EA /* Utils */; };
		ECAF506B257F53BD00F021EA /* CombineCocoa in Frameworks */ = {isa = PBXBuildFile; productRef = ECAF506A257F53BD00F021EA /* CombineCocoa */; };
		ECAF50CA257F610700F021EA /* Rx+UITextField.swift in Sources */ = {isa = PBXBuildFile; fileRef = ECAF50C9257F610700F021EA /* Rx+UITextField.swift */; };
		ECAF50CE257F632300F021EA /* EnumerableTextFieldsHelper.swift in Sources */ = {isa = PBXBuildFile; fileRef = ECAF50CD257F632300F021EA /* EnumerableTextFieldsHelper.swift */; };
		ECB6652A247FD2F60052C658 /* JWTDecode in Frameworks */ = {isa = PBXBuildFile; productRef = ECB66529247FD2F60052C658 /* JWTDecode */; };
		ECBEB5072439C0DE0017855E /* RxFlow in Frameworks */ = {isa = PBXBuildFile; productRef = ECBEB5062439C0DE0017855E /* RxFlow */; };
		ECBEB5092439C2190017855E /* AppFlow.swift in Sources */ = {isa = PBXBuildFile; fileRef = ECBEB5082439C2190017855E /* AppFlow.swift */; };
		ECBEB51C2439E89E0017855E /* AuthorizationFlow.swift in Sources */ = {isa = PBXBuildFile; fileRef = ECBEB51B2439E89E0017855E /* AuthorizationFlow.swift */; };
		ECC15EEC2416220F00149AC9 /* (null) in Frameworks */ = {isa = PBXBuildFile; };
		ECC48E7F254564A3006503C2 /* ProfileAssembler.swift in Sources */ = {isa = PBXBuildFile; fileRef = ECC48E7E254564A3006503C2 /* ProfileAssembler.swift */; };
		ECC48E8325456932006503C2 /* ProfileMainScreenAssembler.swift in Sources */ = {isa = PBXBuildFile; fileRef = ECC48E8225456932006503C2 /* ProfileMainScreenAssembler.swift */; };
		ECC48E8925456D26006503C2 /* ProfileFlow.swift in Sources */ = {isa = PBXBuildFile; fileRef = ECC48E8825456D26006503C2 /* ProfileFlow.swift */; };
		ECC48E8F25457058006503C2 /* ProfileMainScreenPresenter.swift in Sources */ = {isa = PBXBuildFile; fileRef = ECC48E8E25457058006503C2 /* ProfileMainScreenPresenter.swift */; };
		ECC48E9625457403006503C2 /* ProfileMainScreenViewController.swift in Sources */ = {isa = PBXBuildFile; fileRef = ECC48E9525457403006503C2 /* ProfileMainScreenViewController.swift */; };
		ECC48E9C25459679006503C2 /* ProfileIconView.swift in Sources */ = {isa = PBXBuildFile; fileRef = ECC48E9B25459679006503C2 /* ProfileIconView.swift */; };
		ECC932A525544B1F007D61B4 /* WordRepositoryProtocol.swift in Sources */ = {isa = PBXBuildFile; fileRef = ECC932A425544B1F007D61B4 /* WordRepositoryProtocol.swift */; };
		ECC932A925544B2C007D61B4 /* WordRepository.swift in Sources */ = {isa = PBXBuildFile; fileRef = ECC932A825544B2C007D61B4 /* WordRepository.swift */; };
		ECC932B2255547D5007D61B4 /* MainInteractor.swift in Sources */ = {isa = PBXBuildFile; fileRef = ECC932B1255547D5007D61B4 /* MainInteractor.swift */; };
		ECC932B6255547F3007D61B4 /* MainInteractorProtocol.swift in Sources */ = {isa = PBXBuildFile; fileRef = ECC932B5255547F3007D61B4 /* MainInteractorProtocol.swift */; };
		ECCB193323F834010069C5A7 /* RxCombine in Frameworks */ = {isa = PBXBuildFile; productRef = ECCB193223F834010069C5A7 /* RxCombine */; };
		ECCB193723F962C20069C5A7 /* AuthorizationAssembler.swift in Sources */ = {isa = PBXBuildFile; fileRef = ECCB193623F962C20069C5A7 /* AuthorizationAssembler.swift */; };
		ECCB193A23F9633C0069C5A7 /* MainAssembler.swift in Sources */ = {isa = PBXBuildFile; fileRef = ECCB193923F9633C0069C5A7 /* MainAssembler.swift */; };
		ECCB193E23F963A80069C5A7 /* IntroAssembler.swift in Sources */ = {isa = PBXBuildFile; fileRef = ECCB193D23F963A80069C5A7 /* IntroAssembler.swift */; };
		ECCB194923FAF4570069C5A7 /* AuthorizationInteractor.swift in Sources */ = {isa = PBXBuildFile; fileRef = ECCB194823FAF4570069C5A7 /* AuthorizationInteractor.swift */; };
		ECCB194F23FD8DD60069C5A7 /* AuthorizationInteractorProtocol.swift in Sources */ = {isa = PBXBuildFile; fileRef = ECCB194E23FD8DD60069C5A7 /* AuthorizationInteractorProtocol.swift */; };
		ECCB195523FD930D0069C5A7 /* UserRepositoryProtocol.swift in Sources */ = {isa = PBXBuildFile; fileRef = ECCB195423FD930D0069C5A7 /* UserRepositoryProtocol.swift */; };
		ECCB195723FD940A0069C5A7 /* UserRepository.swift in Sources */ = {isa = PBXBuildFile; fileRef = ECCB195623FD940A0069C5A7 /* UserRepository.swift */; };
		ECD6DBE9240E6659004B8CDA /* TimelaneCombine in Frameworks */ = {isa = PBXBuildFile; productRef = ECD6DBE8240E6659004B8CDA /* TimelaneCombine */; };
		ECF20D61236D942500DA8715 /* README.md in Resources */ = {isa = PBXBuildFile; fileRef = ECF20D5F236D942500DA8715 /* README.md */; };
		ECF20D62236D942500DA8715 /* logo.png in Resources */ = {isa = PBXBuildFile; fileRef = ECF20D60236D942500DA8715 /* logo.png */; };
		ECF9974522D9E76E002A77D8 /* Constants.swift in Sources */ = {isa = PBXBuildFile; fileRef = ECF9974422D9E76E002A77D8 /* Constants.swift */; };
/* End PBXBuildFile section */

/* Begin PBXContainerItemProxy section */
		EC4278EC22D070E7001218AB /* PBXContainerItemProxy */ = {
			isa = PBXContainerItemProxy;
			containerPortal = EC4278CD22D070E5001218AB /* Project object */;
			proxyType = 1;
			remoteGlobalIDString = EC4278D422D070E5001218AB;
			remoteInfo = lexickon_ios;
		};
/* End PBXContainerItemProxy section */

/* Begin PBXFileReference section */
		EC1C3E442352E68C00C82DFF /* Assets.swift */ = {isa = PBXFileReference; fileEncoding = 4; lastKnownFileType = sourcecode.swift; path = Assets.swift; sourceTree = "<group>"; };
		EC1C3E462352E95E00C82DFF /* Strings.swift */ = {isa = PBXFileReference; fileEncoding = 4; lastKnownFileType = sourcecode.swift; path = Strings.swift; sourceTree = "<group>"; };
		EC1C3E5323534FB400C82DFF /* PresenterType.swift */ = {isa = PBXFileReference; lastKnownFileType = sourcecode.swift; path = PresenterType.swift; sourceTree = "<group>"; };
		EC1F9E2623E5C54E0044EF9D /* StartLogo.swift */ = {isa = PBXFileReference; fileEncoding = 4; lastKnownFileType = sourcecode.swift; path = StartLogo.swift; sourceTree = "<group>"; };
		EC23661F257BAB610085D6B0 /* AddSearchWordPlaceholderView.swift */ = {isa = PBXFileReference; lastKnownFileType = sourcecode.swift; path = AddSearchWordPlaceholderView.swift; sourceTree = "<group>"; };
		EC236626257CEA950085D6B0 /* AddSerachWordTextField.swift */ = {isa = PBXFileReference; lastKnownFileType = sourcecode.swift; path = AddSerachWordTextField.swift; sourceTree = "<group>"; };
		EC3138AA2536E985007FFCB0 /* Rx+UIButton.swift */ = {isa = PBXFileReference; lastKnownFileType = sourcecode.swift; path = "Rx+UIButton.swift"; sourceTree = "<group>"; };
		EC3138B925382595007FFCB0 /* Rx+UIViewController.swift */ = {isa = PBXFileReference; lastKnownFileType = sourcecode.swift; path = "Rx+UIViewController.swift"; sourceTree = "<group>"; };
		EC3138C625382B25007FFCB0 /* Rx+UILabel.swift */ = {isa = PBXFileReference; lastKnownFileType = sourcecode.swift; path = "Rx+UILabel.swift"; sourceTree = "<group>"; };
		EC3138CF25385E50007FFCB0 /* Rx+UIView.swift */ = {isa = PBXFileReference; lastKnownFileType = sourcecode.swift; path = "Rx+UIView.swift"; sourceTree = "<group>"; };
		EC3139D5253B305B007FFCB0 /* UIButton+TapAnimations.swift */ = {isa = PBXFileReference; lastKnownFileType = sourcecode.swift; path = "UIButton+TapAnimations.swift"; sourceTree = "<group>"; };
		EC3139D9253C2E95007FFCB0 /* SwitchIconButton.swift */ = {isa = PBXFileReference; lastKnownFileType = sourcecode.swift; path = SwitchIconButton.swift; sourceTree = "<group>"; };
		EC3139DE253C328B007FFCB0 /* Rx+UIImageView.swift */ = {isa = PBXFileReference; lastKnownFileType = sourcecode.swift; path = "Rx+UIImageView.swift"; sourceTree = "<group>"; };
		EC35C2AA22DB506500785B3A /* LaunchScreen.storyboard */ = {isa = PBXFileReference; lastKnownFileType = file.storyboard; path = LaunchScreen.storyboard; sourceTree = "<group>"; };
		EC3C3881255032F5008D1D3C /* HomeHeaderView.swift */ = {isa = PBXFileReference; lastKnownFileType = sourcecode.swift; path = HomeHeaderView.swift; sourceTree = "<group>"; };
		EC3C394825519FA4008D1D3C /* HomeWordCell.swift */ = {isa = PBXFileReference; lastKnownFileType = sourcecode.swift; path = HomeWordCell.swift; sourceTree = "<group>"; };
		EC4278D522D070E5001218AB /* lexickon_ios.app */ = {isa = PBXFileReference; explicitFileType = wrapper.application; includeInIndex = 0; path = lexickon_ios.app; sourceTree = BUILT_PRODUCTS_DIR; };
		EC4278EB22D070E7001218AB /* lexickon_iosTests.xctest */ = {isa = PBXFileReference; explicitFileType = wrapper.cfbundle; includeInIndex = 0; path = lexickon_iosTests.xctest; sourceTree = BUILT_PRODUCTS_DIR; };
		EC47964F23923E5100C9BDD3 /* LoginPresenter.swift */ = {isa = PBXFileReference; lastKnownFileType = sourcecode.swift; path = LoginPresenter.swift; sourceTree = "<group>"; };
		EC47965123923E6400C9BDD3 /* LoginViewController.swift */ = {isa = PBXFileReference; lastKnownFileType = sourcecode.swift; path = LoginViewController.swift; sourceTree = "<group>"; };
		EC48727422DA0ECD00F20D59 /* Images.xcassets */ = {isa = PBXFileReference; lastKnownFileType = folder.assetcatalog; path = Images.xcassets; sourceTree = "<group>"; };
		EC48727622DA0F0A00F20D59 /* Assets.xcassets */ = {isa = PBXFileReference; lastKnownFileType = folder.assetcatalog; path = Assets.xcassets; sourceTree = "<group>"; };
		EC48727822DA0F3D00F20D59 /* Colors.xcassets */ = {isa = PBXFileReference; lastKnownFileType = folder.assetcatalog; path = Colors.xcassets; sourceTree = "<group>"; };
		EC4CB12F22D2418800CB826E /* AppAssembler.swift */ = {isa = PBXFileReference; fileEncoding = 4; lastKnownFileType = sourcecode.swift; path = AppAssembler.swift; sourceTree = "<group>"; };
		EC52C75A22DA0C1F000C88C5 /* Localizable.strings */ = {isa = PBXFileReference; fileEncoding = 4; lastKnownFileType = text.plist.strings; path = Localizable.strings; sourceTree = "<group>"; };
		EC67163223D2106F003B28E3 /* LoginAssembler.swift */ = {isa = PBXFileReference; lastKnownFileType = sourcecode.swift; path = LoginAssembler.swift; sourceTree = "<group>"; };
		EC6CDEED22D08EE900012079 /* StartPresenter.swift */ = {isa = PBXFileReference; lastKnownFileType = sourcecode.swift; path = StartPresenter.swift; sourceTree = "<group>"; };
		EC6CDEF122D08F3800012079 /* StartViewController.swift */ = {isa = PBXFileReference; lastKnownFileType = sourcecode.swift; path = StartViewController.swift; sourceTree = "<group>"; };
		EC7AD82A256A656B00BBD059 /* WideWordProgressView.swift */ = {isa = PBXFileReference; lastKnownFileType = sourcecode.swift; path = WideWordProgressView.swift; sourceTree = "<group>"; };
		EC7B6F9E2583ABF200EB1D28 /* TextView.swift */ = {isa = PBXFileReference; lastKnownFileType = sourcecode.swift; path = TextView.swift; sourceTree = "<group>"; };
		EC7D6F5722EDC15E00DE4B18 /* RegistrationPresenter.swift */ = {isa = PBXFileReference; lastKnownFileType = sourcecode.swift; path = RegistrationPresenter.swift; sourceTree = "<group>"; };
		EC7D6F5922EDC1E000DE4B18 /* RegistrationViewController.swift */ = {isa = PBXFileReference; lastKnownFileType = sourcecode.swift; path = RegistrationViewController.swift; sourceTree = "<group>"; };
		EC82BBEA2546CA8F00037DA0 /* ProfileInteractor.swift */ = {isa = PBXFileReference; lastKnownFileType = sourcecode.swift; path = ProfileInteractor.swift; sourceTree = "<group>"; };
		EC82BBF02546CB0100037DA0 /* ProfileInteractorProtocol.swift */ = {isa = PBXFileReference; lastKnownFileType = sourcecode.swift; path = ProfileInteractorProtocol.swift; sourceTree = "<group>"; };
		EC82BE1A25485E8400037DA0 /* FromHomeToProfileAnimator.swift */ = {isa = PBXFileReference; lastKnownFileType = sourcecode.swift; path = FromHomeToProfileAnimator.swift; sourceTree = "<group>"; };
		EC835EF623F1B17700E3288B /* Logo.swift */ = {isa = PBXFileReference; lastKnownFileType = sourcecode.swift; path = Logo.swift; sourceTree = "<group>"; };
		EC870952254E8F4800553B87 /* FromProfileToHomeAnimator.swift */ = {isa = PBXFileReference; lastKnownFileType = sourcecode.swift; path = FromProfileToHomeAnimator.swift; sourceTree = "<group>"; };
		EC873D6923DD5AFC00787E51 /* IntroAssemly.swift */ = {isa = PBXFileReference; lastKnownFileType = sourcecode.swift; name = IntroAssemly.swift; path = ../Presentation/IntroAssemly.swift; sourceTree = "<group>"; };
		EC873D7123DD60D100787E51 /* IntroViewController.swift */ = {isa = PBXFileReference; lastKnownFileType = sourcecode.swift; path = IntroViewController.swift; sourceTree = "<group>"; };
		EC873D7923DD754D00787E51 /* HomeAssembler.swift */ = {isa = PBXFileReference; lastKnownFileType = sourcecode.swift; path = HomeAssembler.swift; sourceTree = "<group>"; };
		EC873D7B23DD755E00787E51 /* HomePresenter.swift */ = {isa = PBXFileReference; lastKnownFileType = sourcecode.swift; path = HomePresenter.swift; sourceTree = "<group>"; };
		EC873D7D23DD756F00787E51 /* HomeViewController.swift */ = {isa = PBXFileReference; lastKnownFileType = sourcecode.swift; path = HomeViewController.swift; sourceTree = "<group>"; };
		EC93A28125164A860058F779 /* UserTokenRepository.swift */ = {isa = PBXFileReference; fileEncoding = 4; lastKnownFileType = sourcecode.swift; path = UserTokenRepository.swift; sourceTree = "<group>"; };
		EC93A28225164A860058F779 /* UserTokenRepositoryProtocol.swift */ = {isa = PBXFileReference; fileEncoding = 4; lastKnownFileType = sourcecode.swift; path = UserTokenRepositoryProtocol.swift; sourceTree = "<group>"; };
		EC93A28725174E340058F779 /* ApiRepository.swift */ = {isa = PBXFileReference; lastKnownFileType = sourcecode.swift; path = ApiRepository.swift; sourceTree = "<group>"; };
		EC99BD6423F29AAA00A500A9 /* TextField.swift */ = {isa = PBXFileReference; lastKnownFileType = sourcecode.swift; path = TextField.swift; sourceTree = "<group>"; };
		ECA14489257288BD00352868 /* NewWordAssembler.swift */ = {isa = PBXFileReference; lastKnownFileType = sourcecode.swift; path = NewWordAssembler.swift; sourceTree = "<group>"; };
		ECA1448D2572890A00352868 /* AddSearchWordAssembler.swift */ = {isa = PBXFileReference; lastKnownFileType = sourcecode.swift; path = AddSearchWordAssembler.swift; sourceTree = "<group>"; };
		ECA1449325728A5300352868 /* AddSearchWordPresenter.swift */ = {isa = PBXFileReference; lastKnownFileType = sourcecode.swift; path = AddSearchWordPresenter.swift; sourceTree = "<group>"; };
		ECA1450025728DB500352868 /* AddSearchWordViewController.swift */ = {isa = PBXFileReference; lastKnownFileType = sourcecode.swift; path = AddSearchWordViewController.swift; sourceTree = "<group>"; };
		ECA1454A257296F600352868 /* NewWordFlow.swift */ = {isa = PBXFileReference; lastKnownFileType = sourcecode.swift; path = NewWordFlow.swift; sourceTree = "<group>"; };
		ECA1454E25739BC700352868 /* AddWordHeaderView.swift */ = {isa = PBXFileReference; lastKnownFileType = sourcecode.swift; path = AddWordHeaderView.swift; sourceTree = "<group>"; };
		ECA145FC257506F000352868 /* FromHomeToNewWordAnimator.swift */ = {isa = PBXFileReference; lastKnownFileType = sourcecode.swift; path = FromHomeToNewWordAnimator.swift; sourceTree = "<group>"; };
		ECA14795257A474C00352868 /* FromNewWordToHomeAnimator.swift */ = {isa = PBXFileReference; lastKnownFileType = sourcecode.swift; path = FromNewWordToHomeAnimator.swift; sourceTree = "<group>"; };
		ECA61E3222D07798003DD5B1 /* SceneDelegate.swift */ = {isa = PBXFileReference; fileEncoding = 4; lastKnownFileType = sourcecode.swift; path = SceneDelegate.swift; sourceTree = SOURCE_ROOT; };
		ECA61E3322D07798003DD5B1 /* AppDelegate.swift */ = {isa = PBXFileReference; fileEncoding = 4; lastKnownFileType = sourcecode.swift; path = AppDelegate.swift; sourceTree = SOURCE_ROOT; };
		ECA66A2C23D47BDC00B39E68 /* RegistrationAssembler.swift */ = {isa = PBXFileReference; lastKnownFileType = sourcecode.swift; path = RegistrationAssembler.swift; sourceTree = "<group>"; };
		ECA66A2F23D47CD600B39E68 /* StartAssembler.swift */ = {isa = PBXFileReference; lastKnownFileType = sourcecode.swift; path = StartAssembler.swift; sourceTree = "<group>"; };
		ECA95B79256E8B1B006332A5 /* HomeWordsSectionHeaderView.swift */ = {isa = PBXFileReference; lastKnownFileType = sourcecode.swift; path = HomeWordsSectionHeaderView.swift; sourceTree = "<group>"; };
		ECA95B83256F8908006332A5 /* AddWordButtonView.swift */ = {isa = PBXFileReference; lastKnownFileType = sourcecode.swift; path = AddWordButtonView.swift; sourceTree = "<group>"; };
		ECA97C6922D0808500918828 /* Info.plist */ = {isa = PBXFileReference; fileEncoding = 4; lastKnownFileType = text.plist.xml; path = Info.plist; sourceTree = "<group>"; };
		ECA97C6B22D0814400918828 /* Info.plist */ = {isa = PBXFileReference; fileEncoding = 4; lastKnownFileType = text.plist.xml; path = Info.plist; sourceTree = "<group>"; };
		ECA97C6C22D0814400918828 /* lexickon_iosTests.swift */ = {isa = PBXFileReference; fileEncoding = 4; lastKnownFileType = sourcecode.swift; path = lexickon_iosTests.swift; sourceTree = "<group>"; };
		ECAC6BFD2446EAAC00D86417 /* MainFlow.swift */ = {isa = PBXFileReference; lastKnownFileType = sourcecode.swift; path = MainFlow.swift; sourceTree = "<group>"; };
		ECAC6C002448261000D86417 /* IntroFlow.swift */ = {isa = PBXFileReference; lastKnownFileType = sourcecode.swift; path = IntroFlow.swift; sourceTree = "<group>"; };
		ECAF50C9257F610700F021EA /* Rx+UITextField.swift */ = {isa = PBXFileReference; lastKnownFileType = sourcecode.swift; path = "Rx+UITextField.swift"; sourceTree = "<group>"; };
		ECAF50CD257F632300F021EA /* EnumerableTextFieldsHelper.swift */ = {isa = PBXFileReference; fileEncoding = 4; lastKnownFileType = sourcecode.swift; path = EnumerableTextFieldsHelper.swift; sourceTree = "<group>"; };
		ECBEB5082439C2190017855E /* AppFlow.swift */ = {isa = PBXFileReference; lastKnownFileType = sourcecode.swift; path = AppFlow.swift; sourceTree = "<group>"; };
		ECBEB51B2439E89E0017855E /* AuthorizationFlow.swift */ = {isa = PBXFileReference; lastKnownFileType = sourcecode.swift; path = AuthorizationFlow.swift; sourceTree = "<group>"; };
		ECC48E7E254564A3006503C2 /* ProfileAssembler.swift */ = {isa = PBXFileReference; lastKnownFileType = sourcecode.swift; path = ProfileAssembler.swift; sourceTree = "<group>"; };
		ECC48E8225456932006503C2 /* ProfileMainScreenAssembler.swift */ = {isa = PBXFileReference; lastKnownFileType = sourcecode.swift; path = ProfileMainScreenAssembler.swift; sourceTree = "<group>"; };
		ECC48E8825456D26006503C2 /* ProfileFlow.swift */ = {isa = PBXFileReference; lastKnownFileType = sourcecode.swift; path = ProfileFlow.swift; sourceTree = "<group>"; };
		ECC48E8E25457058006503C2 /* ProfileMainScreenPresenter.swift */ = {isa = PBXFileReference; lastKnownFileType = sourcecode.swift; path = ProfileMainScreenPresenter.swift; sourceTree = "<group>"; };
		ECC48E9525457403006503C2 /* ProfileMainScreenViewController.swift */ = {isa = PBXFileReference; lastKnownFileType = sourcecode.swift; path = ProfileMainScreenViewController.swift; sourceTree = "<group>"; };
		ECC48E9B25459679006503C2 /* ProfileIconView.swift */ = {isa = PBXFileReference; lastKnownFileType = sourcecode.swift; path = ProfileIconView.swift; sourceTree = "<group>"; };
		ECC932A425544B1F007D61B4 /* WordRepositoryProtocol.swift */ = {isa = PBXFileReference; lastKnownFileType = sourcecode.swift; path = WordRepositoryProtocol.swift; sourceTree = "<group>"; };
		ECC932A825544B2C007D61B4 /* WordRepository.swift */ = {isa = PBXFileReference; lastKnownFileType = sourcecode.swift; path = WordRepository.swift; sourceTree = "<group>"; };
		ECC932B1255547D5007D61B4 /* MainInteractor.swift */ = {isa = PBXFileReference; lastKnownFileType = sourcecode.swift; path = MainInteractor.swift; sourceTree = "<group>"; };
		ECC932B5255547F3007D61B4 /* MainInteractorProtocol.swift */ = {isa = PBXFileReference; lastKnownFileType = sourcecode.swift; path = MainInteractorProtocol.swift; sourceTree = "<group>"; };
		ECCB193623F962C20069C5A7 /* AuthorizationAssembler.swift */ = {isa = PBXFileReference; lastKnownFileType = sourcecode.swift; path = AuthorizationAssembler.swift; sourceTree = "<group>"; };
		ECCB193923F9633C0069C5A7 /* MainAssembler.swift */ = {isa = PBXFileReference; lastKnownFileType = sourcecode.swift; path = MainAssembler.swift; sourceTree = "<group>"; };
		ECCB193D23F963A80069C5A7 /* IntroAssembler.swift */ = {isa = PBXFileReference; lastKnownFileType = sourcecode.swift; path = IntroAssembler.swift; sourceTree = "<group>"; };
		ECCB194823FAF4570069C5A7 /* AuthorizationInteractor.swift */ = {isa = PBXFileReference; lastKnownFileType = sourcecode.swift; path = AuthorizationInteractor.swift; sourceTree = "<group>"; };
		ECCB194E23FD8DD60069C5A7 /* AuthorizationInteractorProtocol.swift */ = {isa = PBXFileReference; lastKnownFileType = sourcecode.swift; path = AuthorizationInteractorProtocol.swift; sourceTree = "<group>"; };
		ECCB195423FD930D0069C5A7 /* UserRepositoryProtocol.swift */ = {isa = PBXFileReference; lastKnownFileType = sourcecode.swift; path = UserRepositoryProtocol.swift; sourceTree = "<group>"; };
		ECCB195623FD940A0069C5A7 /* UserRepository.swift */ = {isa = PBXFileReference; lastKnownFileType = sourcecode.swift; path = UserRepository.swift; sourceTree = "<group>"; };
		ECF20D5F236D942500DA8715 /* README.md */ = {isa = PBXFileReference; fileEncoding = 4; lastKnownFileType = net.daringfireball.markdown; name = README.md; path = lexickon_ios/Resources/README.md; sourceTree = SOURCE_ROOT; };
		ECF20D60236D942500DA8715 /* logo.png */ = {isa = PBXFileReference; lastKnownFileType = image.png; name = logo.png; path = lexickon_ios/Resources/logo.png; sourceTree = SOURCE_ROOT; };
		ECF9974422D9E76E002A77D8 /* Constants.swift */ = {isa = PBXFileReference; lastKnownFileType = sourcecode.swift; path = Constants.swift; sourceTree = "<group>"; };
/* End PBXFileReference section */

/* Begin PBXFrameworksBuildPhase section */
		EC4278D222D070E5001218AB /* Frameworks */ = {
			isa = PBXFrameworksBuildPhase;
			buildActionMask = 2147483647;
			files = (
				ECBEB5072439C0DE0017855E /* RxFlow in Frameworks */,
				ECCB193323F834010069C5A7 /* RxCombine in Frameworks */,
				EC3F44552520BF26004706DC /* RxRelay in Frameworks */,
				ECC15EEC2416220F00149AC9 /* (null) in Frameworks */,
				EC1F9E2323E3478B0044EF9D /* UIExtensions in Frameworks */,
				EC1505F622D4C9D6007E2B3B /* Swinject in Frameworks */,
				ECA66A3C23DA01BF00B39E68 /* PinLayout in Frameworks */,
				EC3F44532520BF26004706DC /* RxSwift in Frameworks */,
				EC7330DF2541D9AC000B1EDD /* SwiftKeychainWrapper in Frameworks */,
				EC407EDF237C3B8400A3FD42 /* Validator in Frameworks */,
				ECB6652A247FD2F60052C658 /* JWTDecode in Frameworks */,
				ECAF5063257E663300F021EA /* Utils in Frameworks */,
				EC3F444A2520B510004706DC /* RxAlamofire in Frameworks */,
				EC31385B2535D4D4007FFCB0 /* RxExtensions in Frameworks */,
				ECAC1D61255A848D008B0ECC /* LexickonApi in Frameworks */,
				EC3F44572520BF26004706DC /* RxCocoa in Frameworks */,
				EC3F44592520BF26004706DC /* RxBlocking in Frameworks */,
				EC3C385C254FED4D008D1D3C /* Differentiator in Frameworks */,
				ECD6DBE9240E6659004B8CDA /* TimelaneCombine in Frameworks */,
				ECAF506B257F53BD00F021EA /* CombineCocoa in Frameworks */,
				EC3C385A254FED4D008D1D3C /* RxDataSources in Frameworks */,
				EC7B6FA425861A1500EB1D28 /* SnapKit in Frameworks */,
			);
			runOnlyForDeploymentPostprocessing = 0;
		};
		EC4278E822D070E7001218AB /* Frameworks */ = {
			isa = PBXFrameworksBuildPhase;
			buildActionMask = 2147483647;
			files = (
			);
			runOnlyForDeploymentPostprocessing = 0;
		};
/* End PBXFrameworksBuildPhase section */

/* Begin PBXGroup section */
		EC1F9E2123E3478B0044EF9D /* Frameworks */ = {
			isa = PBXGroup;
			children = (
			);
			name = Frameworks;
			sourceTree = "<group>";
		};
		EC236623257CEA6A0085D6B0 /* AddWrod */ = {
			isa = PBXGroup;
			children = (
				ECA95B83256F8908006332A5 /* AddWordButtonView.swift */,
				ECA1454E25739BC700352868 /* AddWordHeaderView.swift */,
				EC23661F257BAB610085D6B0 /* AddSearchWordPlaceholderView.swift */,
				EC236626257CEA950085D6B0 /* AddSerachWordTextField.swift */,
			);
			path = AddWrod;
			sourceTree = "<group>";
		};
		EC291AF623F034860082E45C /* Authorization */ = {
			isa = PBXGroup;
			children = (
				ECCB193523F962A00069C5A7 /* DI */,
				ECCB194123F964760069C5A7 /* Navigation */,
				ECCB193423F9614A0069C5A7 /* Presentation */,
				ECCB194723FAF4110069C5A7 /* Domain */,
				ECCB194A23FAF45F0069C5A7 /* Data */,
			);
			path = Authorization;
			sourceTree = "<group>";
		};
		EC3138A82536E95B007FFCB0 /* RxExtensions (Package candidate) */ = {
			isa = PBXGroup;
			children = (
				ECAF50CD257F632300F021EA /* EnumerableTextFieldsHelper.swift */,
				ECAF50C8257F60E800F021EA /* UITextField */,
				EC3139DD253C3273007FFCB0 /* UIImageView */,
				EC3138CE25385E10007FFCB0 /* UIView */,
				EC3138C525382B04007FFCB0 /* UILabel */,
				EC3138B825382576007FFCB0 /* UIViewController */,
				EC3138A92536E969007FFCB0 /* UIButton */,
			);
			path = "RxExtensions (Package candidate)";
			sourceTree = "<group>";
		};
		EC3138A92536E969007FFCB0 /* UIButton */ = {
			isa = PBXGroup;
			children = (
				EC3139D5253B305B007FFCB0 /* UIButton+TapAnimations.swift */,
				EC3138AA2536E985007FFCB0 /* Rx+UIButton.swift */,
			);
			path = UIButton;
			sourceTree = "<group>";
		};
		EC3138B825382576007FFCB0 /* UIViewController */ = {
			isa = PBXGroup;
			children = (
				EC3138B925382595007FFCB0 /* Rx+UIViewController.swift */,
			);
			path = UIViewController;
			sourceTree = "<group>";
		};
		EC3138C525382B04007FFCB0 /* UILabel */ = {
			isa = PBXGroup;
			children = (
				EC3138C625382B25007FFCB0 /* Rx+UILabel.swift */,
			);
			path = UILabel;
			sourceTree = "<group>";
		};
		EC3138CE25385E10007FFCB0 /* UIView */ = {
			isa = PBXGroup;
			children = (
				EC3138CF25385E50007FFCB0 /* Rx+UIView.swift */,
			);
			path = UIView;
			sourceTree = "<group>";
		};
		EC3139DD253C3273007FFCB0 /* UIImageView */ = {
			isa = PBXGroup;
			children = (
				EC3139DE253C328B007FFCB0 /* Rx+UIImageView.swift */,
			);
			path = UIImageView;
			sourceTree = "<group>";
		};
		EC3EAB0F22D4DBFA00BFCBFC /* Custom Views */ = {
			isa = PBXGroup;
			children = (
				ECA95B73256E8A1C006332A5 /* Cells */,
				ECA95B74256E8A40006332A5 /* Views */,
				EC4850F92331ECCF00F3B71F /* TransitionAnimations */,
			);
			path = "Custom Views";
			sourceTree = "<group>";
		};
		EC3EAB1022D4DC1C00BFCBFC /* Features */ = {
			isa = PBXGroup;
			children = (
				EC291AF623F034860082E45C /* Authorization */,
				ECC48E7825455CE7006503C2 /* Profile */,
				EC873D7823DD753400787E51 /* Main */,
				ECA14483257286A900352868 /* NewWord */,
				EC873D6823DD5AD800787E51 /* Intro */,
			);
			path = Features;
			sourceTree = "<group>";
		};
		EC4278CC22D070E5001218AB = {
			isa = PBXGroup;
			children = (
				EC4278D722D070E5001218AB /* lexickon_ios */,
				EC4278EE22D070E7001218AB /* lexickon_iosTests */,
				EC4278D622D070E5001218AB /* Products */,
				EC1F9E2123E3478B0044EF9D /* Frameworks */,
			);
			sourceTree = "<group>";
		};
		EC4278D622D070E5001218AB /* Products */ = {
			isa = PBXGroup;
			children = (
				EC4278D522D070E5001218AB /* lexickon_ios.app */,
				EC4278EB22D070E7001218AB /* lexickon_iosTests.xctest */,
			);
			name = Products;
			sourceTree = "<group>";
		};
		EC4278D722D070E5001218AB /* lexickon_ios */ = {
			isa = PBXGroup;
			children = (
				EC4CB12F22D2418800CB826E /* AppAssembler.swift */,
				ECA61E3322D07798003DD5B1 /* AppDelegate.swift */,
				ECA61E3222D07798003DD5B1 /* SceneDelegate.swift */,
				ECBEB5082439C2190017855E /* AppFlow.swift */,
				EC1C3E5323534FB400C82DFF /* PresenterType.swift */,
				EC93A28725174E340058F779 /* ApiRepository.swift */,
				EC3138A82536E95B007FFCB0 /* RxExtensions (Package candidate) */,
				EC3EAB0F22D4DBFA00BFCBFC /* Custom Views */,
				EC3EAB1022D4DC1C00BFCBFC /* Features */,
				EC4278FF22D071F4001218AB /* Resources */,
			);
			path = lexickon_ios;
			sourceTree = "<group>";
		};
		EC4278EE22D070E7001218AB /* lexickon_iosTests */ = {
			isa = PBXGroup;
			children = (
				ECA97C6B22D0814400918828 /* Info.plist */,
				ECA97C6C22D0814400918828 /* lexickon_iosTests.swift */,
			);
			path = lexickon_iosTests;
			sourceTree = "<group>";
		};
		EC4278FF22D071F4001218AB /* Resources */ = {
			isa = PBXGroup;
			children = (
				ECA97C6922D0808500918828 /* Info.plist */,
				EC548B2922D9D4C50086BA83 /* Generated */,
				EC52C75A22DA0C1F000C88C5 /* Localizable.strings */,
				ECF20D60236D942500DA8715 /* logo.png */,
				ECF20D5F236D942500DA8715 /* README.md */,
				EC48727622DA0F0A00F20D59 /* Assets.xcassets */,
				EC48727422DA0ECD00F20D59 /* Images.xcassets */,
				EC48727822DA0F3D00F20D59 /* Colors.xcassets */,
				ECF9974422D9E76E002A77D8 /* Constants.swift */,
				EC35C2AA22DB506500785B3A /* LaunchScreen.storyboard */,
			);
			path = Resources;
			sourceTree = "<group>";
		};
		EC4850F92331ECCF00F3B71F /* TransitionAnimations */ = {
			isa = PBXGroup;
			children = (
				EC82BE1A25485E8400037DA0 /* FromHomeToProfileAnimator.swift */,
				EC870952254E8F4800553B87 /* FromProfileToHomeAnimator.swift */,
				ECA145FC257506F000352868 /* FromHomeToNewWordAnimator.swift */,
				ECA14795257A474C00352868 /* FromNewWordToHomeAnimator.swift */,
			);
			path = TransitionAnimations;
			sourceTree = "<group>";
		};
		EC548B2922D9D4C50086BA83 /* Generated */ = {
			isa = PBXGroup;
			children = (
				EC1C3E442352E68C00C82DFF /* Assets.swift */,
				EC1C3E462352E95E00C82DFF /* Strings.swift */,
			);
			path = Generated;
			sourceTree = "<group>";
		};
		EC835EF523F1B15600E3288B /* Logo */ = {
			isa = PBXGroup;
			children = (
				EC1F9E2623E5C54E0044EF9D /* StartLogo.swift */,
				EC835EF623F1B17700E3288B /* Logo.swift */,
			);
			path = Logo;
			sourceTree = "<group>";
		};
		EC873D6823DD5AD800787E51 /* Intro */ = {
			isa = PBXGroup;
			children = (
				ECAC6BFF244825EF00D86417 /* Navigation */,
				ECCB193C23F963890069C5A7 /* DI */,
				ECCB193B23F9637B0069C5A7 /* Presentation */,
			);
			path = Intro;
			sourceTree = "<group>";
		};
		EC873D7823DD753400787E51 /* Main */ = {
			isa = PBXGroup;
			children = (
				ECCB193823F9632C0069C5A7 /* DI */,
				ECCB194223F964C80069C5A7 /* Navigation */,
				ECCB194523F9651B0069C5A7 /* Presentation */,
				ECC932A2255449CC007D61B4 /* Domain */,
				ECC932A1255449AF007D61B4 /* Data */,
			);
			path = Main;
			sourceTree = "<group>";
		};
		EC93A27C25164A2F0058F779 /* AuthTokenRepository */ = {
			isa = PBXGroup;
			children = (
				EC93A28225164A860058F779 /* UserTokenRepositoryProtocol.swift */,
				EC93A28125164A860058F779 /* UserTokenRepository.swift */,
			);
			path = AuthTokenRepository;
			sourceTree = "<group>";
		};
		ECA14483257286A900352868 /* NewWord */ = {
			isa = PBXGroup;
			children = (
				ECA14484257286C200352868 /* DI */,
				ECA14485257286CC00352868 /* Navigation */,
				ECA14486257286D400352868 /* Presintation */,
				ECA144872572876D00352868 /* Domain */,
				ECA144882572878E00352868 /* Data */,
			);
			path = NewWord;
			sourceTree = "<group>";
		};
		ECA14484257286C200352868 /* DI */ = {
			isa = PBXGroup;
			children = (
				ECA14489257288BD00352868 /* NewWordAssembler.swift */,
				ECA1448D2572890A00352868 /* AddSearchWordAssembler.swift */,
			);
			path = DI;
			sourceTree = "<group>";
		};
		ECA14485257286CC00352868 /* Navigation */ = {
			isa = PBXGroup;
			children = (
				ECA1454A257296F600352868 /* NewWordFlow.swift */,
			);
			path = Navigation;
			sourceTree = "<group>";
		};
		ECA14486257286D400352868 /* Presintation */ = {
			isa = PBXGroup;
			children = (
				ECA14491257289F800352868 /* Presenter */,
				ECA1449225728A0800352868 /* ViewController */,
			);
			path = Presintation;
			sourceTree = "<group>";
		};
		ECA144872572876D00352868 /* Domain */ = {
			isa = PBXGroup;
			children = (
			);
			path = Domain;
			sourceTree = "<group>";
		};
		ECA144882572878E00352868 /* Data */ = {
			isa = PBXGroup;
			children = (
			);
			path = Data;
			sourceTree = "<group>";
		};
		ECA14491257289F800352868 /* Presenter */ = {
			isa = PBXGroup;
			children = (
				ECA1449325728A5300352868 /* AddSearchWordPresenter.swift */,
			);
			path = Presenter;
			sourceTree = "<group>";
		};
		ECA1449225728A0800352868 /* ViewController */ = {
			isa = PBXGroup;
			children = (
				ECA1450025728DB500352868 /* AddSearchWordViewController.swift */,
			);
			path = ViewController;
			sourceTree = "<group>";
		};
		ECA95B73256E8A1C006332A5 /* Cells */ = {
			isa = PBXGroup;
			children = (
				EC3C394825519FA4008D1D3C /* HomeWordCell.swift */,
			);
			path = Cells;
			sourceTree = "<group>";
		};
		ECA95B74256E8A40006332A5 /* Views */ = {
			isa = PBXGroup;
			children = (
				ECA95B79256E8B1B006332A5 /* HomeWordsSectionHeaderView.swift */,
				EC835EF523F1B15600E3288B /* Logo */,
				EC99BD6423F29AAA00A500A9 /* TextField.swift */,
				EC7B6F9E2583ABF200EB1D28 /* TextView.swift */,
				EC3139D9253C2E95007FFCB0 /* SwitchIconButton.swift */,
				ECC48E9B25459679006503C2 /* ProfileIconView.swift */,
				EC3C3881255032F5008D1D3C /* HomeHeaderView.swift */,
				EC7AD82A256A656B00BBD059 /* WideWordProgressView.swift */,
				EC236623257CEA6A0085D6B0 /* AddWrod */,
			);
			path = Views;
			sourceTree = "<group>";
		};
		ECAC6BFF244825EF00D86417 /* Navigation */ = {
			isa = PBXGroup;
			children = (
				ECAC6C002448261000D86417 /* IntroFlow.swift */,
			);
			path = Navigation;
			sourceTree = "<group>";
		};
		ECAF50C8257F60E800F021EA /* UITextField */ = {
			isa = PBXGroup;
			children = (
				ECAF50C9257F610700F021EA /* Rx+UITextField.swift */,
			);
			path = UITextField;
			sourceTree = "<group>";
		};
		ECC48E7825455CE7006503C2 /* Profile */ = {
			isa = PBXGroup;
			children = (
				ECC48E7925455CFB006503C2 /* DI */,
				ECC48E7A25455D06006503C2 /* Navigation */,
				ECC48E7B25455D0E006503C2 /* Presentation */,
				ECC48E7C25455D29006503C2 /* Domain */,
				ECC48E7D25455D30006503C2 /* Data */,
			);
			path = Profile;
			sourceTree = "<group>";
		};
		ECC48E7925455CFB006503C2 /* DI */ = {
			isa = PBXGroup;
			children = (
				ECC48E7E254564A3006503C2 /* ProfileAssembler.swift */,
				ECC48E8225456932006503C2 /* ProfileMainScreenAssembler.swift */,
			);
			path = DI;
			sourceTree = "<group>";
		};
		ECC48E7A25455D06006503C2 /* Navigation */ = {
			isa = PBXGroup;
			children = (
				ECC48E8825456D26006503C2 /* ProfileFlow.swift */,
			);
			path = Navigation;
			sourceTree = "<group>";
		};
		ECC48E7B25455D0E006503C2 /* Presentation */ = {
			isa = PBXGroup;
			children = (
				ECC48E8C25456FFD006503C2 /* Presenter */,
				ECC48E8D25457020006503C2 /* ViewController */,
			);
			path = Presentation;
			sourceTree = "<group>";
		};
		ECC48E7C25455D29006503C2 /* Domain */ = {
			isa = PBXGroup;
			children = (
				EC82BBF02546CB0100037DA0 /* ProfileInteractorProtocol.swift */,
				EC82BBEA2546CA8F00037DA0 /* ProfileInteractor.swift */,
			);
			path = Domain;
			sourceTree = "<group>";
		};
		ECC48E7D25455D30006503C2 /* Data */ = {
			isa = PBXGroup;
			children = (
			);
			path = Data;
			sourceTree = "<group>";
		};
		ECC48E8C25456FFD006503C2 /* Presenter */ = {
			isa = PBXGroup;
			children = (
				ECC48E8E25457058006503C2 /* ProfileMainScreenPresenter.swift */,
			);
			path = Presenter;
			sourceTree = "<group>";
		};
		ECC48E8D25457020006503C2 /* ViewController */ = {
			isa = PBXGroup;
			children = (
				ECC48E9525457403006503C2 /* ProfileMainScreenViewController.swift */,
			);
			path = ViewController;
			sourceTree = "<group>";
		};
		ECC932A1255449AF007D61B4 /* Data */ = {
			isa = PBXGroup;
			children = (
				ECC932A325544B00007D61B4 /* WordRepository */,
			);
			path = Data;
			sourceTree = "<group>";
		};
		ECC932A2255449CC007D61B4 /* Domain */ = {
			isa = PBXGroup;
			children = (
				ECC932B5255547F3007D61B4 /* MainInteractorProtocol.swift */,
				ECC932B1255547D5007D61B4 /* MainInteractor.swift */,
			);
			path = Domain;
			sourceTree = "<group>";
		};
		ECC932A325544B00007D61B4 /* WordRepository */ = {
			isa = PBXGroup;
			children = (
				ECC932A425544B1F007D61B4 /* WordRepositoryProtocol.swift */,
				ECC932A825544B2C007D61B4 /* WordRepository.swift */,
			);
			path = WordRepository;
			sourceTree = "<group>";
		};
		ECCB193423F9614A0069C5A7 /* Presentation */ = {
			isa = PBXGroup;
			children = (
				ECCB193F23F964100069C5A7 /* Presenter */,
				ECCB194023F9642C0069C5A7 /* ViewController */,
			);
			path = Presentation;
			sourceTree = "<group>";
		};
		ECCB193523F962A00069C5A7 /* DI */ = {
			isa = PBXGroup;
			children = (
				ECCB193623F962C20069C5A7 /* AuthorizationAssembler.swift */,
				ECA66A2F23D47CD600B39E68 /* StartAssembler.swift */,
				ECA66A2C23D47BDC00B39E68 /* RegistrationAssembler.swift */,
				EC67163223D2106F003B28E3 /* LoginAssembler.swift */,
			);
			path = DI;
			sourceTree = "<group>";
		};
		ECCB193823F9632C0069C5A7 /* DI */ = {
			isa = PBXGroup;
			children = (
				ECCB193923F9633C0069C5A7 /* MainAssembler.swift */,
				EC873D7923DD754D00787E51 /* HomeAssembler.swift */,
			);
			path = DI;
			sourceTree = "<group>";
		};
		ECCB193B23F9637B0069C5A7 /* Presentation */ = {
			isa = PBXGroup;
			children = (
				ECCB194623F965330069C5A7 /* ViewController */,
			);
			path = Presentation;
			sourceTree = "<group>";
		};
		ECCB193C23F963890069C5A7 /* DI */ = {
			isa = PBXGroup;
			children = (
				EC873D6923DD5AFC00787E51 /* IntroAssemly.swift */,
				ECCB193D23F963A80069C5A7 /* IntroAssembler.swift */,
			);
			path = DI;
			sourceTree = "<group>";
		};
		ECCB193F23F964100069C5A7 /* Presenter */ = {
			isa = PBXGroup;
			children = (
				EC6CDEED22D08EE900012079 /* StartPresenter.swift */,
				EC47964F23923E5100C9BDD3 /* LoginPresenter.swift */,
				EC7D6F5722EDC15E00DE4B18 /* RegistrationPresenter.swift */,
			);
			path = Presenter;
			sourceTree = "<group>";
		};
		ECCB194023F9642C0069C5A7 /* ViewController */ = {
			isa = PBXGroup;
			children = (
				EC6CDEF122D08F3800012079 /* StartViewController.swift */,
				EC47965123923E6400C9BDD3 /* LoginViewController.swift */,
				EC7D6F5922EDC1E000DE4B18 /* RegistrationViewController.swift */,
			);
			path = ViewController;
			sourceTree = "<group>";
		};
		ECCB194123F964760069C5A7 /* Navigation */ = {
			isa = PBXGroup;
			children = (
				ECBEB51B2439E89E0017855E /* AuthorizationFlow.swift */,
			);
			path = Navigation;
			sourceTree = "<group>";
		};
		ECCB194223F964C80069C5A7 /* Navigation */ = {
			isa = PBXGroup;
			children = (
				ECAC6BFD2446EAAC00D86417 /* MainFlow.swift */,
			);
			path = Navigation;
			sourceTree = "<group>";
		};
		ECCB194323F964ED0069C5A7 /* Presenter */ = {
			isa = PBXGroup;
			children = (
				EC873D7B23DD755E00787E51 /* HomePresenter.swift */,
			);
			path = Presenter;
			sourceTree = "<group>";
		};
		ECCB194423F964FC0069C5A7 /* ViewController */ = {
			isa = PBXGroup;
			children = (
				EC873D7D23DD756F00787E51 /* HomeViewController.swift */,
			);
			path = ViewController;
			sourceTree = "<group>";
		};
		ECCB194523F9651B0069C5A7 /* Presentation */ = {
			isa = PBXGroup;
			children = (
				ECCB194323F964ED0069C5A7 /* Presenter */,
				ECCB194423F964FC0069C5A7 /* ViewController */,
			);
			path = Presentation;
			sourceTree = "<group>";
		};
		ECCB194623F965330069C5A7 /* ViewController */ = {
			isa = PBXGroup;
			children = (
				EC873D7123DD60D100787E51 /* IntroViewController.swift */,
			);
			path = ViewController;
			sourceTree = "<group>";
		};
		ECCB194723FAF4110069C5A7 /* Domain */ = {
			isa = PBXGroup;
			children = (
				ECCB194E23FD8DD60069C5A7 /* AuthorizationInteractorProtocol.swift */,
				ECCB194823FAF4570069C5A7 /* AuthorizationInteractor.swift */,
			);
			path = Domain;
			sourceTree = "<group>";
		};
		ECCB194A23FAF45F0069C5A7 /* Data */ = {
			isa = PBXGroup;
			children = (
				EC93A27C25164A2F0058F779 /* AuthTokenRepository */,
				ECCB195323FD92560069C5A7 /* UserRepository */,
			);
			path = Data;
			sourceTree = "<group>";
		};
		ECCB195323FD92560069C5A7 /* UserRepository */ = {
			isa = PBXGroup;
			children = (
				ECCB195423FD930D0069C5A7 /* UserRepositoryProtocol.swift */,
				ECCB195623FD940A0069C5A7 /* UserRepository.swift */,
			);
			path = UserRepository;
			sourceTree = "<group>";
		};
/* End PBXGroup section */

/* Begin PBXNativeTarget section */
		EC4278D422D070E5001218AB /* lexickon_ios */ = {
			isa = PBXNativeTarget;
			buildConfigurationList = EC4278F422D070E7001218AB /* Build configuration list for PBXNativeTarget "lexickon_ios" */;
			buildPhases = (
				EC4278D122D070E5001218AB /* Sources */,
				EC4278D222D070E5001218AB /* Frameworks */,
				EC4278D322D070E5001218AB /* Resources */,
			);
			buildRules = (
			);
			dependencies = (
			);
			name = lexickon_ios;
			packageProductDependencies = (
				EC1505F522D4C9D6007E2B3B /* Swinject */,
				EC407EDE237C3B8400A3FD42 /* Validator */,
				ECA66A3B23DA01BF00B39E68 /* PinLayout */,
				EC1F9E2223E3478B0044EF9D /* UIExtensions */,
				ECCB193223F834010069C5A7 /* RxCombine */,
				ECD6DBE8240E6659004B8CDA /* TimelaneCombine */,
				ECBEB5062439C0DE0017855E /* RxFlow */,
				ECB66529247FD2F60052C658 /* JWTDecode */,
				EC3F44492520B510004706DC /* RxAlamofire */,
				EC3F44522520BF26004706DC /* RxSwift */,
				EC3F44542520BF26004706DC /* RxRelay */,
				EC3F44562520BF26004706DC /* RxCocoa */,
				EC3F44582520BF26004706DC /* RxBlocking */,
				EC31385A2535D4D4007FFCB0 /* RxExtensions */,
				EC7330DE2541D9AC000B1EDD /* SwiftKeychainWrapper */,
				EC3C3859254FED4D008D1D3C /* RxDataSources */,
				EC3C385B254FED4D008D1D3C /* Differentiator */,
				ECAC1D60255A848D008B0ECC /* LexickonApi */,
				ECAF5062257E663300F021EA /* Utils */,
				ECAF506A257F53BD00F021EA /* CombineCocoa */,
				EC7B6FA325861A1500EB1D28 /* SnapKit */,
			);
			productName = lexickon_ios;
			productReference = EC4278D522D070E5001218AB /* lexickon_ios.app */;
			productType = "com.apple.product-type.application";
		};
		EC4278EA22D070E7001218AB /* lexickon_iosTests */ = {
			isa = PBXNativeTarget;
			buildConfigurationList = EC4278F722D070E7001218AB /* Build configuration list for PBXNativeTarget "lexickon_iosTests" */;
			buildPhases = (
				EC4278E722D070E7001218AB /* Sources */,
				EC4278E822D070E7001218AB /* Frameworks */,
				EC4278E922D070E7001218AB /* Resources */,
			);
			buildRules = (
			);
			dependencies = (
				EC4278ED22D070E7001218AB /* PBXTargetDependency */,
			);
			name = lexickon_iosTests;
			productName = lexickon_iosTests;
			productReference = EC4278EB22D070E7001218AB /* lexickon_iosTests.xctest */;
			productType = "com.apple.product-type.bundle.unit-test";
		};
/* End PBXNativeTarget section */

/* Begin PBXProject section */
		EC4278CD22D070E5001218AB /* Project object */ = {
			isa = PBXProject;
			attributes = {
				LastSwiftUpdateCheck = 1100;
				LastUpgradeCheck = 1200;
				ORGANIZATIONNAME = "Sergey Borovikov";
				TargetAttributes = {
					EC4278D422D070E5001218AB = {
						CreatedOnToolsVersion = 11.0;
					};
					EC4278EA22D070E7001218AB = {
						CreatedOnToolsVersion = 11.0;
						TestTargetID = EC4278D422D070E5001218AB;
					};
				};
			};
			buildConfigurationList = EC4278D022D070E5001218AB /* Build configuration list for PBXProject "lexickon_ios" */;
			compatibilityVersion = "Xcode 9.3";
			developmentRegion = en;
			hasScannedForEncodings = 0;
			knownRegions = (
				en,
				Base,
			);
			mainGroup = EC4278CC22D070E5001218AB;
			packageReferences = (
				EC1505F422D4C9D6007E2B3B /* XCRemoteSwiftPackageReference "Swinject" */,
				EC407EDD237C3B8400A3FD42 /* XCRemoteSwiftPackageReference "Validator" */,
				ECA66A3A23DA01BF00B39E68 /* XCRemoteSwiftPackageReference "PinLayout" */,
				EC873D7323DD6EC400787E51 /* XCRemoteSwiftPackageReference "CombineCocoa" */,
				ECCB193123F834010069C5A7 /* XCRemoteSwiftPackageReference "RxCombine" */,
				ECD6DBE7240E6659004B8CDA /* XCRemoteSwiftPackageReference "TimelaneCombine" */,
				ECBEB5052439C0DE0017855E /* XCRemoteSwiftPackageReference "RxFlow" */,
				ECB66528247FD2F60052C658 /* XCRemoteSwiftPackageReference "JWTDecode.swift" */,
				EC3F44482520B510004706DC /* XCRemoteSwiftPackageReference "RxAlamofire" */,
				EC3F44512520BF26004706DC /* XCRemoteSwiftPackageReference "RxSwift" */,
				EC7330DD2541D9AC000B1EDD /* XCRemoteSwiftPackageReference "SwiftKeychainWrapper" */,
				EC3C3858254FED4D008D1D3C /* XCRemoteSwiftPackageReference "RxDataSources" */,
				ECAC1D5F255A848D008B0ECC /* XCRemoteSwiftPackageReference "LexickonApi" */,
				EC7B6FA225861A1500EB1D28 /* XCRemoteSwiftPackageReference "SnapKit" */,
			);
			productRefGroup = EC4278D622D070E5001218AB /* Products */;
			projectDirPath = "";
			projectRoot = "";
			targets = (
				EC4278D422D070E5001218AB /* lexickon_ios */,
				EC4278EA22D070E7001218AB /* lexickon_iosTests */,
			);
		};
/* End PBXProject section */

/* Begin PBXResourcesBuildPhase section */
		EC4278D322D070E5001218AB /* Resources */ = {
			isa = PBXResourcesBuildPhase;
			buildActionMask = 2147483647;
			files = (
				EC52C75D22DA0C1F000C88C5 /* Localizable.strings in Resources */,
				EC35C2AB22DB506500785B3A /* LaunchScreen.storyboard in Resources */,
				EC48727522DA0ECD00F20D59 /* Images.xcassets in Resources */,
				ECF20D61236D942500DA8715 /* README.md in Resources */,
				ECF20D62236D942500DA8715 /* logo.png in Resources */,
				EC48727722DA0F0A00F20D59 /* Assets.xcassets in Resources */,
				EC48727922DA0F3D00F20D59 /* Colors.xcassets in Resources */,
			);
			runOnlyForDeploymentPostprocessing = 0;
		};
		EC4278E922D070E7001218AB /* Resources */ = {
			isa = PBXResourcesBuildPhase;
			buildActionMask = 2147483647;
			files = (
			);
			runOnlyForDeploymentPostprocessing = 0;
		};
/* End PBXResourcesBuildPhase section */

/* Begin PBXSourcesBuildPhase section */
		EC4278D122D070E5001218AB /* Sources */ = {
			isa = PBXSourcesBuildPhase;
			buildActionMask = 2147483647;
			files = (
				EC3C394925519FA4008D1D3C /* HomeWordCell.swift in Sources */,
				EC3139DF253C328B007FFCB0 /* Rx+UIImageView.swift in Sources */,
				EC3139D6253B305B007FFCB0 /* UIButton+TapAnimations.swift in Sources */,
				ECAC6C012448261000D86417 /* IntroFlow.swift in Sources */,
				ECA66A2D23D47BDC00B39E68 /* RegistrationAssembler.swift in Sources */,
				ECA1454F25739BC700352868 /* AddWordHeaderView.swift in Sources */,
				ECAF50CE257F632300F021EA /* EnumerableTextFieldsHelper.swift in Sources */,
				ECA1449425728A5300352868 /* AddSearchWordPresenter.swift in Sources */,
				EC236620257BAB620085D6B0 /* AddSearchWordPlaceholderView.swift in Sources */,
				ECA66A3023D47CD600B39E68 /* StartAssembler.swift in Sources */,
				ECC932B6255547F3007D61B4 /* MainInteractorProtocol.swift in Sources */,
				ECA145FD257506F000352868 /* FromHomeToNewWordAnimator.swift in Sources */,
				EC93A28325164A860058F779 /* UserTokenRepository.swift in Sources */,
				ECC932A925544B2C007D61B4 /* WordRepository.swift in Sources */,
				ECCB195523FD930D0069C5A7 /* UserRepositoryProtocol.swift in Sources */,
				ECA1448E2572890A00352868 /* AddSearchWordAssembler.swift in Sources */,
				EC1F9E2723E5C54F0044EF9D /* StartLogo.swift in Sources */,
				EC7D6F5822EDC15E00DE4B18 /* RegistrationPresenter.swift in Sources */,
				ECC932A525544B1F007D61B4 /* WordRepositoryProtocol.swift in Sources */,
				ECC932B2255547D5007D61B4 /* MainInteractor.swift in Sources */,
				ECC48E8325456932006503C2 /* ProfileMainScreenAssembler.swift in Sources */,
				ECC48E9625457403006503C2 /* ProfileMainScreenViewController.swift in Sources */,
				EC7D6F5A22EDC1E000DE4B18 /* RegistrationViewController.swift in Sources */,
				ECCB194923FAF4570069C5A7 /* AuthorizationInteractor.swift in Sources */,
				EC47965223923E6400C9BDD3 /* LoginViewController.swift in Sources */,
				EC6CDEF222D08F3800012079 /* StartViewController.swift in Sources */,
				EC1C3E452352E68D00C82DFF /* Assets.swift in Sources */,
				ECAF50CA257F610700F021EA /* Rx+UITextField.swift in Sources */,
				EC99BD6523F29AAA00A500A9 /* TextField.swift in Sources */,
				ECF9974522D9E76E002A77D8 /* Constants.swift in Sources */,
				ECA14796257A474C00352868 /* FromNewWordToHomeAnimator.swift in Sources */,
				ECBEB5092439C2190017855E /* AppFlow.swift in Sources */,
				EC67163323D2106F003B28E3 /* LoginAssembler.swift in Sources */,
				EC82BE1B25485E8400037DA0 /* FromHomeToProfileAnimator.swift in Sources */,
				EC6CDEEE22D08EE900012079 /* StartPresenter.swift in Sources */,
				ECC48E8925456D26006503C2 /* ProfileFlow.swift in Sources */,
				EC3139DA253C2E95007FFCB0 /* SwitchIconButton.swift in Sources */,
				EC93A28425164A860058F779 /* UserTokenRepositoryProtocol.swift in Sources */,
				ECA1448A257288BD00352868 /* NewWordAssembler.swift in Sources */,
				ECCB194F23FD8DD60069C5A7 /* AuthorizationInteractorProtocol.swift in Sources */,
				EC3138AB2536E985007FFCB0 /* Rx+UIButton.swift in Sources */,
				EC3C3882255032F5008D1D3C /* HomeHeaderView.swift in Sources */,
				EC1C3E472352E95E00C82DFF /* Strings.swift in Sources */,
				EC93A28825174E340058F779 /* ApiRepository.swift in Sources */,
				EC82BBF12546CB0100037DA0 /* ProfileInteractorProtocol.swift in Sources */,
				EC7B6F9F2583ABF200EB1D28 /* TextView.swift in Sources */,
				EC870953254E8F4800553B87 /* FromProfileToHomeAnimator.swift in Sources */,
				EC3138C725382B25007FFCB0 /* Rx+UILabel.swift in Sources */,
				EC873D7E23DD756F00787E51 /* HomeViewController.swift in Sources */,
				EC873D7A23DD754D00787E51 /* HomeAssembler.swift in Sources */,
				ECC48E8F25457058006503C2 /* ProfileMainScreenPresenter.swift in Sources */,
				ECCB193E23F963A80069C5A7 /* IntroAssembler.swift in Sources */,
				ECCB193A23F9633C0069C5A7 /* MainAssembler.swift in Sources */,
				ECA95B7A256E8B1B006332A5 /* HomeWordsSectionHeaderView.swift in Sources */,
				ECAC6BFE2446EAAC00D86417 /* MainFlow.swift in Sources */,
				EC3138BA25382595007FFCB0 /* Rx+UIViewController.swift in Sources */,
				ECA95B84256F8908006332A5 /* AddWordButtonView.swift in Sources */,
				EC82BBEB2546CA8F00037DA0 /* ProfileInteractor.swift in Sources */,
				EC3138D025385E50007FFCB0 /* Rx+UIView.swift in Sources */,
				EC4CB13022D2418800CB826E /* AppAssembler.swift in Sources */,
				EC1C3E5423534FB400C82DFF /* PresenterType.swift in Sources */,
				EC873D7C23DD755E00787E51 /* HomePresenter.swift in Sources */,
				EC47965023923E5100C9BDD3 /* LoginPresenter.swift in Sources */,
				EC835EF723F1B17700E3288B /* Logo.swift in Sources */,
				ECA61E3522D07798003DD5B1 /* AppDelegate.swift in Sources */,
				ECA1450125728DB500352868 /* AddSearchWordViewController.swift in Sources */,
				EC873D6A23DD5AFC00787E51 /* IntroAssemly.swift in Sources */,
				ECBEB51C2439E89E0017855E /* AuthorizationFlow.swift in Sources */,
				ECCB193723F962C20069C5A7 /* AuthorizationAssembler.swift in Sources */,
				ECC48E9C25459679006503C2 /* ProfileIconView.swift in Sources */,
				EC873D7223DD60D100787E51 /* IntroViewController.swift in Sources */,
				ECCB195723FD940A0069C5A7 /* UserRepository.swift in Sources */,
				ECC48E7F254564A3006503C2 /* ProfileAssembler.swift in Sources */,
				ECA61E3422D07798003DD5B1 /* SceneDelegate.swift in Sources */,
				ECA1454B257296F600352868 /* NewWordFlow.swift in Sources */,
				EC7AD82B256A656B00BBD059 /* WideWordProgressView.swift in Sources */,
				EC236627257CEA950085D6B0 /* AddSerachWordTextField.swift in Sources */,
			);
			runOnlyForDeploymentPostprocessing = 0;
		};
		EC4278E722D070E7001218AB /* Sources */ = {
			isa = PBXSourcesBuildPhase;
			buildActionMask = 2147483647;
			files = (
				ECA97C6F22D0819B00918828 /* lexickon_iosTests.swift in Sources */,
			);
			runOnlyForDeploymentPostprocessing = 0;
		};
/* End PBXSourcesBuildPhase section */

/* Begin PBXTargetDependency section */
		EC4278ED22D070E7001218AB /* PBXTargetDependency */ = {
			isa = PBXTargetDependency;
			target = EC4278D422D070E5001218AB /* lexickon_ios */;
			targetProxy = EC4278EC22D070E7001218AB /* PBXContainerItemProxy */;
		};
/* End PBXTargetDependency section */

/* Begin XCBuildConfiguration section */
		EC4278F222D070E7001218AB /* Debug */ = {
			isa = XCBuildConfiguration;
			buildSettings = {
				ALWAYS_SEARCH_USER_PATHS = NO;
				CLANG_ANALYZER_NONNULL = YES;
				CLANG_ANALYZER_NUMBER_OBJECT_CONVERSION = YES_AGGRESSIVE;
				CLANG_CXX_LANGUAGE_STANDARD = "gnu++14";
				CLANG_CXX_LIBRARY = "libc++";
				CLANG_ENABLE_MODULES = YES;
				CLANG_ENABLE_OBJC_ARC = YES;
				CLANG_ENABLE_OBJC_WEAK = YES;
				CLANG_WARN_BLOCK_CAPTURE_AUTORELEASING = YES;
				CLANG_WARN_BOOL_CONVERSION = YES;
				CLANG_WARN_COMMA = YES;
				CLANG_WARN_CONSTANT_CONVERSION = YES;
				CLANG_WARN_DEPRECATED_OBJC_IMPLEMENTATIONS = YES;
				CLANG_WARN_DIRECT_OBJC_ISA_USAGE = YES_ERROR;
				CLANG_WARN_DOCUMENTATION_COMMENTS = YES;
				CLANG_WARN_EMPTY_BODY = YES;
				CLANG_WARN_ENUM_CONVERSION = YES;
				CLANG_WARN_INFINITE_RECURSION = YES;
				CLANG_WARN_INT_CONVERSION = YES;
				CLANG_WARN_NON_LITERAL_NULL_CONVERSION = YES;
				CLANG_WARN_OBJC_IMPLICIT_RETAIN_SELF = YES;
				CLANG_WARN_OBJC_LITERAL_CONVERSION = YES;
				CLANG_WARN_OBJC_ROOT_CLASS = YES_ERROR;
				CLANG_WARN_QUOTED_INCLUDE_IN_FRAMEWORK_HEADER = YES;
				CLANG_WARN_RANGE_LOOP_ANALYSIS = YES;
				CLANG_WARN_STRICT_PROTOTYPES = YES;
				CLANG_WARN_SUSPICIOUS_MOVE = YES;
				CLANG_WARN_UNGUARDED_AVAILABILITY = YES_AGGRESSIVE;
				CLANG_WARN_UNREACHABLE_CODE = YES;
				CLANG_WARN__DUPLICATE_METHOD_MATCH = YES;
				COPY_PHASE_STRIP = NO;
				DEBUG_INFORMATION_FORMAT = dwarf;
				ENABLE_STRICT_OBJC_MSGSEND = YES;
				ENABLE_TESTABILITY = YES;
				GCC_C_LANGUAGE_STANDARD = gnu11;
				GCC_DYNAMIC_NO_PIC = NO;
				GCC_NO_COMMON_BLOCKS = YES;
				GCC_OPTIMIZATION_LEVEL = 0;
				GCC_PREPROCESSOR_DEFINITIONS = (
					"DEBUG=1",
					"$(inherited)",
				);
				GCC_WARN_64_TO_32_BIT_CONVERSION = YES;
				GCC_WARN_ABOUT_RETURN_TYPE = YES_ERROR;
				GCC_WARN_UNDECLARED_SELECTOR = YES;
				GCC_WARN_UNINITIALIZED_AUTOS = YES_AGGRESSIVE;
				GCC_WARN_UNUSED_FUNCTION = YES;
				GCC_WARN_UNUSED_VARIABLE = YES;
				IPHONEOS_DEPLOYMENT_TARGET = 13.0;
				MTL_ENABLE_DEBUG_INFO = INCLUDE_SOURCE;
				MTL_FAST_MATH = YES;
				ONLY_ACTIVE_ARCH = YES;
				SDKROOT = iphoneos;
				SWIFT_ACTIVE_COMPILATION_CONDITIONS = DEBUG;
				SWIFT_OPTIMIZATION_LEVEL = "-Onone";
			};
			name = Debug;
		};
		EC4278F322D070E7001218AB /* Release */ = {
			isa = XCBuildConfiguration;
			buildSettings = {
				ALWAYS_SEARCH_USER_PATHS = NO;
				CLANG_ANALYZER_NONNULL = YES;
				CLANG_ANALYZER_NUMBER_OBJECT_CONVERSION = YES_AGGRESSIVE;
				CLANG_CXX_LANGUAGE_STANDARD = "gnu++14";
				CLANG_CXX_LIBRARY = "libc++";
				CLANG_ENABLE_MODULES = YES;
				CLANG_ENABLE_OBJC_ARC = YES;
				CLANG_ENABLE_OBJC_WEAK = YES;
				CLANG_WARN_BLOCK_CAPTURE_AUTORELEASING = YES;
				CLANG_WARN_BOOL_CONVERSION = YES;
				CLANG_WARN_COMMA = YES;
				CLANG_WARN_CONSTANT_CONVERSION = YES;
				CLANG_WARN_DEPRECATED_OBJC_IMPLEMENTATIONS = YES;
				CLANG_WARN_DIRECT_OBJC_ISA_USAGE = YES_ERROR;
				CLANG_WARN_DOCUMENTATION_COMMENTS = YES;
				CLANG_WARN_EMPTY_BODY = YES;
				CLANG_WARN_ENUM_CONVERSION = YES;
				CLANG_WARN_INFINITE_RECURSION = YES;
				CLANG_WARN_INT_CONVERSION = YES;
				CLANG_WARN_NON_LITERAL_NULL_CONVERSION = YES;
				CLANG_WARN_OBJC_IMPLICIT_RETAIN_SELF = YES;
				CLANG_WARN_OBJC_LITERAL_CONVERSION = YES;
				CLANG_WARN_OBJC_ROOT_CLASS = YES_ERROR;
				CLANG_WARN_QUOTED_INCLUDE_IN_FRAMEWORK_HEADER = YES;
				CLANG_WARN_RANGE_LOOP_ANALYSIS = YES;
				CLANG_WARN_STRICT_PROTOTYPES = YES;
				CLANG_WARN_SUSPICIOUS_MOVE = YES;
				CLANG_WARN_UNGUARDED_AVAILABILITY = YES_AGGRESSIVE;
				CLANG_WARN_UNREACHABLE_CODE = YES;
				CLANG_WARN__DUPLICATE_METHOD_MATCH = YES;
				COPY_PHASE_STRIP = NO;
				DEBUG_INFORMATION_FORMAT = "dwarf-with-dsym";
				ENABLE_NS_ASSERTIONS = NO;
				ENABLE_STRICT_OBJC_MSGSEND = YES;
				GCC_C_LANGUAGE_STANDARD = gnu11;
				GCC_NO_COMMON_BLOCKS = YES;
				GCC_WARN_64_TO_32_BIT_CONVERSION = YES;
				GCC_WARN_ABOUT_RETURN_TYPE = YES_ERROR;
				GCC_WARN_UNDECLARED_SELECTOR = YES;
				GCC_WARN_UNINITIALIZED_AUTOS = YES_AGGRESSIVE;
				GCC_WARN_UNUSED_FUNCTION = YES;
				GCC_WARN_UNUSED_VARIABLE = YES;
				IPHONEOS_DEPLOYMENT_TARGET = 13.0;
				MTL_ENABLE_DEBUG_INFO = NO;
				MTL_FAST_MATH = YES;
				SDKROOT = iphoneos;
				SWIFT_COMPILATION_MODE = wholemodule;
				SWIFT_OPTIMIZATION_LEVEL = "-O";
				VALIDATE_PRODUCT = YES;
			};
			name = Release;
		};
		EC4278F522D070E7001218AB /* Debug */ = {
			isa = XCBuildConfiguration;
			buildSettings = {
				ASSETCATALOG_COMPILER_APPICON_NAME = AppIcon;
				CODE_SIGN_STYLE = Automatic;
				DEVELOPMENT_ASSET_PATHS = lexickon_ios/Resources;
				DEVELOPMENT_TEAM = 6R8JR72J6T;
				ENABLE_PREVIEWS = YES;
				INFOPLIST_FILE = lexickon_ios/Resources/Info.plist;
				IPHONEOS_DEPLOYMENT_TARGET = 14.0;
				LD_RUNPATH_SEARCH_PATHS = (
					"$(inherited)",
					"@executable_path/Frameworks",
				);
				PRODUCT_BUNDLE_IDENTIFIER = "sergey.lexickon-ios";
				PRODUCT_NAME = "$(TARGET_NAME)";
				SWIFT_VERSION = 5.0;
				TARGETED_DEVICE_FAMILY = "1,2";
			};
			name = Debug;
		};
		EC4278F622D070E7001218AB /* Release */ = {
			isa = XCBuildConfiguration;
			buildSettings = {
				ASSETCATALOG_COMPILER_APPICON_NAME = AppIcon;
				CODE_SIGN_STYLE = Automatic;
				DEVELOPMENT_ASSET_PATHS = lexickon_ios/Resources;
				DEVELOPMENT_TEAM = 6R8JR72J6T;
				ENABLE_PREVIEWS = YES;
				INFOPLIST_FILE = lexickon_ios/Resources/Info.plist;
				IPHONEOS_DEPLOYMENT_TARGET = 14.0;
				LD_RUNPATH_SEARCH_PATHS = (
					"$(inherited)",
					"@executable_path/Frameworks",
				);
				PRODUCT_BUNDLE_IDENTIFIER = "sergey.lexickon-ios";
				PRODUCT_NAME = "$(TARGET_NAME)";
				SWIFT_VERSION = 5.0;
				TARGETED_DEVICE_FAMILY = "1,2";
			};
			name = Release;
		};
		EC4278F822D070E7001218AB /* Debug */ = {
			isa = XCBuildConfiguration;
			buildSettings = {
				ALWAYS_EMBED_SWIFT_STANDARD_LIBRARIES = YES;
				BUNDLE_LOADER = "$(TEST_HOST)";
				CODE_SIGN_STYLE = Automatic;
				INFOPLIST_FILE = lexickon_iosTests/Info.plist;
				LD_RUNPATH_SEARCH_PATHS = (
					"$(inherited)",
					"@executable_path/Frameworks",
					"@loader_path/Frameworks",
				);
				PRODUCT_BUNDLE_IDENTIFIER = "sergey.lexickon-iosTests";
				PRODUCT_NAME = "$(TARGET_NAME)";
				SWIFT_VERSION = 5.0;
				TARGETED_DEVICE_FAMILY = "1,2";
				TEST_HOST = "$(BUILT_PRODUCTS_DIR)/lexickon_ios.app/lexickon_ios";
			};
			name = Debug;
		};
		EC4278F922D070E7001218AB /* Release */ = {
			isa = XCBuildConfiguration;
			buildSettings = {
				ALWAYS_EMBED_SWIFT_STANDARD_LIBRARIES = YES;
				BUNDLE_LOADER = "$(TEST_HOST)";
				CODE_SIGN_STYLE = Automatic;
				INFOPLIST_FILE = lexickon_iosTests/Info.plist;
				LD_RUNPATH_SEARCH_PATHS = (
					"$(inherited)",
					"@executable_path/Frameworks",
					"@loader_path/Frameworks",
				);
				PRODUCT_BUNDLE_IDENTIFIER = "sergey.lexickon-iosTests";
				PRODUCT_NAME = "$(TARGET_NAME)";
				SWIFT_VERSION = 5.0;
				TARGETED_DEVICE_FAMILY = "1,2";
				TEST_HOST = "$(BUILT_PRODUCTS_DIR)/lexickon_ios.app/lexickon_ios";
			};
			name = Release;
		};
/* End XCBuildConfiguration section */

/* Begin XCConfigurationList section */
		EC4278D022D070E5001218AB /* Build configuration list for PBXProject "lexickon_ios" */ = {
			isa = XCConfigurationList;
			buildConfigurations = (
				EC4278F222D070E7001218AB /* Debug */,
				EC4278F322D070E7001218AB /* Release */,
			);
			defaultConfigurationIsVisible = 0;
			defaultConfigurationName = Release;
		};
		EC4278F422D070E7001218AB /* Build configuration list for PBXNativeTarget "lexickon_ios" */ = {
			isa = XCConfigurationList;
			buildConfigurations = (
				EC4278F522D070E7001218AB /* Debug */,
				EC4278F622D070E7001218AB /* Release */,
			);
			defaultConfigurationIsVisible = 0;
			defaultConfigurationName = Release;
		};
		EC4278F722D070E7001218AB /* Build configuration list for PBXNativeTarget "lexickon_iosTests" */ = {
			isa = XCConfigurationList;
			buildConfigurations = (
				EC4278F822D070E7001218AB /* Debug */,
				EC4278F922D070E7001218AB /* Release */,
			);
			defaultConfigurationIsVisible = 0;
			defaultConfigurationName = Release;
		};
/* End XCConfigurationList section */

/* Begin XCRemoteSwiftPackageReference section */
		EC1505F422D4C9D6007E2B3B /* XCRemoteSwiftPackageReference "Swinject" */ = {
			isa = XCRemoteSwiftPackageReference;
			repositoryURL = "https://github.com/Swinject/Swinject.git";
			requirement = {
				kind = upToNextMajorVersion;
				minimumVersion = 2.6.2;
			};
		};
		EC3C3858254FED4D008D1D3C /* XCRemoteSwiftPackageReference "RxDataSources" */ = {
			isa = XCRemoteSwiftPackageReference;
			repositoryURL = "https://github.com/RxSwiftCommunity/RxDataSources.git";
			requirement = {
				kind = upToNextMajorVersion;
				minimumVersion = 4.0.1;
			};
		};
		EC3F44482520B510004706DC /* XCRemoteSwiftPackageReference "RxAlamofire" */ = {
			isa = XCRemoteSwiftPackageReference;
			repositoryURL = "https://github.com/RxSwiftCommunity/RxAlamofire";
			requirement = {
				kind = upToNextMajorVersion;
				minimumVersion = 5.6.0;
			};
		};
		EC3F44512520BF26004706DC /* XCRemoteSwiftPackageReference "RxSwift" */ = {
			isa = XCRemoteSwiftPackageReference;
			repositoryURL = "https://github.com/ReactiveX/RxSwift";
			requirement = {
				kind = upToNextMajorVersion;
				minimumVersion = 5.1.1;
			};
		};
		EC407EDD237C3B8400A3FD42 /* XCRemoteSwiftPackageReference "Validator" */ = {
			isa = XCRemoteSwiftPackageReference;
			repositoryURL = "https://github.com/Sergey231/Validator.git";
			requirement = {
				kind = upToNextMajorVersion;
				minimumVersion = 0.0.9;
			};
		};
		EC7330DD2541D9AC000B1EDD /* XCRemoteSwiftPackageReference "SwiftKeychainWrapper" */ = {
			isa = XCRemoteSwiftPackageReference;
			repositoryURL = "https://github.com/jrendel/SwiftKeychainWrapper.git";
			requirement = {
				kind = upToNextMajorVersion;
				minimumVersion = 4.0.1;
			};
		};
		EC7B6FA225861A1500EB1D28 /* XCRemoteSwiftPackageReference "SnapKit" */ = {
			isa = XCRemoteSwiftPackageReference;
			repositoryURL = "https://github.com/SnapKit/SnapKit.git";
			requirement = {
				kind = upToNextMajorVersion;
				minimumVersion = 5.0.1;
			};
		};
		EC873D7323DD6EC400787E51 /* XCRemoteSwiftPackageReference "CombineCocoa" */ = {
			isa = XCRemoteSwiftPackageReference;
			repositoryURL = "https://github.com/CombineCommunity/CombineCocoa.git";
			requirement = {
				kind = upToNextMajorVersion;
				minimumVersion = 0.2.2;
			};
		};
		ECA66A3A23DA01BF00B39E68 /* XCRemoteSwiftPackageReference "PinLayout" */ = {
			isa = XCRemoteSwiftPackageReference;
			repositoryURL = "https://github.com/layoutBox/PinLayout";
			requirement = {
				kind = upToNextMajorVersion;
				minimumVersion = 1.8.13;
			};
		};
		ECAC1D5F255A848D008B0ECC /* XCRemoteSwiftPackageReference "LexickonApi" */ = {
			isa = XCRemoteSwiftPackageReference;
			repositoryURL = "https://github.com/Sergey231/LexickonApi.git";
			requirement = {
				kind = upToNextMajorVersion;
				minimumVersion = 0.5.7;
			};
		};
		ECB66528247FD2F60052C658 /* XCRemoteSwiftPackageReference "JWTDecode.swift" */ = {
			isa = XCRemoteSwiftPackageReference;
			repositoryURL = "https://github.com/auth0/JWTDecode.swift.git";
			requirement = {
				kind = upToNextMajorVersion;
				minimumVersion = 2.4.1;
			};
		};
		ECBEB5052439C0DE0017855E /* XCRemoteSwiftPackageReference "RxFlow" */ = {
			isa = XCRemoteSwiftPackageReference;
			repositoryURL = "https://github.com/RxSwiftCommunity/RxFlow.git";
			requirement = {
				kind = upToNextMajorVersion;
				minimumVersion = 2.11.0;
			};
		};
		ECCB193123F834010069C5A7 /* XCRemoteSwiftPackageReference "RxCombine" */ = {
			isa = XCRemoteSwiftPackageReference;
			repositoryURL = "https://github.com/CombineCommunity/RxCombine.git";
			requirement = {
				kind = upToNextMajorVersion;
				minimumVersion = 1.6.0;
			};
		};
		ECD6DBE7240E6659004B8CDA /* XCRemoteSwiftPackageReference "TimelaneCombine" */ = {
			isa = XCRemoteSwiftPackageReference;
			repositoryURL = "https://github.com/icanzilb/TimelaneCombine";
			requirement = {
				kind = upToNextMajorVersion;
				minimumVersion = 1.0.0;
			};
		};
/* End XCRemoteSwiftPackageReference section */

/* Begin XCSwiftPackageProductDependency section */
		EC1505F522D4C9D6007E2B3B /* Swinject */ = {
			isa = XCSwiftPackageProductDependency;
			package = EC1505F422D4C9D6007E2B3B /* XCRemoteSwiftPackageReference "Swinject" */;
			productName = Swinject;
		};
		EC1F9E2223E3478B0044EF9D /* UIExtensions */ = {
			isa = XCSwiftPackageProductDependency;
			productName = UIExtensions;
		};
		EC31385A2535D4D4007FFCB0 /* RxExtensions */ = {
			isa = XCSwiftPackageProductDependency;
			productName = RxExtensions;
		};
		EC3C3859254FED4D008D1D3C /* RxDataSources */ = {
			isa = XCSwiftPackageProductDependency;
			package = EC3C3858254FED4D008D1D3C /* XCRemoteSwiftPackageReference "RxDataSources" */;
			productName = RxDataSources;
		};
		EC3C385B254FED4D008D1D3C /* Differentiator */ = {
			isa = XCSwiftPackageProductDependency;
			package = EC3C3858254FED4D008D1D3C /* XCRemoteSwiftPackageReference "RxDataSources" */;
			productName = Differentiator;
		};
		EC3F44492520B510004706DC /* RxAlamofire */ = {
			isa = XCSwiftPackageProductDependency;
			package = EC3F44482520B510004706DC /* XCRemoteSwiftPackageReference "RxAlamofire" */;
			productName = RxAlamofire;
		};
		EC3F44522520BF26004706DC /* RxSwift */ = {
			isa = XCSwiftPackageProductDependency;
			package = EC3F44512520BF26004706DC /* XCRemoteSwiftPackageReference "RxSwift" */;
			productName = RxSwift;
		};
		EC3F44542520BF26004706DC /* RxRelay */ = {
			isa = XCSwiftPackageProductDependency;
			package = EC3F44512520BF26004706DC /* XCRemoteSwiftPackageReference "RxSwift" */;
			productName = RxRelay;
		};
		EC3F44562520BF26004706DC /* RxCocoa */ = {
			isa = XCSwiftPackageProductDependency;
			package = EC3F44512520BF26004706DC /* XCRemoteSwiftPackageReference "RxSwift" */;
			productName = RxCocoa;
		};
		EC3F44582520BF26004706DC /* RxBlocking */ = {
			isa = XCSwiftPackageProductDependency;
			package = EC3F44512520BF26004706DC /* XCRemoteSwiftPackageReference "RxSwift" */;
			productName = RxBlocking;
		};
		EC407EDE237C3B8400A3FD42 /* Validator */ = {
			isa = XCSwiftPackageProductDependency;
			package = EC407EDD237C3B8400A3FD42 /* XCRemoteSwiftPackageReference "Validator" */;
			productName = Validator;
		};
		EC7330DE2541D9AC000B1EDD /* SwiftKeychainWrapper */ = {
			isa = XCSwiftPackageProductDependency;
			package = EC7330DD2541D9AC000B1EDD /* XCRemoteSwiftPackageReference "SwiftKeychainWrapper" */;
			productName = SwiftKeychainWrapper;
		};
		EC7B6FA325861A1500EB1D28 /* SnapKit */ = {
			isa = XCSwiftPackageProductDependency;
			package = EC7B6FA225861A1500EB1D28 /* XCRemoteSwiftPackageReference "SnapKit" */;
			productName = SnapKit;
		};
		ECA66A3B23DA01BF00B39E68 /* PinLayout */ = {
			isa = XCSwiftPackageProductDependency;
			package = ECA66A3A23DA01BF00B39E68 /* XCRemoteSwiftPackageReference "PinLayout" */;
			productName = PinLayout;
		};
		ECAC1D60255A848D008B0ECC /* LexickonApi */ = {
			isa = XCSwiftPackageProductDependency;
			package = ECAC1D5F255A848D008B0ECC /* XCRemoteSwiftPackageReference "LexickonApi" */;
			productName = LexickonApi;
		};
		ECAF5062257E663300F021EA /* Utils */ = {
			isa = XCSwiftPackageProductDependency;
			productName = Utils;
		};
		ECAF506A257F53BD00F021EA /* CombineCocoa */ = {
			isa = XCSwiftPackageProductDependency;
			package = EC873D7323DD6EC400787E51 /* XCRemoteSwiftPackageReference "CombineCocoa" */;
			productName = CombineCocoa;
		};
		ECB66529247FD2F60052C658 /* JWTDecode */ = {
			isa = XCSwiftPackageProductDependency;
			package = ECB66528247FD2F60052C658 /* XCRemoteSwiftPackageReference "JWTDecode.swift" */;
			productName = JWTDecode;
		};
		ECBEB5062439C0DE0017855E /* RxFlow */ = {
			isa = XCSwiftPackageProductDependency;
			package = ECBEB5052439C0DE0017855E /* XCRemoteSwiftPackageReference "RxFlow" */;
			productName = RxFlow;
		};
		ECCB193223F834010069C5A7 /* RxCombine */ = {
			isa = XCSwiftPackageProductDependency;
			package = ECCB193123F834010069C5A7 /* XCRemoteSwiftPackageReference "RxCombine" */;
			productName = RxCombine;
		};
		ECD6DBE8240E6659004B8CDA /* TimelaneCombine */ = {
			isa = XCSwiftPackageProductDependency;
			package = ECD6DBE7240E6659004B8CDA /* XCRemoteSwiftPackageReference "TimelaneCombine" */;
			productName = TimelaneCombine;
		};
/* End XCSwiftPackageProductDependency section */
	};
	rootObject = EC4278CD22D070E5001218AB /* Project object */;
}
