{
  "object": {
    "pins": [
      {
        "package": "CombineCocoa",
        "repositoryURL": "https://github.com/CombineCommunity/CombineCocoa.git",
        "state": {
          "branch": null,
          "revision": "c31c85b6f8494247b69997324312dce8bf55b34b",
          "version": "0.1.0"
        }
      },
      {
        "package": "PinLayout",
        "repositoryURL": "https://github.com/layoutBox/PinLayout",
        "state": {
          "branch": null,
          "revision": "930593a02857d25472a1965ce052e6d716b37c58",
          "version": "1.8.13"
        }
      },
      {
        "package": "RxCombine",
        "repositoryURL": "https://github.com/CombineCommunity/RxCombine.git",
        "state": {
          "branch": null,
          "revision": "54c439e3a7cccc2dfd7a609891f7d9a62ed82ce5",
          "version": "1.5.0"
        }
      },
      {
        "package": "RxFlow",
        "repositoryURL": "https://github.com/RxSwiftCommunity/RxFlow.git",
        "state": {
          "branch": null,
          "revision": "16e63a1d10f1e9de2393d4ec984deb5f53a9e8ee",
          "version": "2.7.0"
        }
      },
      {
        "package": "RxSwift",
        "repositoryURL": "https://github.com/ReactiveX/RxSwift.git",
        "state": {
          "branch": null,
          "revision": "002d325b0bdee94e7882e1114af5ff4fe1e96afa",
          "version": "5.1.1"
        }
      },
      {
        "package": "Swinject",
        "repositoryURL": "https://github.com/Swinject/Swinject.git",
        "state": {
          "branch": null,
          "revision": "8a76d2c74bafbb455763487cc6a08e91bad1f78b",
          "version": "2.7.1"
        }
      },
      {
        "package": "TimelaneCombine",
        "repositoryURL": "https://github.com/icanzilb/TimelaneCombine",
        "state": {
          "branch": null,
          "revision": "57b96e813a7e3a0853164ae9950e5f0206eb2e73",
          "version": "1.0.5"
        }
      },
      {
        "package": "TimelaneCore",
        "repositoryURL": "https://github.com/icanzilb/TimelaneCore",
        "state": {
          "branch": null,
          "revision": "042240b3ca82904eed84bb4e54016a795c9386e2",
          "version": "1.0.6"
        }
      },
      {
        "package": "Validator",
        "repositoryURL": "https://github.com/Sergey231/Validator.git",
        "state": {
          "branch": null,
          "revision": "fa4a53510662aab70b2eb2224dec981887561f4f",
          "version": "0.0.8"
        }
      }
    ]
  },
  "version": 1
}
